
Microsoft Visual Studio Solution File, Format Version 11.00
# Visual Studio 2010
Project("{8BC9CEB8-8B4A-11D0-8D11-00A0C91BC942}") = "GodComplex", "GodComplex.vcxproj", "{11EF6AA0-6311-479A-8E60-356233322356}"
EndProject
Global
	GlobalSection(SolutionConfigurationPlatforms) = preSolution
		Debug|Mixed Platforms = Debug|Mixed Platforms
		Debug|Win32 = Debug|Win32
		Debug|x64 = Debug|x64
		Debug|x86 = Debug|x86
		DebugPackedShaders|Mixed Platforms = DebugPackedShaders|Mixed Platforms
		DebugPackedShaders|Win32 = DebugPackedShaders|Win32
		DebugPackedShaders|x64 = DebugPackedShaders|x64
		DebugPackedShaders|x86 = DebugPackedShaders|x86
		Release|Mixed Platforms = Release|Mixed Platforms
		Release|Win32 = Release|Win32
		Release|x64 = Release|x64
		Release|x86 = Release|x86
	EndGlobalSection
	GlobalSection(ProjectConfigurationPlatforms) = postSolution
		{11EF6AA0-6311-479A-8E60-356233322356}.Debug|Mixed Platforms.ActiveCfg = Debug|Win32
		{11EF6AA0-6311-479A-8E60-356233322356}.Debug|Mixed Platforms.Build.0 = Debug|Win32
		{11EF6AA0-6311-479A-8E60-356233322356}.Debug|Win32.ActiveCfg = Debug|Win32
		{11EF6AA0-6311-479A-8E60-356233322356}.Debug|Win32.Build.0 = Debug|Win32
		{11EF6AA0-6311-479A-8E60-356233322356}.Debug|x64.ActiveCfg = Debug|Win32
		{11EF6AA0-6311-479A-8E60-356233322356}.Debug|x86.ActiveCfg = Debug|Win32
		{11EF6AA0-6311-479A-8E60-356233322356}.DebugPackedShaders|Mixed Platforms.ActiveCfg = DebugPackedShaders|Win32
		{11EF6AA0-6311-479A-8E60-356233322356}.DebugPackedShaders|Mixed Platforms.Build.0 = DebugPackedShaders|Win32
		{11EF6AA0-6311-479A-8E60-356233322356}.DebugPackedShaders|Win32.ActiveCfg = DebugPackedShaders|Win32
		{11EF6AA0-6311-479A-8E60-356233322356}.DebugPackedShaders|Win32.Build.0 = DebugPackedShaders|Win32
		{11EF6AA0-6311-479A-8E60-356233322356}.DebugPackedShaders|x64.ActiveCfg = DebugPackedShaders|Win32
		{11EF6AA0-6311-479A-8E60-356233322356}.DebugPackedShaders|x86.ActiveCfg = DebugPackedShaders|Win32
		{11EF6AA0-6311-479A-8E60-356233322356}.Release|Mixed Platforms.ActiveCfg = Release|Win32
		{11EF6AA0-6311-479A-8E60-356233322356}.Release|Mixed Platforms.Build.0 = Release|Win32
		{11EF6AA0-6311-479A-8E60-356233322356}.Release|Win32.ActiveCfg = Release|Win32
		{11EF6AA0-6311-479A-8E60-356233322356}.Release|Win32.Build.0 = Release|Win32
		{11EF6AA0-6311-479A-8E60-356233322356}.Release|x64.ActiveCfg = Release|Win32
		{11EF6AA0-6311-479A-8E60-356233322356}.Release|x86.ActiveCfg = Release|Win32
	EndGlobalSection
	GlobalSection(SolutionProperties) = preSolution
		HideSolutionNode = FALSE
	EndGlobalSection
EndGlobal
