
Microsoft Visual Studio Solution File, Format Version 12.00
# Visual Studio 2012
Project("{8BC9CEB8-8B4A-11D0-8D11-00A0C91BC942}") = "BaseLib", "BaseLib\BaseLib.vcxproj", "{DF55758A-7F37-452D-A01C-201735BF86F2}"
EndProject
Project("{8BC9CEB8-8B4A-11D0-8D11-00A0C91BC942}") = "ImageUtilityLib", "Packages\ImageUtilityLib\ImageUtilityLib.vcxproj", "{2D5BF212-72A6-405A-B30D-3F24D9969E9C}"
EndProject
Project("{2150E333-8FDC-42A3-9474-1A3956D46DE8}") = "Libraries", "Libraries", "{0A023383-5949-4C51-B394-910E29E90974}"
EndProject
Project("{8BC9CEB8-8B4A-11D0-8D11-00A0C91BC942}") = "MathSimple", "Packages\MathSimple\MathSimple.vcxproj", "{CEC07704-2A19-4BF1-B46D-8FCF9C5965EE}"
EndProject
Project("{FAE04EC0-301F-11D3-BF4B-00C04F79EFBC}") = "MathAdvanced", "Packages\SharpMath\MathAdvanced.csproj", "{DD026A89-C5FE-4150-BC85-A660E427826A}"
EndProject
Project("{8BC9CEB8-8B4A-11D0-8D11-00A0C91BC942}") = "ImageUtilityManaged", "Packages\ImageUtilityManaged\ImageUtilityManaged.vcxproj", "{6C974BA3-ECBA-4436-85CB-218EEBB33D53}"
EndProject
Project("{FAE04EC0-301F-11D3-BF4B-00C04F79EFBC}") = "Utility", "Packages\Cirrus.Utility\Utility.csproj", "{9A67863F-D886-41A5-A8D1-04BA1379B097}"
EndProject
Project("{FAE04EC0-301F-11D3-BF4B-00C04F79EFBC}") = "SphericalHarmonicsLibrary", "Packages\SphericalHarmonicsLibrary\SphericalHarmonicsLibrary.csproj", "{E96E2072-C7EF-46BB-A3F1-8CF6B26BF019}"
EndProject
Project("{8BC9CEB8-8B4A-11D0-8D11-00A0C91BC942}") = "RendererManaged", "Packages\RendererManaged\RendererManaged.vcxproj", "{F96CDFD3-8954-4F4F-AFB0-2855D98F051B}"
EndProject
Project("{8BC9CEB8-8B4A-11D0-8D11-00A0C91BC942}") = "RendererLib", "RendererD3D11\RendererLib.vcxproj", "{7523DEED-A096-4B6E-B1D9-EDDA85EE6AA6}"
EndProject
Project("{2150E333-8FDC-42A3-9474-1A3956D46DE8}") = "Experiments", "Experiments", "{F6D3608B-2809-4A0B-BE24-10D2C6280922}"
EndProject
Project("{FAE04EC0-301F-11D3-BF4B-00C04F79EFBC}") = "TestFresnel", "Tests\TestFresnel\TestFresnel.csproj", "{14B9C667-EB92-46CE-A8A6-08CC5D2B2028}"
EndProject
Project("{FAE04EC0-301F-11D3-BF4B-00C04F79EFBC}") = "TestSHIrradiance", "Tests\TestSHIrradiance\TestSHIrradiance.csproj", "{18596921-7FD6-42C5-82C6-8BDB83EBB29C}"
EndProject
Project("{8BC9CEB8-8B4A-11D0-8D11-00A0C91BC942}") = "DirectXTex", "Packages\DirectXTex\DirectXTex\DirectXTex_Desktop_2012.vcxproj", "{371B9FA9-4C90-4AC6-A123-ACED756D6C77}"
EndProject
Project("{FAE04EC0-301F-11D3-BF4B-00C04F79EFBC}") = "TestAreaLight", "Tests\TestAreaLight\TestAreaLight.csproj", "{6E23D3C1-BE35-49BC-9573-CCF89C1C4171}"
EndProject
Project("{FAE04EC0-301F-11D3-BF4B-00C04F79EFBC}") = "MathFFT", "Packages\MathFFT\MathFFT.csproj", "{E23A7535-002F-4DD6-93F4-445B123D75B5}"
EndProject
Project("{8BC9CEB8-8B4A-11D0-8D11-00A0C91BC942}") = "MathSolversLib", "Packages\MathSolvers\MathSolversLib.vcxproj", "{4CEFF180-C07C-4AD5-B9CA-5F90E30391E5}"
EndProject
Project("{FAE04EC0-301F-11D3-BF4B-00C04F79EFBC}") = "TestFilmCurve", "Tests\TestFilmCurve\TestFilmCurve.csproj", "{882F79F3-62E7-4523-B0BA-8FA1144D565B}"
EndProject
Project("{FAE04EC0-301F-11D3-BF4B-00C04F79EFBC}") = "TestVonMisesFisher", "Tests\TestVonMisesFisher\TestVonMisesFisher.csproj", "{9888852C-1E10-4F66-853F-6D5A4EF975F6}"
EndProject
Project("{2150E333-8FDC-42A3-9474-1A3956D46DE8}") = "Rendering", "Rendering", "{8A960D0C-3AB6-41CC-8F28-F256E418FB79}"
EndProject
Project("{FAE04EC0-301F-11D3-BF4B-00C04F79EFBC}") = "TestVoxelConeTracing", "Tests\TestVoxelConeTracing\TestVoxelConeTracing.csproj", "{AA968977-4C07-4BDC-B8D8-1AA1D2292A4D}"
EndProject
Project("{FAE04EC0-301F-11D3-BF4B-00C04F79EFBC}") = "TestConvexHull", "Tests\TestConvexHull\TestConvexHull.csproj", "{47B4C83F-5F15-492C-AA9A-1CC4633C59F8}"
EndProject
Project("{FAE04EC0-301F-11D3-BF4B-00C04F79EFBC}") = "TestMSBSDF", "Tests\TestMSBSDF\TestMSBSDF.csproj", "{F3C06250-122F-465A-868C-16DF0FCA624C}"
EndProject
Project("{FAE04EC0-301F-11D3-BF4B-00C04F79EFBC}") = "TestBoxFitting", "Tests\TestBoxFitting\TestBoxFitting.csproj", "{B75C3965-BE2A-4269-848C-840AA520EAFA}"
EndProject
Project("{2150E333-8FDC-42A3-9474-1A3956D46DE8}") = "CodinGame", "CodinGame", "{D9149787-ECC3-4789-BBD0-ABB83BC1EB60}"
EndProject
Project("{FAE04EC0-301F-11D3-BF4B-00C04F79EFBC}") = "CodinGame", "Tests\CodinGame\CodinGame.csproj", "{72C7AC55-0848-40BF-BC32-519FD5BB39CE}"
EndProject
Project("{FAE04EC0-301F-11D3-BF4B-00C04F79EFBC}") = "TestToksvig", "Tests\TestToksvig\TestToksvig.csproj", "{977DAF1E-2B43-4446-81B5-B622E6BC4735}"
EndProject
Project("{FAE04EC0-301F-11D3-BF4B-00C04F79EFBC}") = "TestPathTracing", "Tests\TestPathTracing\TestPathTracing.csproj", "{A5674657-318F-4B2F-AD48-7CD02EA145B3}"
EndProject
Project("{FAE04EC0-301F-11D3-BF4B-00C04F79EFBC}") = "TestVoxelAutomaton", "Tests\TestVoxelAutomaton\TestVoxelAutomaton.csproj", "{716B33D2-4283-4DB8-A753-EE12A84FC3D0}"
EndProject
Project("{FAE04EC0-301F-11D3-BF4B-00C04F79EFBC}") = "TestPullPush", "Tests\TestPullPush\TestPullPush.csproj", "{5CAEB705-867E-442D-A87F-38445CF0848F}"
EndProject
Project("{FAE04EC0-301F-11D3-BF4B-00C04F79EFBC}") = "TestWaveletATrousFiltering", "Tests\TestWaveletATrousFiltering\TestWaveletATrousFiltering.csproj", "{22E98CCC-4B4F-4791-93D5-2F8B696712E5}"
EndProject
Project("{FAE04EC0-301F-11D3-BF4B-00C04F79EFBC}") = "TestTriangleCurvature", "Tests\TestTriangleCurvature\TestTriangleCurvature.csproj", "{09CF756F-3958-41CB-AA3B-15DF41D71470}"
EndProject
Project("{FAE04EC0-301F-11D3-BF4B-00C04F79EFBC}") = "TestVoxelGI", "Tests\TestVoxelGI\TestVoxelGI.csproj", "{66C92C22-3CC3-4A5F-98C3-D79ECCE98521}"
EndProject
Project("{FAE04EC0-301F-11D3-BF4B-00C04F79EFBC}") = "TestMultiLayersMaterial", "Tests\TestMultiLayersMaterial\TestMultiLayersMaterial.csproj", "{BA6E0555-B573-4B6B-B3F5-5EF04656D010}"
	ProjectSection(ProjectDependencies) = postProject
		{9A67863F-D886-41A5-A8D1-04BA1379B097} = {9A67863F-D886-41A5-A8D1-04BA1379B097}
	EndProjectSection
EndProject
Project("{FAE04EC0-301F-11D3-BF4B-00C04F79EFBC}") = "TestArduinoSerialPacketDecoder", "Tests\TestArduinoSerialPacketDecoder\TestArduinoSerialPacketDecoder.csproj", "{B46F065A-A250-40EB-BFDA-B4CC3230887E}"
EndProject
Global
	GlobalSection(SolutionConfigurationPlatforms) = preSolution
		Debug|Any CPU = Debug|Any CPU
		Debug|Mixed Platforms = Debug|Mixed Platforms
		Debug|Win32 = Debug|Win32
		Debug|x64 = Debug|x64
		Debug|x86 = Debug|x86
		Profile|Any CPU = Profile|Any CPU
		Profile|Mixed Platforms = Profile|Mixed Platforms
		Profile|Win32 = Profile|Win32
		Profile|x64 = Profile|x64
		Profile|x86 = Profile|x86
		Release|Any CPU = Release|Any CPU
		Release|Mixed Platforms = Release|Mixed Platforms
		Release|Win32 = Release|Win32
		Release|x64 = Release|x64
		Release|x86 = Release|x86
	EndGlobalSection
	GlobalSection(ProjectConfigurationPlatforms) = postSolution
		{DF55758A-7F37-452D-A01C-201735BF86F2}.Debug|Any CPU.ActiveCfg = Debug|x64
		{DF55758A-7F37-452D-A01C-201735BF86F2}.Debug|Any CPU.Build.0 = Debug|x64
		{DF55758A-7F37-452D-A01C-201735BF86F2}.Debug|Mixed Platforms.ActiveCfg = Debug|Win32
		{DF55758A-7F37-452D-A01C-201735BF86F2}.Debug|Mixed Platforms.Build.0 = Debug|Win32
		{DF55758A-7F37-452D-A01C-201735BF86F2}.Debug|Win32.ActiveCfg = Debug|Win32
		{DF55758A-7F37-452D-A01C-201735BF86F2}.Debug|Win32.Build.0 = Debug|Win32
		{DF55758A-7F37-452D-A01C-201735BF86F2}.Debug|x64.ActiveCfg = Debug|x64
		{DF55758A-7F37-452D-A01C-201735BF86F2}.Debug|x64.Build.0 = Debug|x64
		{DF55758A-7F37-452D-A01C-201735BF86F2}.Debug|x86.ActiveCfg = Debug|Win32
		{DF55758A-7F37-452D-A01C-201735BF86F2}.Debug|x86.Build.0 = Debug|Win32
		{DF55758A-7F37-452D-A01C-201735BF86F2}.Profile|Any CPU.ActiveCfg = Release|Win32
		{DF55758A-7F37-452D-A01C-201735BF86F2}.Profile|Mixed Platforms.ActiveCfg = Release|Win32
		{DF55758A-7F37-452D-A01C-201735BF86F2}.Profile|Mixed Platforms.Build.0 = Release|Win32
		{DF55758A-7F37-452D-A01C-201735BF86F2}.Profile|Win32.ActiveCfg = Release|Win32
		{DF55758A-7F37-452D-A01C-201735BF86F2}.Profile|Win32.Build.0 = Release|Win32
		{DF55758A-7F37-452D-A01C-201735BF86F2}.Profile|x64.ActiveCfg = Release|x64
		{DF55758A-7F37-452D-A01C-201735BF86F2}.Profile|x64.Build.0 = Release|x64
		{DF55758A-7F37-452D-A01C-201735BF86F2}.Profile|x86.ActiveCfg = Release|Win32
		{DF55758A-7F37-452D-A01C-201735BF86F2}.Profile|x86.Build.0 = Release|Win32
		{DF55758A-7F37-452D-A01C-201735BF86F2}.Release|Any CPU.ActiveCfg = Release|x64
		{DF55758A-7F37-452D-A01C-201735BF86F2}.Release|Any CPU.Build.0 = Release|x64
		{DF55758A-7F37-452D-A01C-201735BF86F2}.Release|Mixed Platforms.ActiveCfg = Release|Win32
		{DF55758A-7F37-452D-A01C-201735BF86F2}.Release|Mixed Platforms.Build.0 = Release|Win32
		{DF55758A-7F37-452D-A01C-201735BF86F2}.Release|Win32.ActiveCfg = Release|Win32
		{DF55758A-7F37-452D-A01C-201735BF86F2}.Release|Win32.Build.0 = Release|Win32
		{DF55758A-7F37-452D-A01C-201735BF86F2}.Release|x64.ActiveCfg = Release|x64
		{DF55758A-7F37-452D-A01C-201735BF86F2}.Release|x64.Build.0 = Release|x64
		{DF55758A-7F37-452D-A01C-201735BF86F2}.Release|x86.ActiveCfg = Release|Win32
		{DF55758A-7F37-452D-A01C-201735BF86F2}.Release|x86.Build.0 = Release|Win32
		{2D5BF212-72A6-405A-B30D-3F24D9969E9C}.Debug|Any CPU.ActiveCfg = Debug|x64
		{2D5BF212-72A6-405A-B30D-3F24D9969E9C}.Debug|Any CPU.Build.0 = Debug|x64
		{2D5BF212-72A6-405A-B30D-3F24D9969E9C}.Debug|Mixed Platforms.ActiveCfg = Debug|Win32
		{2D5BF212-72A6-405A-B30D-3F24D9969E9C}.Debug|Mixed Platforms.Build.0 = Debug|Win32
		{2D5BF212-72A6-405A-B30D-3F24D9969E9C}.Debug|Win32.ActiveCfg = Debug|Win32
		{2D5BF212-72A6-405A-B30D-3F24D9969E9C}.Debug|Win32.Build.0 = Debug|Win32
		{2D5BF212-72A6-405A-B30D-3F24D9969E9C}.Debug|x64.ActiveCfg = Debug|x64
		{2D5BF212-72A6-405A-B30D-3F24D9969E9C}.Debug|x64.Build.0 = Debug|x64
		{2D5BF212-72A6-405A-B30D-3F24D9969E9C}.Debug|x86.ActiveCfg = Debug|Win32
		{2D5BF212-72A6-405A-B30D-3F24D9969E9C}.Debug|x86.Build.0 = Debug|Win32
		{2D5BF212-72A6-405A-B30D-3F24D9969E9C}.Profile|Any CPU.ActiveCfg = Release|Win32
		{2D5BF212-72A6-405A-B30D-3F24D9969E9C}.Profile|Mixed Platforms.ActiveCfg = Release|Win32
		{2D5BF212-72A6-405A-B30D-3F24D9969E9C}.Profile|Mixed Platforms.Build.0 = Release|Win32
		{2D5BF212-72A6-405A-B30D-3F24D9969E9C}.Profile|Win32.ActiveCfg = Release|Win32
		{2D5BF212-72A6-405A-B30D-3F24D9969E9C}.Profile|Win32.Build.0 = Release|Win32
		{2D5BF212-72A6-405A-B30D-3F24D9969E9C}.Profile|x64.ActiveCfg = Release|x64
		{2D5BF212-72A6-405A-B30D-3F24D9969E9C}.Profile|x64.Build.0 = Release|x64
		{2D5BF212-72A6-405A-B30D-3F24D9969E9C}.Profile|x86.ActiveCfg = Release|Win32
		{2D5BF212-72A6-405A-B30D-3F24D9969E9C}.Profile|x86.Build.0 = Release|Win32
		{2D5BF212-72A6-405A-B30D-3F24D9969E9C}.Release|Any CPU.ActiveCfg = Release|x64
		{2D5BF212-72A6-405A-B30D-3F24D9969E9C}.Release|Any CPU.Build.0 = Release|x64
		{2D5BF212-72A6-405A-B30D-3F24D9969E9C}.Release|Mixed Platforms.ActiveCfg = Release|Win32
		{2D5BF212-72A6-405A-B30D-3F24D9969E9C}.Release|Mixed Platforms.Build.0 = Release|Win32
		{2D5BF212-72A6-405A-B30D-3F24D9969E9C}.Release|Win32.ActiveCfg = Release|Win32
		{2D5BF212-72A6-405A-B30D-3F24D9969E9C}.Release|Win32.Build.0 = Release|Win32
		{2D5BF212-72A6-405A-B30D-3F24D9969E9C}.Release|x64.ActiveCfg = Release|x64
		{2D5BF212-72A6-405A-B30D-3F24D9969E9C}.Release|x64.Build.0 = Release|x64
		{2D5BF212-72A6-405A-B30D-3F24D9969E9C}.Release|x86.ActiveCfg = Release|Win32
		{2D5BF212-72A6-405A-B30D-3F24D9969E9C}.Release|x86.Build.0 = Release|Win32
		{CEC07704-2A19-4BF1-B46D-8FCF9C5965EE}.Debug|Any CPU.ActiveCfg = Debug|x64
		{CEC07704-2A19-4BF1-B46D-8FCF9C5965EE}.Debug|Any CPU.Build.0 = Debug|x64
		{CEC07704-2A19-4BF1-B46D-8FCF9C5965EE}.Debug|Mixed Platforms.ActiveCfg = Debug|Win32
		{CEC07704-2A19-4BF1-B46D-8FCF9C5965EE}.Debug|Mixed Platforms.Build.0 = Debug|Win32
		{CEC07704-2A19-4BF1-B46D-8FCF9C5965EE}.Debug|Win32.ActiveCfg = Debug|Win32
		{CEC07704-2A19-4BF1-B46D-8FCF9C5965EE}.Debug|Win32.Build.0 = Debug|Win32
		{CEC07704-2A19-4BF1-B46D-8FCF9C5965EE}.Debug|x64.ActiveCfg = Debug|x64
		{CEC07704-2A19-4BF1-B46D-8FCF9C5965EE}.Debug|x64.Build.0 = Debug|x64
		{CEC07704-2A19-4BF1-B46D-8FCF9C5965EE}.Debug|x86.ActiveCfg = Debug|Win32
		{CEC07704-2A19-4BF1-B46D-8FCF9C5965EE}.Debug|x86.Build.0 = Debug|Win32
		{CEC07704-2A19-4BF1-B46D-8FCF9C5965EE}.Profile|Any CPU.ActiveCfg = Release|Win32
		{CEC07704-2A19-4BF1-B46D-8FCF9C5965EE}.Profile|Mixed Platforms.ActiveCfg = Release|Win32
		{CEC07704-2A19-4BF1-B46D-8FCF9C5965EE}.Profile|Mixed Platforms.Build.0 = Release|Win32
		{CEC07704-2A19-4BF1-B46D-8FCF9C5965EE}.Profile|Win32.ActiveCfg = Release|Win32
		{CEC07704-2A19-4BF1-B46D-8FCF9C5965EE}.Profile|Win32.Build.0 = Release|Win32
		{CEC07704-2A19-4BF1-B46D-8FCF9C5965EE}.Profile|x64.ActiveCfg = Release|x64
		{CEC07704-2A19-4BF1-B46D-8FCF9C5965EE}.Profile|x64.Build.0 = Release|x64
		{CEC07704-2A19-4BF1-B46D-8FCF9C5965EE}.Profile|x86.ActiveCfg = Release|Win32
		{CEC07704-2A19-4BF1-B46D-8FCF9C5965EE}.Profile|x86.Build.0 = Release|Win32
		{CEC07704-2A19-4BF1-B46D-8FCF9C5965EE}.Release|Any CPU.ActiveCfg = Release|x64
		{CEC07704-2A19-4BF1-B46D-8FCF9C5965EE}.Release|Any CPU.Build.0 = Release|x64
		{CEC07704-2A19-4BF1-B46D-8FCF9C5965EE}.Release|Mixed Platforms.ActiveCfg = Release|Win32
		{CEC07704-2A19-4BF1-B46D-8FCF9C5965EE}.Release|Mixed Platforms.Build.0 = Release|Win32
		{CEC07704-2A19-4BF1-B46D-8FCF9C5965EE}.Release|Win32.ActiveCfg = Release|Win32
		{CEC07704-2A19-4BF1-B46D-8FCF9C5965EE}.Release|Win32.Build.0 = Release|Win32
		{CEC07704-2A19-4BF1-B46D-8FCF9C5965EE}.Release|x64.ActiveCfg = Release|x64
		{CEC07704-2A19-4BF1-B46D-8FCF9C5965EE}.Release|x64.Build.0 = Release|x64
		{CEC07704-2A19-4BF1-B46D-8FCF9C5965EE}.Release|x86.ActiveCfg = Release|Win32
		{CEC07704-2A19-4BF1-B46D-8FCF9C5965EE}.Release|x86.Build.0 = Release|Win32
		{DD026A89-C5FE-4150-BC85-A660E427826A}.Debug|Any CPU.ActiveCfg = Debug|Any CPU
		{DD026A89-C5FE-4150-BC85-A660E427826A}.Debug|Any CPU.Build.0 = Debug|Any CPU
		{DD026A89-C5FE-4150-BC85-A660E427826A}.Debug|Mixed Platforms.ActiveCfg = Debug|Any CPU
		{DD026A89-C5FE-4150-BC85-A660E427826A}.Debug|Mixed Platforms.Build.0 = Debug|Any CPU
		{DD026A89-C5FE-4150-BC85-A660E427826A}.Debug|Win32.ActiveCfg = Debug|x86
		{DD026A89-C5FE-4150-BC85-A660E427826A}.Debug|Win32.Build.0 = Debug|x86
		{DD026A89-C5FE-4150-BC85-A660E427826A}.Debug|x64.ActiveCfg = Debug|x64
		{DD026A89-C5FE-4150-BC85-A660E427826A}.Debug|x64.Build.0 = Debug|x64
		{DD026A89-C5FE-4150-BC85-A660E427826A}.Debug|x86.ActiveCfg = Debug|x86
		{DD026A89-C5FE-4150-BC85-A660E427826A}.Debug|x86.Build.0 = Debug|x86
		{DD026A89-C5FE-4150-BC85-A660E427826A}.Profile|Any CPU.ActiveCfg = Release|Any CPU
		{DD026A89-C5FE-4150-BC85-A660E427826A}.Profile|Any CPU.Build.0 = Release|Any CPU
		{DD026A89-C5FE-4150-BC85-A660E427826A}.Profile|Mixed Platforms.ActiveCfg = Release|x86
		{DD026A89-C5FE-4150-BC85-A660E427826A}.Profile|Mixed Platforms.Build.0 = Release|x86
		{DD026A89-C5FE-4150-BC85-A660E427826A}.Profile|Win32.ActiveCfg = Release|x86
		{DD026A89-C5FE-4150-BC85-A660E427826A}.Profile|Win32.Build.0 = Release|x86
		{DD026A89-C5FE-4150-BC85-A660E427826A}.Profile|x64.ActiveCfg = Release|x64
		{DD026A89-C5FE-4150-BC85-A660E427826A}.Profile|x64.Build.0 = Release|x64
		{DD026A89-C5FE-4150-BC85-A660E427826A}.Profile|x86.ActiveCfg = Release|x86
		{DD026A89-C5FE-4150-BC85-A660E427826A}.Profile|x86.Build.0 = Release|x86
		{DD026A89-C5FE-4150-BC85-A660E427826A}.Release|Any CPU.ActiveCfg = Release|Any CPU
		{DD026A89-C5FE-4150-BC85-A660E427826A}.Release|Any CPU.Build.0 = Release|Any CPU
		{DD026A89-C5FE-4150-BC85-A660E427826A}.Release|Mixed Platforms.ActiveCfg = Release|x86
		{DD026A89-C5FE-4150-BC85-A660E427826A}.Release|Mixed Platforms.Build.0 = Release|x86
		{DD026A89-C5FE-4150-BC85-A660E427826A}.Release|Win32.ActiveCfg = Release|x86
		{DD026A89-C5FE-4150-BC85-A660E427826A}.Release|Win32.Build.0 = Release|x86
		{DD026A89-C5FE-4150-BC85-A660E427826A}.Release|x64.ActiveCfg = Release|x64
		{DD026A89-C5FE-4150-BC85-A660E427826A}.Release|x64.Build.0 = Release|x64
		{DD026A89-C5FE-4150-BC85-A660E427826A}.Release|x86.ActiveCfg = Release|x86
		{DD026A89-C5FE-4150-BC85-A660E427826A}.Release|x86.Build.0 = Release|x86
		{6C974BA3-ECBA-4436-85CB-218EEBB33D53}.Debug|Any CPU.ActiveCfg = Debug|x64
		{6C974BA3-ECBA-4436-85CB-218EEBB33D53}.Debug|Any CPU.Build.0 = Debug|x64
		{6C974BA3-ECBA-4436-85CB-218EEBB33D53}.Debug|Mixed Platforms.ActiveCfg = Debug|Win32
		{6C974BA3-ECBA-4436-85CB-218EEBB33D53}.Debug|Mixed Platforms.Build.0 = Debug|Win32
		{6C974BA3-ECBA-4436-85CB-218EEBB33D53}.Debug|Win32.ActiveCfg = Debug|Win32
		{6C974BA3-ECBA-4436-85CB-218EEBB33D53}.Debug|Win32.Build.0 = Debug|Win32
		{6C974BA3-ECBA-4436-85CB-218EEBB33D53}.Debug|x64.ActiveCfg = Debug|x64
		{6C974BA3-ECBA-4436-85CB-218EEBB33D53}.Debug|x64.Build.0 = Debug|x64
		{6C974BA3-ECBA-4436-85CB-218EEBB33D53}.Debug|x86.ActiveCfg = Debug|Win32
		{6C974BA3-ECBA-4436-85CB-218EEBB33D53}.Debug|x86.Build.0 = Debug|Win32
		{6C974BA3-ECBA-4436-85CB-218EEBB33D53}.Profile|Any CPU.ActiveCfg = Release|Win32
		{6C974BA3-ECBA-4436-85CB-218EEBB33D53}.Profile|Mixed Platforms.ActiveCfg = Release|Win32
		{6C974BA3-ECBA-4436-85CB-218EEBB33D53}.Profile|Mixed Platforms.Build.0 = Release|Win32
		{6C974BA3-ECBA-4436-85CB-218EEBB33D53}.Profile|Win32.ActiveCfg = Release|Win32
		{6C974BA3-ECBA-4436-85CB-218EEBB33D53}.Profile|Win32.Build.0 = Release|Win32
		{6C974BA3-ECBA-4436-85CB-218EEBB33D53}.Profile|x64.ActiveCfg = Release|x64
		{6C974BA3-ECBA-4436-85CB-218EEBB33D53}.Profile|x64.Build.0 = Release|x64
		{6C974BA3-ECBA-4436-85CB-218EEBB33D53}.Profile|x86.ActiveCfg = Release|Win32
		{6C974BA3-ECBA-4436-85CB-218EEBB33D53}.Profile|x86.Build.0 = Release|Win32
		{6C974BA3-ECBA-4436-85CB-218EEBB33D53}.Release|Any CPU.ActiveCfg = Release|x64
		{6C974BA3-ECBA-4436-85CB-218EEBB33D53}.Release|Any CPU.Build.0 = Release|x64
		{6C974BA3-ECBA-4436-85CB-218EEBB33D53}.Release|Mixed Platforms.ActiveCfg = Release|Win32
		{6C974BA3-ECBA-4436-85CB-218EEBB33D53}.Release|Mixed Platforms.Build.0 = Release|Win32
		{6C974BA3-ECBA-4436-85CB-218EEBB33D53}.Release|Win32.ActiveCfg = Release|Win32
		{6C974BA3-ECBA-4436-85CB-218EEBB33D53}.Release|Win32.Build.0 = Release|Win32
		{6C974BA3-ECBA-4436-85CB-218EEBB33D53}.Release|x64.ActiveCfg = Release|x64
		{6C974BA3-ECBA-4436-85CB-218EEBB33D53}.Release|x64.Build.0 = Release|x64
		{6C974BA3-ECBA-4436-85CB-218EEBB33D53}.Release|x86.ActiveCfg = Release|Win32
		{6C974BA3-ECBA-4436-85CB-218EEBB33D53}.Release|x86.Build.0 = Release|Win32
		{9A67863F-D886-41A5-A8D1-04BA1379B097}.Debug|Any CPU.ActiveCfg = Debug|Any CPU
		{9A67863F-D886-41A5-A8D1-04BA1379B097}.Debug|Any CPU.Build.0 = Debug|Any CPU
		{9A67863F-D886-41A5-A8D1-04BA1379B097}.Debug|Mixed Platforms.ActiveCfg = Debug|Any CPU
		{9A67863F-D886-41A5-A8D1-04BA1379B097}.Debug|Mixed Platforms.Build.0 = Debug|Any CPU
		{9A67863F-D886-41A5-A8D1-04BA1379B097}.Debug|Win32.ActiveCfg = Debug|x86
		{9A67863F-D886-41A5-A8D1-04BA1379B097}.Debug|Win32.Build.0 = Debug|x86
		{9A67863F-D886-41A5-A8D1-04BA1379B097}.Debug|x64.ActiveCfg = Debug|x64
		{9A67863F-D886-41A5-A8D1-04BA1379B097}.Debug|x64.Build.0 = Debug|x64
		{9A67863F-D886-41A5-A8D1-04BA1379B097}.Debug|x86.ActiveCfg = Debug|x86
		{9A67863F-D886-41A5-A8D1-04BA1379B097}.Debug|x86.Build.0 = Debug|x86
		{9A67863F-D886-41A5-A8D1-04BA1379B097}.Profile|Any CPU.ActiveCfg = Release|Any CPU
		{9A67863F-D886-41A5-A8D1-04BA1379B097}.Profile|Any CPU.Build.0 = Release|Any CPU
		{9A67863F-D886-41A5-A8D1-04BA1379B097}.Profile|Mixed Platforms.ActiveCfg = Release|x86
		{9A67863F-D886-41A5-A8D1-04BA1379B097}.Profile|Mixed Platforms.Build.0 = Release|x86
		{9A67863F-D886-41A5-A8D1-04BA1379B097}.Profile|Win32.ActiveCfg = Release|x86
		{9A67863F-D886-41A5-A8D1-04BA1379B097}.Profile|Win32.Build.0 = Release|x86
		{9A67863F-D886-41A5-A8D1-04BA1379B097}.Profile|x64.ActiveCfg = Release|x64
		{9A67863F-D886-41A5-A8D1-04BA1379B097}.Profile|x64.Build.0 = Release|x64
		{9A67863F-D886-41A5-A8D1-04BA1379B097}.Profile|x86.ActiveCfg = Release|x86
		{9A67863F-D886-41A5-A8D1-04BA1379B097}.Profile|x86.Build.0 = Release|x86
		{9A67863F-D886-41A5-A8D1-04BA1379B097}.Release|Any CPU.ActiveCfg = Release|Any CPU
		{9A67863F-D886-41A5-A8D1-04BA1379B097}.Release|Any CPU.Build.0 = Release|Any CPU
		{9A67863F-D886-41A5-A8D1-04BA1379B097}.Release|Mixed Platforms.ActiveCfg = Release|x86
		{9A67863F-D886-41A5-A8D1-04BA1379B097}.Release|Mixed Platforms.Build.0 = Release|x86
		{9A67863F-D886-41A5-A8D1-04BA1379B097}.Release|Win32.ActiveCfg = Release|x86
		{9A67863F-D886-41A5-A8D1-04BA1379B097}.Release|Win32.Build.0 = Release|x86
		{9A67863F-D886-41A5-A8D1-04BA1379B097}.Release|x64.ActiveCfg = Release|x64
		{9A67863F-D886-41A5-A8D1-04BA1379B097}.Release|x64.Build.0 = Release|x64
		{9A67863F-D886-41A5-A8D1-04BA1379B097}.Release|x86.ActiveCfg = Release|x86
		{9A67863F-D886-41A5-A8D1-04BA1379B097}.Release|x86.Build.0 = Release|x86
		{E96E2072-C7EF-46BB-A3F1-8CF6B26BF019}.Debug|Any CPU.ActiveCfg = Debug|Any CPU
		{E96E2072-C7EF-46BB-A3F1-8CF6B26BF019}.Debug|Any CPU.Build.0 = Debug|Any CPU
		{E96E2072-C7EF-46BB-A3F1-8CF6B26BF019}.Debug|Mixed Platforms.ActiveCfg = Debug|Any CPU
		{E96E2072-C7EF-46BB-A3F1-8CF6B26BF019}.Debug|Mixed Platforms.Build.0 = Debug|Any CPU
		{E96E2072-C7EF-46BB-A3F1-8CF6B26BF019}.Debug|Win32.ActiveCfg = Debug|x86
		{E96E2072-C7EF-46BB-A3F1-8CF6B26BF019}.Debug|Win32.Build.0 = Debug|x86
		{E96E2072-C7EF-46BB-A3F1-8CF6B26BF019}.Debug|x64.ActiveCfg = Debug|x64
		{E96E2072-C7EF-46BB-A3F1-8CF6B26BF019}.Debug|x64.Build.0 = Debug|x64
		{E96E2072-C7EF-46BB-A3F1-8CF6B26BF019}.Debug|x86.ActiveCfg = Debug|x86
		{E96E2072-C7EF-46BB-A3F1-8CF6B26BF019}.Debug|x86.Build.0 = Debug|x86
		{E96E2072-C7EF-46BB-A3F1-8CF6B26BF019}.Profile|Any CPU.ActiveCfg = Release|Any CPU
		{E96E2072-C7EF-46BB-A3F1-8CF6B26BF019}.Profile|Any CPU.Build.0 = Release|Any CPU
		{E96E2072-C7EF-46BB-A3F1-8CF6B26BF019}.Profile|Mixed Platforms.ActiveCfg = Release|x86
		{E96E2072-C7EF-46BB-A3F1-8CF6B26BF019}.Profile|Mixed Platforms.Build.0 = Release|x86
		{E96E2072-C7EF-46BB-A3F1-8CF6B26BF019}.Profile|Win32.ActiveCfg = Release|x86
		{E96E2072-C7EF-46BB-A3F1-8CF6B26BF019}.Profile|Win32.Build.0 = Release|x86
		{E96E2072-C7EF-46BB-A3F1-8CF6B26BF019}.Profile|x64.ActiveCfg = Release|x64
		{E96E2072-C7EF-46BB-A3F1-8CF6B26BF019}.Profile|x64.Build.0 = Release|x64
		{E96E2072-C7EF-46BB-A3F1-8CF6B26BF019}.Profile|x86.ActiveCfg = Release|x86
		{E96E2072-C7EF-46BB-A3F1-8CF6B26BF019}.Profile|x86.Build.0 = Release|x86
		{E96E2072-C7EF-46BB-A3F1-8CF6B26BF019}.Release|Any CPU.ActiveCfg = Release|Any CPU
		{E96E2072-C7EF-46BB-A3F1-8CF6B26BF019}.Release|Any CPU.Build.0 = Release|Any CPU
		{E96E2072-C7EF-46BB-A3F1-8CF6B26BF019}.Release|Mixed Platforms.ActiveCfg = Release|x86
		{E96E2072-C7EF-46BB-A3F1-8CF6B26BF019}.Release|Mixed Platforms.Build.0 = Release|x86
		{E96E2072-C7EF-46BB-A3F1-8CF6B26BF019}.Release|Win32.ActiveCfg = Release|x86
		{E96E2072-C7EF-46BB-A3F1-8CF6B26BF019}.Release|Win32.Build.0 = Release|x86
		{E96E2072-C7EF-46BB-A3F1-8CF6B26BF019}.Release|x64.ActiveCfg = Release|x64
		{E96E2072-C7EF-46BB-A3F1-8CF6B26BF019}.Release|x64.Build.0 = Release|x64
		{E96E2072-C7EF-46BB-A3F1-8CF6B26BF019}.Release|x86.ActiveCfg = Release|x86
		{E96E2072-C7EF-46BB-A3F1-8CF6B26BF019}.Release|x86.Build.0 = Release|x86
		{F96CDFD3-8954-4F4F-AFB0-2855D98F051B}.Debug|Any CPU.ActiveCfg = Debug|x64
		{F96CDFD3-8954-4F4F-AFB0-2855D98F051B}.Debug|Any CPU.Build.0 = Debug|x64
		{F96CDFD3-8954-4F4F-AFB0-2855D98F051B}.Debug|Mixed Platforms.ActiveCfg = Debug|Win32
		{F96CDFD3-8954-4F4F-AFB0-2855D98F051B}.Debug|Mixed Platforms.Build.0 = Debug|Win32
		{F96CDFD3-8954-4F4F-AFB0-2855D98F051B}.Debug|Win32.ActiveCfg = Debug|Win32
		{F96CDFD3-8954-4F4F-AFB0-2855D98F051B}.Debug|Win32.Build.0 = Debug|Win32
		{F96CDFD3-8954-4F4F-AFB0-2855D98F051B}.Debug|x64.ActiveCfg = Debug|x64
		{F96CDFD3-8954-4F4F-AFB0-2855D98F051B}.Debug|x64.Build.0 = Debug|x64
		{F96CDFD3-8954-4F4F-AFB0-2855D98F051B}.Debug|x86.ActiveCfg = Debug|Win32
		{F96CDFD3-8954-4F4F-AFB0-2855D98F051B}.Debug|x86.Build.0 = Debug|Win32
		{F96CDFD3-8954-4F4F-AFB0-2855D98F051B}.Profile|Any CPU.ActiveCfg = Release|Win32
		{F96CDFD3-8954-4F4F-AFB0-2855D98F051B}.Profile|Mixed Platforms.ActiveCfg = Release|Win32
		{F96CDFD3-8954-4F4F-AFB0-2855D98F051B}.Profile|Mixed Platforms.Build.0 = Release|Win32
		{F96CDFD3-8954-4F4F-AFB0-2855D98F051B}.Profile|Win32.ActiveCfg = Release|Win32
		{F96CDFD3-8954-4F4F-AFB0-2855D98F051B}.Profile|Win32.Build.0 = Release|Win32
		{F96CDFD3-8954-4F4F-AFB0-2855D98F051B}.Profile|x64.ActiveCfg = Release|x64
		{F96CDFD3-8954-4F4F-AFB0-2855D98F051B}.Profile|x64.Build.0 = Release|x64
		{F96CDFD3-8954-4F4F-AFB0-2855D98F051B}.Profile|x86.ActiveCfg = Release|Win32
		{F96CDFD3-8954-4F4F-AFB0-2855D98F051B}.Profile|x86.Build.0 = Release|Win32
		{F96CDFD3-8954-4F4F-AFB0-2855D98F051B}.Release|Any CPU.ActiveCfg = Release|x64
		{F96CDFD3-8954-4F4F-AFB0-2855D98F051B}.Release|Any CPU.Build.0 = Release|x64
		{F96CDFD3-8954-4F4F-AFB0-2855D98F051B}.Release|Mixed Platforms.ActiveCfg = Release|Win32
		{F96CDFD3-8954-4F4F-AFB0-2855D98F051B}.Release|Mixed Platforms.Build.0 = Release|Win32
		{F96CDFD3-8954-4F4F-AFB0-2855D98F051B}.Release|Win32.ActiveCfg = Release|Win32
		{F96CDFD3-8954-4F4F-AFB0-2855D98F051B}.Release|Win32.Build.0 = Release|Win32
		{F96CDFD3-8954-4F4F-AFB0-2855D98F051B}.Release|x64.ActiveCfg = Release|x64
		{F96CDFD3-8954-4F4F-AFB0-2855D98F051B}.Release|x64.Build.0 = Release|x64
		{F96CDFD3-8954-4F4F-AFB0-2855D98F051B}.Release|x86.ActiveCfg = Release|Win32
		{F96CDFD3-8954-4F4F-AFB0-2855D98F051B}.Release|x86.Build.0 = Release|Win32
		{7523DEED-A096-4B6E-B1D9-EDDA85EE6AA6}.Debug|Any CPU.ActiveCfg = Debug|x64
		{7523DEED-A096-4B6E-B1D9-EDDA85EE6AA6}.Debug|Any CPU.Build.0 = Debug|x64
		{7523DEED-A096-4B6E-B1D9-EDDA85EE6AA6}.Debug|Mixed Platforms.ActiveCfg = Debug|Win32
		{7523DEED-A096-4B6E-B1D9-EDDA85EE6AA6}.Debug|Mixed Platforms.Build.0 = Debug|Win32
		{7523DEED-A096-4B6E-B1D9-EDDA85EE6AA6}.Debug|Win32.ActiveCfg = Debug|Win32
		{7523DEED-A096-4B6E-B1D9-EDDA85EE6AA6}.Debug|Win32.Build.0 = Debug|Win32
		{7523DEED-A096-4B6E-B1D9-EDDA85EE6AA6}.Debug|x64.ActiveCfg = Debug|x64
		{7523DEED-A096-4B6E-B1D9-EDDA85EE6AA6}.Debug|x64.Build.0 = Debug|x64
		{7523DEED-A096-4B6E-B1D9-EDDA85EE6AA6}.Debug|x86.ActiveCfg = Debug|Win32
		{7523DEED-A096-4B6E-B1D9-EDDA85EE6AA6}.Debug|x86.Build.0 = Debug|Win32
		{7523DEED-A096-4B6E-B1D9-EDDA85EE6AA6}.Profile|Any CPU.ActiveCfg = Release|Win32
		{7523DEED-A096-4B6E-B1D9-EDDA85EE6AA6}.Profile|Mixed Platforms.ActiveCfg = Release|Win32
		{7523DEED-A096-4B6E-B1D9-EDDA85EE6AA6}.Profile|Mixed Platforms.Build.0 = Release|Win32
		{7523DEED-A096-4B6E-B1D9-EDDA85EE6AA6}.Profile|Win32.ActiveCfg = Release|Win32
		{7523DEED-A096-4B6E-B1D9-EDDA85EE6AA6}.Profile|Win32.Build.0 = Release|Win32
		{7523DEED-A096-4B6E-B1D9-EDDA85EE6AA6}.Profile|x64.ActiveCfg = Release|x64
		{7523DEED-A096-4B6E-B1D9-EDDA85EE6AA6}.Profile|x64.Build.0 = Release|x64
		{7523DEED-A096-4B6E-B1D9-EDDA85EE6AA6}.Profile|x86.ActiveCfg = Release|Win32
		{7523DEED-A096-4B6E-B1D9-EDDA85EE6AA6}.Profile|x86.Build.0 = Release|Win32
		{7523DEED-A096-4B6E-B1D9-EDDA85EE6AA6}.Release|Any CPU.ActiveCfg = Release|x64
		{7523DEED-A096-4B6E-B1D9-EDDA85EE6AA6}.Release|Any CPU.Build.0 = Release|x64
		{7523DEED-A096-4B6E-B1D9-EDDA85EE6AA6}.Release|Mixed Platforms.ActiveCfg = Release|Win32
		{7523DEED-A096-4B6E-B1D9-EDDA85EE6AA6}.Release|Mixed Platforms.Build.0 = Release|Win32
		{7523DEED-A096-4B6E-B1D9-EDDA85EE6AA6}.Release|Win32.ActiveCfg = Release|Win32
		{7523DEED-A096-4B6E-B1D9-EDDA85EE6AA6}.Release|Win32.Build.0 = Release|Win32
		{7523DEED-A096-4B6E-B1D9-EDDA85EE6AA6}.Release|x64.ActiveCfg = Release|x64
		{7523DEED-A096-4B6E-B1D9-EDDA85EE6AA6}.Release|x64.Build.0 = Release|x64
		{7523DEED-A096-4B6E-B1D9-EDDA85EE6AA6}.Release|x86.ActiveCfg = Release|Win32
		{7523DEED-A096-4B6E-B1D9-EDDA85EE6AA6}.Release|x86.Build.0 = Release|Win32
		{14B9C667-EB92-46CE-A8A6-08CC5D2B2028}.Debug|Any CPU.ActiveCfg = Debug|Any CPU
		{14B9C667-EB92-46CE-A8A6-08CC5D2B2028}.Debug|Any CPU.Build.0 = Debug|Any CPU
		{14B9C667-EB92-46CE-A8A6-08CC5D2B2028}.Debug|Mixed Platforms.ActiveCfg = Debug|x86
		{14B9C667-EB92-46CE-A8A6-08CC5D2B2028}.Debug|Mixed Platforms.Build.0 = Debug|x86
		{14B9C667-EB92-46CE-A8A6-08CC5D2B2028}.Debug|Win32.ActiveCfg = Debug|x86
		{14B9C667-EB92-46CE-A8A6-08CC5D2B2028}.Debug|Win32.Build.0 = Debug|x86
		{14B9C667-EB92-46CE-A8A6-08CC5D2B2028}.Debug|x64.ActiveCfg = Debug|x64
		{14B9C667-EB92-46CE-A8A6-08CC5D2B2028}.Debug|x64.Build.0 = Debug|x64
		{14B9C667-EB92-46CE-A8A6-08CC5D2B2028}.Debug|x86.ActiveCfg = Debug|x86
		{14B9C667-EB92-46CE-A8A6-08CC5D2B2028}.Debug|x86.Build.0 = Debug|x86
		{14B9C667-EB92-46CE-A8A6-08CC5D2B2028}.Profile|Any CPU.ActiveCfg = Release|Any CPU
		{14B9C667-EB92-46CE-A8A6-08CC5D2B2028}.Profile|Any CPU.Build.0 = Release|Any CPU
		{14B9C667-EB92-46CE-A8A6-08CC5D2B2028}.Profile|Mixed Platforms.ActiveCfg = Release|x86
		{14B9C667-EB92-46CE-A8A6-08CC5D2B2028}.Profile|Mixed Platforms.Build.0 = Release|x86
		{14B9C667-EB92-46CE-A8A6-08CC5D2B2028}.Profile|Win32.ActiveCfg = Release|x86
		{14B9C667-EB92-46CE-A8A6-08CC5D2B2028}.Profile|Win32.Build.0 = Release|x86
		{14B9C667-EB92-46CE-A8A6-08CC5D2B2028}.Profile|x64.ActiveCfg = Release|x64
		{14B9C667-EB92-46CE-A8A6-08CC5D2B2028}.Profile|x64.Build.0 = Release|x64
		{14B9C667-EB92-46CE-A8A6-08CC5D2B2028}.Profile|x86.ActiveCfg = Release|x86
		{14B9C667-EB92-46CE-A8A6-08CC5D2B2028}.Profile|x86.Build.0 = Release|x86
		{14B9C667-EB92-46CE-A8A6-08CC5D2B2028}.Release|Any CPU.ActiveCfg = Release|Any CPU
		{14B9C667-EB92-46CE-A8A6-08CC5D2B2028}.Release|Any CPU.Build.0 = Release|Any CPU
		{14B9C667-EB92-46CE-A8A6-08CC5D2B2028}.Release|Mixed Platforms.ActiveCfg = Release|x86
		{14B9C667-EB92-46CE-A8A6-08CC5D2B2028}.Release|Mixed Platforms.Build.0 = Release|x86
		{14B9C667-EB92-46CE-A8A6-08CC5D2B2028}.Release|Win32.ActiveCfg = Release|x86
		{14B9C667-EB92-46CE-A8A6-08CC5D2B2028}.Release|Win32.Build.0 = Release|x86
		{14B9C667-EB92-46CE-A8A6-08CC5D2B2028}.Release|x64.ActiveCfg = Release|x64
		{14B9C667-EB92-46CE-A8A6-08CC5D2B2028}.Release|x64.Build.0 = Release|x64
		{14B9C667-EB92-46CE-A8A6-08CC5D2B2028}.Release|x86.ActiveCfg = Release|x86
		{14B9C667-EB92-46CE-A8A6-08CC5D2B2028}.Release|x86.Build.0 = Release|x86
		{18596921-7FD6-42C5-82C6-8BDB83EBB29C}.Debug|Any CPU.ActiveCfg = Debug|Any CPU
		{18596921-7FD6-42C5-82C6-8BDB83EBB29C}.Debug|Any CPU.Build.0 = Debug|Any CPU
		{18596921-7FD6-42C5-82C6-8BDB83EBB29C}.Debug|Mixed Platforms.ActiveCfg = Debug|Any CPU
		{18596921-7FD6-42C5-82C6-8BDB83EBB29C}.Debug|Mixed Platforms.Build.0 = Debug|Any CPU
		{18596921-7FD6-42C5-82C6-8BDB83EBB29C}.Debug|Win32.ActiveCfg = Debug|x86
		{18596921-7FD6-42C5-82C6-8BDB83EBB29C}.Debug|Win32.Build.0 = Debug|x86
		{18596921-7FD6-42C5-82C6-8BDB83EBB29C}.Debug|x64.ActiveCfg = Debug|x64
		{18596921-7FD6-42C5-82C6-8BDB83EBB29C}.Debug|x64.Build.0 = Debug|x64
		{18596921-7FD6-42C5-82C6-8BDB83EBB29C}.Debug|x86.ActiveCfg = Debug|x86
		{18596921-7FD6-42C5-82C6-8BDB83EBB29C}.Debug|x86.Build.0 = Debug|x86
		{18596921-7FD6-42C5-82C6-8BDB83EBB29C}.Profile|Any CPU.ActiveCfg = Release|Any CPU
		{18596921-7FD6-42C5-82C6-8BDB83EBB29C}.Profile|Any CPU.Build.0 = Release|Any CPU
		{18596921-7FD6-42C5-82C6-8BDB83EBB29C}.Profile|Mixed Platforms.ActiveCfg = Release|Any CPU
		{18596921-7FD6-42C5-82C6-8BDB83EBB29C}.Profile|Mixed Platforms.Build.0 = Release|Any CPU
		{18596921-7FD6-42C5-82C6-8BDB83EBB29C}.Profile|Win32.ActiveCfg = Release|Any CPU
		{18596921-7FD6-42C5-82C6-8BDB83EBB29C}.Profile|x64.ActiveCfg = Release|x64
		{18596921-7FD6-42C5-82C6-8BDB83EBB29C}.Profile|x64.Build.0 = Release|x64
		{18596921-7FD6-42C5-82C6-8BDB83EBB29C}.Profile|x86.ActiveCfg = Release|x86
		{18596921-7FD6-42C5-82C6-8BDB83EBB29C}.Profile|x86.Build.0 = Release|x86
		{18596921-7FD6-42C5-82C6-8BDB83EBB29C}.Release|Any CPU.ActiveCfg = Release|Any CPU
		{18596921-7FD6-42C5-82C6-8BDB83EBB29C}.Release|Any CPU.Build.0 = Release|Any CPU
		{18596921-7FD6-42C5-82C6-8BDB83EBB29C}.Release|Mixed Platforms.ActiveCfg = Release|Any CPU
		{18596921-7FD6-42C5-82C6-8BDB83EBB29C}.Release|Mixed Platforms.Build.0 = Release|Any CPU
		{18596921-7FD6-42C5-82C6-8BDB83EBB29C}.Release|Win32.ActiveCfg = Release|Any CPU
		{18596921-7FD6-42C5-82C6-8BDB83EBB29C}.Release|x64.ActiveCfg = Release|x64
		{18596921-7FD6-42C5-82C6-8BDB83EBB29C}.Release|x64.Build.0 = Release|x64
		{18596921-7FD6-42C5-82C6-8BDB83EBB29C}.Release|x86.ActiveCfg = Release|x86
		{18596921-7FD6-42C5-82C6-8BDB83EBB29C}.Release|x86.Build.0 = Release|x86
		{371B9FA9-4C90-4AC6-A123-ACED756D6C77}.Debug|Any CPU.ActiveCfg = Debug|Win32
		{371B9FA9-4C90-4AC6-A123-ACED756D6C77}.Debug|Mixed Platforms.ActiveCfg = Debug|Win32
		{371B9FA9-4C90-4AC6-A123-ACED756D6C77}.Debug|Mixed Platforms.Build.0 = Debug|Win32
		{371B9FA9-4C90-4AC6-A123-ACED756D6C77}.Debug|Win32.ActiveCfg = Debug|Win32
		{371B9FA9-4C90-4AC6-A123-ACED756D6C77}.Debug|Win32.Build.0 = Debug|Win32
		{371B9FA9-4C90-4AC6-A123-ACED756D6C77}.Debug|x64.ActiveCfg = Debug|x64
		{371B9FA9-4C90-4AC6-A123-ACED756D6C77}.Debug|x64.Build.0 = Debug|x64
		{371B9FA9-4C90-4AC6-A123-ACED756D6C77}.Debug|x86.ActiveCfg = Debug|Win32
		{371B9FA9-4C90-4AC6-A123-ACED756D6C77}.Debug|x86.Build.0 = Debug|Win32
		{371B9FA9-4C90-4AC6-A123-ACED756D6C77}.Profile|Any CPU.ActiveCfg = Profile|Win32
		{371B9FA9-4C90-4AC6-A123-ACED756D6C77}.Profile|Mixed Platforms.ActiveCfg = Profile|Win32
		{371B9FA9-4C90-4AC6-A123-ACED756D6C77}.Profile|Mixed Platforms.Build.0 = Profile|Win32
		{371B9FA9-4C90-4AC6-A123-ACED756D6C77}.Profile|Win32.ActiveCfg = Profile|Win32
		{371B9FA9-4C90-4AC6-A123-ACED756D6C77}.Profile|Win32.Build.0 = Profile|Win32
		{371B9FA9-4C90-4AC6-A123-ACED756D6C77}.Profile|x64.ActiveCfg = Profile|x64
		{371B9FA9-4C90-4AC6-A123-ACED756D6C77}.Profile|x64.Build.0 = Profile|x64
		{371B9FA9-4C90-4AC6-A123-ACED756D6C77}.Profile|x86.ActiveCfg = Profile|Win32
		{371B9FA9-4C90-4AC6-A123-ACED756D6C77}.Profile|x86.Build.0 = Profile|Win32
		{371B9FA9-4C90-4AC6-A123-ACED756D6C77}.Release|Any CPU.ActiveCfg = Release|Win32
		{371B9FA9-4C90-4AC6-A123-ACED756D6C77}.Release|Mixed Platforms.ActiveCfg = Release|Win32
		{371B9FA9-4C90-4AC6-A123-ACED756D6C77}.Release|Mixed Platforms.Build.0 = Release|Win32
		{371B9FA9-4C90-4AC6-A123-ACED756D6C77}.Release|Win32.ActiveCfg = Release|Win32
		{371B9FA9-4C90-4AC6-A123-ACED756D6C77}.Release|Win32.Build.0 = Release|Win32
		{371B9FA9-4C90-4AC6-A123-ACED756D6C77}.Release|x64.ActiveCfg = Release|x64
		{371B9FA9-4C90-4AC6-A123-ACED756D6C77}.Release|x64.Build.0 = Release|x64
		{371B9FA9-4C90-4AC6-A123-ACED756D6C77}.Release|x86.ActiveCfg = Release|Win32
		{371B9FA9-4C90-4AC6-A123-ACED756D6C77}.Release|x86.Build.0 = Release|Win32
		{6E23D3C1-BE35-49BC-9573-CCF89C1C4171}.Debug|Any CPU.ActiveCfg = Debug|Any CPU
		{6E23D3C1-BE35-49BC-9573-CCF89C1C4171}.Debug|Any CPU.Build.0 = Debug|Any CPU
		{6E23D3C1-BE35-49BC-9573-CCF89C1C4171}.Debug|Mixed Platforms.ActiveCfg = Debug|x86
		{6E23D3C1-BE35-49BC-9573-CCF89C1C4171}.Debug|Mixed Platforms.Build.0 = Debug|x86
		{6E23D3C1-BE35-49BC-9573-CCF89C1C4171}.Debug|Win32.ActiveCfg = Debug|x86
		{6E23D3C1-BE35-49BC-9573-CCF89C1C4171}.Debug|Win32.Build.0 = Debug|x86
		{6E23D3C1-BE35-49BC-9573-CCF89C1C4171}.Debug|x64.ActiveCfg = Debug|x64
		{6E23D3C1-BE35-49BC-9573-CCF89C1C4171}.Debug|x64.Build.0 = Debug|x64
		{6E23D3C1-BE35-49BC-9573-CCF89C1C4171}.Debug|x86.ActiveCfg = Debug|x86
		{6E23D3C1-BE35-49BC-9573-CCF89C1C4171}.Debug|x86.Build.0 = Debug|x86
		{6E23D3C1-BE35-49BC-9573-CCF89C1C4171}.Profile|Any CPU.ActiveCfg = Release|Any CPU
		{6E23D3C1-BE35-49BC-9573-CCF89C1C4171}.Profile|Any CPU.Build.0 = Release|Any CPU
		{6E23D3C1-BE35-49BC-9573-CCF89C1C4171}.Profile|Mixed Platforms.ActiveCfg = Release|x86
		{6E23D3C1-BE35-49BC-9573-CCF89C1C4171}.Profile|Mixed Platforms.Build.0 = Release|x86
		{6E23D3C1-BE35-49BC-9573-CCF89C1C4171}.Profile|Win32.ActiveCfg = Release|x86
		{6E23D3C1-BE35-49BC-9573-CCF89C1C4171}.Profile|Win32.Build.0 = Release|x86
		{6E23D3C1-BE35-49BC-9573-CCF89C1C4171}.Profile|x64.ActiveCfg = Release|x64
		{6E23D3C1-BE35-49BC-9573-CCF89C1C4171}.Profile|x64.Build.0 = Release|x64
		{6E23D3C1-BE35-49BC-9573-CCF89C1C4171}.Profile|x86.ActiveCfg = Release|x86
		{6E23D3C1-BE35-49BC-9573-CCF89C1C4171}.Profile|x86.Build.0 = Release|x86
		{6E23D3C1-BE35-49BC-9573-CCF89C1C4171}.Release|Any CPU.ActiveCfg = Release|Any CPU
		{6E23D3C1-BE35-49BC-9573-CCF89C1C4171}.Release|Any CPU.Build.0 = Release|Any CPU
		{6E23D3C1-BE35-49BC-9573-CCF89C1C4171}.Release|Mixed Platforms.ActiveCfg = Release|x86
		{6E23D3C1-BE35-49BC-9573-CCF89C1C4171}.Release|Mixed Platforms.Build.0 = Release|x86
		{6E23D3C1-BE35-49BC-9573-CCF89C1C4171}.Release|Win32.ActiveCfg = Release|x86
		{6E23D3C1-BE35-49BC-9573-CCF89C1C4171}.Release|Win32.Build.0 = Release|x86
		{6E23D3C1-BE35-49BC-9573-CCF89C1C4171}.Release|x64.ActiveCfg = Release|x64
		{6E23D3C1-BE35-49BC-9573-CCF89C1C4171}.Release|x64.Build.0 = Release|x64
		{6E23D3C1-BE35-49BC-9573-CCF89C1C4171}.Release|x86.ActiveCfg = Release|x86
		{6E23D3C1-BE35-49BC-9573-CCF89C1C4171}.Release|x86.Build.0 = Release|x86
		{E23A7535-002F-4DD6-93F4-445B123D75B5}.Debug|Any CPU.ActiveCfg = Debug|Any CPU
		{E23A7535-002F-4DD6-93F4-445B123D75B5}.Debug|Any CPU.Build.0 = Debug|Any CPU
		{E23A7535-002F-4DD6-93F4-445B123D75B5}.Debug|Mixed Platforms.ActiveCfg = Debug|Any CPU
		{E23A7535-002F-4DD6-93F4-445B123D75B5}.Debug|Mixed Platforms.Build.0 = Debug|Any CPU
		{E23A7535-002F-4DD6-93F4-445B123D75B5}.Debug|Win32.ActiveCfg = Debug|Any CPU
		{E23A7535-002F-4DD6-93F4-445B123D75B5}.Debug|x64.ActiveCfg = Debug|x64
		{E23A7535-002F-4DD6-93F4-445B123D75B5}.Debug|x64.Build.0 = Debug|x64
		{E23A7535-002F-4DD6-93F4-445B123D75B5}.Debug|x86.ActiveCfg = Debug|Any CPU
		{E23A7535-002F-4DD6-93F4-445B123D75B5}.Profile|Any CPU.ActiveCfg = Release|Any CPU
		{E23A7535-002F-4DD6-93F4-445B123D75B5}.Profile|Any CPU.Build.0 = Release|Any CPU
		{E23A7535-002F-4DD6-93F4-445B123D75B5}.Profile|Mixed Platforms.ActiveCfg = Release|Any CPU
		{E23A7535-002F-4DD6-93F4-445B123D75B5}.Profile|Mixed Platforms.Build.0 = Release|Any CPU
		{E23A7535-002F-4DD6-93F4-445B123D75B5}.Profile|Win32.ActiveCfg = Release|Any CPU
		{E23A7535-002F-4DD6-93F4-445B123D75B5}.Profile|x64.ActiveCfg = Release|x64
		{E23A7535-002F-4DD6-93F4-445B123D75B5}.Profile|x64.Build.0 = Release|x64
		{E23A7535-002F-4DD6-93F4-445B123D75B5}.Profile|x86.ActiveCfg = Release|Any CPU
		{E23A7535-002F-4DD6-93F4-445B123D75B5}.Release|Any CPU.ActiveCfg = Release|Any CPU
		{E23A7535-002F-4DD6-93F4-445B123D75B5}.Release|Any CPU.Build.0 = Release|Any CPU
		{E23A7535-002F-4DD6-93F4-445B123D75B5}.Release|Mixed Platforms.ActiveCfg = Release|Any CPU
		{E23A7535-002F-4DD6-93F4-445B123D75B5}.Release|Mixed Platforms.Build.0 = Release|Any CPU
		{E23A7535-002F-4DD6-93F4-445B123D75B5}.Release|Win32.ActiveCfg = Release|Any CPU
		{E23A7535-002F-4DD6-93F4-445B123D75B5}.Release|x64.ActiveCfg = Release|x64
		{E23A7535-002F-4DD6-93F4-445B123D75B5}.Release|x64.Build.0 = Release|x64
		{E23A7535-002F-4DD6-93F4-445B123D75B5}.Release|x86.ActiveCfg = Release|Any CPU
		{4CEFF180-C07C-4AD5-B9CA-5F90E30391E5}.Debug|Any CPU.ActiveCfg = Debug|x64
		{4CEFF180-C07C-4AD5-B9CA-5F90E30391E5}.Debug|Any CPU.Build.0 = Debug|x64
		{4CEFF180-C07C-4AD5-B9CA-5F90E30391E5}.Debug|Mixed Platforms.ActiveCfg = Debug|Win32
		{4CEFF180-C07C-4AD5-B9CA-5F90E30391E5}.Debug|Mixed Platforms.Build.0 = Debug|Win32
		{4CEFF180-C07C-4AD5-B9CA-5F90E30391E5}.Debug|Win32.ActiveCfg = Debug|Win32
		{4CEFF180-C07C-4AD5-B9CA-5F90E30391E5}.Debug|Win32.Build.0 = Debug|Win32
		{4CEFF180-C07C-4AD5-B9CA-5F90E30391E5}.Debug|x64.ActiveCfg = Debug|x64
		{4CEFF180-C07C-4AD5-B9CA-5F90E30391E5}.Debug|x64.Build.0 = Debug|x64
		{4CEFF180-C07C-4AD5-B9CA-5F90E30391E5}.Debug|x86.ActiveCfg = Debug|Win32
		{4CEFF180-C07C-4AD5-B9CA-5F90E30391E5}.Debug|x86.Build.0 = Debug|Win32
		{4CEFF180-C07C-4AD5-B9CA-5F90E30391E5}.Profile|Any CPU.ActiveCfg = Release|Win32
		{4CEFF180-C07C-4AD5-B9CA-5F90E30391E5}.Profile|Mixed Platforms.ActiveCfg = Release|Win32
		{4CEFF180-C07C-4AD5-B9CA-5F90E30391E5}.Profile|Mixed Platforms.Build.0 = Release|Win32
		{4CEFF180-C07C-4AD5-B9CA-5F90E30391E5}.Profile|Win32.ActiveCfg = Release|Win32
		{4CEFF180-C07C-4AD5-B9CA-5F90E30391E5}.Profile|Win32.Build.0 = Release|Win32
		{4CEFF180-C07C-4AD5-B9CA-5F90E30391E5}.Profile|x64.ActiveCfg = Release|x64
		{4CEFF180-C07C-4AD5-B9CA-5F90E30391E5}.Profile|x64.Build.0 = Release|x64
		{4CEFF180-C07C-4AD5-B9CA-5F90E30391E5}.Profile|x86.ActiveCfg = Release|Win32
		{4CEFF180-C07C-4AD5-B9CA-5F90E30391E5}.Profile|x86.Build.0 = Release|Win32
		{4CEFF180-C07C-4AD5-B9CA-5F90E30391E5}.Release|Any CPU.ActiveCfg = Release|x64
		{4CEFF180-C07C-4AD5-B9CA-5F90E30391E5}.Release|Any CPU.Build.0 = Release|x64
		{4CEFF180-C07C-4AD5-B9CA-5F90E30391E5}.Release|Mixed Platforms.ActiveCfg = Release|Win32
		{4CEFF180-C07C-4AD5-B9CA-5F90E30391E5}.Release|Mixed Platforms.Build.0 = Release|Win32
		{4CEFF180-C07C-4AD5-B9CA-5F90E30391E5}.Release|Win32.ActiveCfg = Release|Win32
		{4CEFF180-C07C-4AD5-B9CA-5F90E30391E5}.Release|Win32.Build.0 = Release|Win32
		{4CEFF180-C07C-4AD5-B9CA-5F90E30391E5}.Release|x64.ActiveCfg = Release|x64
		{4CEFF180-C07C-4AD5-B9CA-5F90E30391E5}.Release|x64.Build.0 = Release|x64
		{4CEFF180-C07C-4AD5-B9CA-5F90E30391E5}.Release|x86.ActiveCfg = Release|Win32
		{4CEFF180-C07C-4AD5-B9CA-5F90E30391E5}.Release|x86.Build.0 = Release|Win32
		{882F79F3-62E7-4523-B0BA-8FA1144D565B}.Debug|Any CPU.ActiveCfg = Debug|Any CPU
		{882F79F3-62E7-4523-B0BA-8FA1144D565B}.Debug|Any CPU.Build.0 = Debug|Any CPU
		{882F79F3-62E7-4523-B0BA-8FA1144D565B}.Debug|Mixed Platforms.ActiveCfg = Debug|x86
		{882F79F3-62E7-4523-B0BA-8FA1144D565B}.Debug|Mixed Platforms.Build.0 = Debug|x86
		{882F79F3-62E7-4523-B0BA-8FA1144D565B}.Debug|Win32.ActiveCfg = Debug|x86
		{882F79F3-62E7-4523-B0BA-8FA1144D565B}.Debug|Win32.Build.0 = Debug|x86
		{882F79F3-62E7-4523-B0BA-8FA1144D565B}.Debug|x64.ActiveCfg = Debug|x64
		{882F79F3-62E7-4523-B0BA-8FA1144D565B}.Debug|x64.Build.0 = Debug|x64
		{882F79F3-62E7-4523-B0BA-8FA1144D565B}.Debug|x86.ActiveCfg = Debug|x86
		{882F79F3-62E7-4523-B0BA-8FA1144D565B}.Debug|x86.Build.0 = Debug|x86
		{882F79F3-62E7-4523-B0BA-8FA1144D565B}.Profile|Any CPU.ActiveCfg = Release|Any CPU
		{882F79F3-62E7-4523-B0BA-8FA1144D565B}.Profile|Any CPU.Build.0 = Release|Any CPU
		{882F79F3-62E7-4523-B0BA-8FA1144D565B}.Profile|Mixed Platforms.ActiveCfg = Release|x86
		{882F79F3-62E7-4523-B0BA-8FA1144D565B}.Profile|Mixed Platforms.Build.0 = Release|x86
		{882F79F3-62E7-4523-B0BA-8FA1144D565B}.Profile|Win32.ActiveCfg = Release|x86
		{882F79F3-62E7-4523-B0BA-8FA1144D565B}.Profile|Win32.Build.0 = Release|x86
		{882F79F3-62E7-4523-B0BA-8FA1144D565B}.Profile|x64.ActiveCfg = Release|x64
		{882F79F3-62E7-4523-B0BA-8FA1144D565B}.Profile|x64.Build.0 = Release|x64
		{882F79F3-62E7-4523-B0BA-8FA1144D565B}.Profile|x86.ActiveCfg = Release|x86
		{882F79F3-62E7-4523-B0BA-8FA1144D565B}.Profile|x86.Build.0 = Release|x86
		{882F79F3-62E7-4523-B0BA-8FA1144D565B}.Release|Any CPU.ActiveCfg = Release|Any CPU
		{882F79F3-62E7-4523-B0BA-8FA1144D565B}.Release|Any CPU.Build.0 = Release|Any CPU
		{882F79F3-62E7-4523-B0BA-8FA1144D565B}.Release|Mixed Platforms.ActiveCfg = Release|x86
		{882F79F3-62E7-4523-B0BA-8FA1144D565B}.Release|Mixed Platforms.Build.0 = Release|x86
		{882F79F3-62E7-4523-B0BA-8FA1144D565B}.Release|Win32.ActiveCfg = Release|x86
		{882F79F3-62E7-4523-B0BA-8FA1144D565B}.Release|Win32.Build.0 = Release|x86
		{882F79F3-62E7-4523-B0BA-8FA1144D565B}.Release|x64.ActiveCfg = Release|x64
		{882F79F3-62E7-4523-B0BA-8FA1144D565B}.Release|x64.Build.0 = Release|x64
		{882F79F3-62E7-4523-B0BA-8FA1144D565B}.Release|x86.ActiveCfg = Release|x86
		{882F79F3-62E7-4523-B0BA-8FA1144D565B}.Release|x86.Build.0 = Release|x86
		{9888852C-1E10-4F66-853F-6D5A4EF975F6}.Debug|Any CPU.ActiveCfg = Debug|Any CPU
		{9888852C-1E10-4F66-853F-6D5A4EF975F6}.Debug|Any CPU.Build.0 = Debug|Any CPU
		{9888852C-1E10-4F66-853F-6D5A4EF975F6}.Debug|Mixed Platforms.ActiveCfg = Debug|x86
		{9888852C-1E10-4F66-853F-6D5A4EF975F6}.Debug|Mixed Platforms.Build.0 = Debug|x86
		{9888852C-1E10-4F66-853F-6D5A4EF975F6}.Debug|Win32.ActiveCfg = Debug|x86
		{9888852C-1E10-4F66-853F-6D5A4EF975F6}.Debug|Win32.Build.0 = Debug|x86
		{9888852C-1E10-4F66-853F-6D5A4EF975F6}.Debug|x64.ActiveCfg = Debug|x64
		{9888852C-1E10-4F66-853F-6D5A4EF975F6}.Debug|x64.Build.0 = Debug|x64
		{9888852C-1E10-4F66-853F-6D5A4EF975F6}.Debug|x86.ActiveCfg = Debug|x86
		{9888852C-1E10-4F66-853F-6D5A4EF975F6}.Debug|x86.Build.0 = Debug|x86
		{9888852C-1E10-4F66-853F-6D5A4EF975F6}.Profile|Any CPU.ActiveCfg = Release|Any CPU
		{9888852C-1E10-4F66-853F-6D5A4EF975F6}.Profile|Any CPU.Build.0 = Release|Any CPU
		{9888852C-1E10-4F66-853F-6D5A4EF975F6}.Profile|Mixed Platforms.ActiveCfg = Release|x86
		{9888852C-1E10-4F66-853F-6D5A4EF975F6}.Profile|Mixed Platforms.Build.0 = Release|x86
		{9888852C-1E10-4F66-853F-6D5A4EF975F6}.Profile|Win32.ActiveCfg = Release|x86
		{9888852C-1E10-4F66-853F-6D5A4EF975F6}.Profile|Win32.Build.0 = Release|x86
		{9888852C-1E10-4F66-853F-6D5A4EF975F6}.Profile|x64.ActiveCfg = Release|x64
		{9888852C-1E10-4F66-853F-6D5A4EF975F6}.Profile|x64.Build.0 = Release|x64
		{9888852C-1E10-4F66-853F-6D5A4EF975F6}.Profile|x86.ActiveCfg = Release|x86
		{9888852C-1E10-4F66-853F-6D5A4EF975F6}.Profile|x86.Build.0 = Release|x86
		{9888852C-1E10-4F66-853F-6D5A4EF975F6}.Release|Any CPU.ActiveCfg = Release|Any CPU
		{9888852C-1E10-4F66-853F-6D5A4EF975F6}.Release|Any CPU.Build.0 = Release|Any CPU
		{9888852C-1E10-4F66-853F-6D5A4EF975F6}.Release|Mixed Platforms.ActiveCfg = Release|x86
		{9888852C-1E10-4F66-853F-6D5A4EF975F6}.Release|Mixed Platforms.Build.0 = Release|x86
		{9888852C-1E10-4F66-853F-6D5A4EF975F6}.Release|Win32.ActiveCfg = Release|x86
		{9888852C-1E10-4F66-853F-6D5A4EF975F6}.Release|Win32.Build.0 = Release|x86
		{9888852C-1E10-4F66-853F-6D5A4EF975F6}.Release|x64.ActiveCfg = Release|x64
		{9888852C-1E10-4F66-853F-6D5A4EF975F6}.Release|x64.Build.0 = Release|x64
		{9888852C-1E10-4F66-853F-6D5A4EF975F6}.Release|x86.ActiveCfg = Release|x86
		{9888852C-1E10-4F66-853F-6D5A4EF975F6}.Release|x86.Build.0 = Release|x86
		{AA968977-4C07-4BDC-B8D8-1AA1D2292A4D}.Debug|Any CPU.ActiveCfg = Debug|Any CPU
		{AA968977-4C07-4BDC-B8D8-1AA1D2292A4D}.Debug|Any CPU.Build.0 = Debug|Any CPU
		{AA968977-4C07-4BDC-B8D8-1AA1D2292A4D}.Debug|Mixed Platforms.ActiveCfg = Debug|Any CPU
		{AA968977-4C07-4BDC-B8D8-1AA1D2292A4D}.Debug|Mixed Platforms.Build.0 = Debug|Any CPU
		{AA968977-4C07-4BDC-B8D8-1AA1D2292A4D}.Debug|Win32.ActiveCfg = Debug|x86
		{AA968977-4C07-4BDC-B8D8-1AA1D2292A4D}.Debug|Win32.Build.0 = Debug|x86
		{AA968977-4C07-4BDC-B8D8-1AA1D2292A4D}.Debug|x64.ActiveCfg = Debug|x64
		{AA968977-4C07-4BDC-B8D8-1AA1D2292A4D}.Debug|x86.ActiveCfg = Debug|x86
		{AA968977-4C07-4BDC-B8D8-1AA1D2292A4D}.Debug|x86.Build.0 = Debug|x86
		{AA968977-4C07-4BDC-B8D8-1AA1D2292A4D}.Profile|Any CPU.ActiveCfg = Release|Any CPU
		{AA968977-4C07-4BDC-B8D8-1AA1D2292A4D}.Profile|Any CPU.Build.0 = Release|Any CPU
		{AA968977-4C07-4BDC-B8D8-1AA1D2292A4D}.Profile|Mixed Platforms.ActiveCfg = Release|Any CPU
		{AA968977-4C07-4BDC-B8D8-1AA1D2292A4D}.Profile|Mixed Platforms.Build.0 = Release|Any CPU
		{AA968977-4C07-4BDC-B8D8-1AA1D2292A4D}.Profile|Win32.ActiveCfg = Release|Any CPU
		{AA968977-4C07-4BDC-B8D8-1AA1D2292A4D}.Profile|x64.ActiveCfg = Release|x64
		{AA968977-4C07-4BDC-B8D8-1AA1D2292A4D}.Profile|x64.Build.0 = Release|x64
		{AA968977-4C07-4BDC-B8D8-1AA1D2292A4D}.Profile|x86.ActiveCfg = Release|x86
		{AA968977-4C07-4BDC-B8D8-1AA1D2292A4D}.Release|Any CPU.ActiveCfg = Release|Any CPU
		{AA968977-4C07-4BDC-B8D8-1AA1D2292A4D}.Release|Any CPU.Build.0 = Release|Any CPU
		{AA968977-4C07-4BDC-B8D8-1AA1D2292A4D}.Release|Mixed Platforms.ActiveCfg = Release|Any CPU
		{AA968977-4C07-4BDC-B8D8-1AA1D2292A4D}.Release|Mixed Platforms.Build.0 = Release|Any CPU
		{AA968977-4C07-4BDC-B8D8-1AA1D2292A4D}.Release|Win32.ActiveCfg = Release|Any CPU
		{AA968977-4C07-4BDC-B8D8-1AA1D2292A4D}.Release|x64.ActiveCfg = Release|x64
		{AA968977-4C07-4BDC-B8D8-1AA1D2292A4D}.Release|x64.Build.0 = Release|x64
		{AA968977-4C07-4BDC-B8D8-1AA1D2292A4D}.Release|x86.ActiveCfg = Release|x86
		{AA968977-4C07-4BDC-B8D8-1AA1D2292A4D}.Release|x86.Build.0 = Release|x86
		{47B4C83F-5F15-492C-AA9A-1CC4633C59F8}.Debug|Any CPU.ActiveCfg = Debug|Any CPU
		{47B4C83F-5F15-492C-AA9A-1CC4633C59F8}.Debug|Any CPU.Build.0 = Debug|Any CPU
		{47B4C83F-5F15-492C-AA9A-1CC4633C59F8}.Debug|Mixed Platforms.ActiveCfg = Debug|x86
		{47B4C83F-5F15-492C-AA9A-1CC4633C59F8}.Debug|Mixed Platforms.Build.0 = Debug|x86
		{47B4C83F-5F15-492C-AA9A-1CC4633C59F8}.Debug|Win32.ActiveCfg = Debug|x86
		{47B4C83F-5F15-492C-AA9A-1CC4633C59F8}.Debug|Win32.Build.0 = Debug|x86
		{47B4C83F-5F15-492C-AA9A-1CC4633C59F8}.Debug|x64.ActiveCfg = Debug|x64
		{47B4C83F-5F15-492C-AA9A-1CC4633C59F8}.Debug|x64.Build.0 = Debug|x64
		{47B4C83F-5F15-492C-AA9A-1CC4633C59F8}.Debug|x86.ActiveCfg = Debug|x86
		{47B4C83F-5F15-492C-AA9A-1CC4633C59F8}.Debug|x86.Build.0 = Debug|x86
		{47B4C83F-5F15-492C-AA9A-1CC4633C59F8}.Profile|Any CPU.ActiveCfg = Release|x86
		{47B4C83F-5F15-492C-AA9A-1CC4633C59F8}.Profile|Mixed Platforms.ActiveCfg = Release|x86
		{47B4C83F-5F15-492C-AA9A-1CC4633C59F8}.Profile|Mixed Platforms.Build.0 = Release|x86
		{47B4C83F-5F15-492C-AA9A-1CC4633C59F8}.Profile|Win32.ActiveCfg = Release|x86
		{47B4C83F-5F15-492C-AA9A-1CC4633C59F8}.Profile|Win32.Build.0 = Release|x86
		{47B4C83F-5F15-492C-AA9A-1CC4633C59F8}.Profile|x64.ActiveCfg = Release|x64
		{47B4C83F-5F15-492C-AA9A-1CC4633C59F8}.Profile|x64.Build.0 = Release|x64
		{47B4C83F-5F15-492C-AA9A-1CC4633C59F8}.Profile|x86.ActiveCfg = Release|x86
		{47B4C83F-5F15-492C-AA9A-1CC4633C59F8}.Profile|x86.Build.0 = Release|x86
		{47B4C83F-5F15-492C-AA9A-1CC4633C59F8}.Release|Any CPU.ActiveCfg = Release|Any CPU
		{47B4C83F-5F15-492C-AA9A-1CC4633C59F8}.Release|Any CPU.Build.0 = Release|Any CPU
		{47B4C83F-5F15-492C-AA9A-1CC4633C59F8}.Release|Mixed Platforms.ActiveCfg = Release|x86
		{47B4C83F-5F15-492C-AA9A-1CC4633C59F8}.Release|Mixed Platforms.Build.0 = Release|x86
		{47B4C83F-5F15-492C-AA9A-1CC4633C59F8}.Release|Win32.ActiveCfg = Release|x86
		{47B4C83F-5F15-492C-AA9A-1CC4633C59F8}.Release|Win32.Build.0 = Release|x86
		{47B4C83F-5F15-492C-AA9A-1CC4633C59F8}.Release|x64.ActiveCfg = Release|x64
		{47B4C83F-5F15-492C-AA9A-1CC4633C59F8}.Release|x64.Build.0 = Release|x64
		{47B4C83F-5F15-492C-AA9A-1CC4633C59F8}.Release|x86.ActiveCfg = Release|x86
		{47B4C83F-5F15-492C-AA9A-1CC4633C59F8}.Release|x86.Build.0 = Release|x86
		{F3C06250-122F-465A-868C-16DF0FCA624C}.Debug|Any CPU.ActiveCfg = Debug|Any CPU
		{F3C06250-122F-465A-868C-16DF0FCA624C}.Debug|Any CPU.Build.0 = Debug|Any CPU
		{F3C06250-122F-465A-868C-16DF0FCA624C}.Debug|Mixed Platforms.ActiveCfg = Debug|x86
		{F3C06250-122F-465A-868C-16DF0FCA624C}.Debug|Mixed Platforms.Build.0 = Debug|x86
		{F3C06250-122F-465A-868C-16DF0FCA624C}.Debug|Win32.ActiveCfg = Debug|x86
		{F3C06250-122F-465A-868C-16DF0FCA624C}.Debug|Win32.Build.0 = Debug|x86
		{F3C06250-122F-465A-868C-16DF0FCA624C}.Debug|x64.ActiveCfg = Debug|x64
		{F3C06250-122F-465A-868C-16DF0FCA624C}.Debug|x64.Build.0 = Debug|x64
		{F3C06250-122F-465A-868C-16DF0FCA624C}.Debug|x86.ActiveCfg = Debug|x86
		{F3C06250-122F-465A-868C-16DF0FCA624C}.Debug|x86.Build.0 = Debug|x86
		{F3C06250-122F-465A-868C-16DF0FCA624C}.Profile|Any CPU.ActiveCfg = Release|Any CPU
		{F3C06250-122F-465A-868C-16DF0FCA624C}.Profile|Any CPU.Build.0 = Release|Any CPU
		{F3C06250-122F-465A-868C-16DF0FCA624C}.Profile|Mixed Platforms.ActiveCfg = Release|x86
		{F3C06250-122F-465A-868C-16DF0FCA624C}.Profile|Mixed Platforms.Build.0 = Release|x86
		{F3C06250-122F-465A-868C-16DF0FCA624C}.Profile|Win32.ActiveCfg = Release|x86
		{F3C06250-122F-465A-868C-16DF0FCA624C}.Profile|Win32.Build.0 = Release|x86
		{F3C06250-122F-465A-868C-16DF0FCA624C}.Profile|x64.ActiveCfg = Release|x64
		{F3C06250-122F-465A-868C-16DF0FCA624C}.Profile|x64.Build.0 = Release|x64
		{F3C06250-122F-465A-868C-16DF0FCA624C}.Profile|x86.ActiveCfg = Release|x86
		{F3C06250-122F-465A-868C-16DF0FCA624C}.Profile|x86.Build.0 = Release|x86
		{F3C06250-122F-465A-868C-16DF0FCA624C}.Release|Any CPU.ActiveCfg = Release|Any CPU
		{F3C06250-122F-465A-868C-16DF0FCA624C}.Release|Any CPU.Build.0 = Release|Any CPU
		{F3C06250-122F-465A-868C-16DF0FCA624C}.Release|Mixed Platforms.ActiveCfg = Release|x86
		{F3C06250-122F-465A-868C-16DF0FCA624C}.Release|Mixed Platforms.Build.0 = Release|x86
		{F3C06250-122F-465A-868C-16DF0FCA624C}.Release|Win32.ActiveCfg = Release|x86
		{F3C06250-122F-465A-868C-16DF0FCA624C}.Release|Win32.Build.0 = Release|x86
		{F3C06250-122F-465A-868C-16DF0FCA624C}.Release|x64.ActiveCfg = Release|x64
		{F3C06250-122F-465A-868C-16DF0FCA624C}.Release|x64.Build.0 = Release|x64
		{F3C06250-122F-465A-868C-16DF0FCA624C}.Release|x86.ActiveCfg = Release|x86
		{F3C06250-122F-465A-868C-16DF0FCA624C}.Release|x86.Build.0 = Release|x86
		{B75C3965-BE2A-4269-848C-840AA520EAFA}.Debug|Any CPU.ActiveCfg = Debug|Any CPU
		{B75C3965-BE2A-4269-848C-840AA520EAFA}.Debug|Any CPU.Build.0 = Debug|Any CPU
		{B75C3965-BE2A-4269-848C-840AA520EAFA}.Debug|Mixed Platforms.ActiveCfg = Debug|x86
		{B75C3965-BE2A-4269-848C-840AA520EAFA}.Debug|Mixed Platforms.Build.0 = Debug|x86
		{B75C3965-BE2A-4269-848C-840AA520EAFA}.Debug|Win32.ActiveCfg = Debug|x86
		{B75C3965-BE2A-4269-848C-840AA520EAFA}.Debug|Win32.Build.0 = Debug|x86
		{B75C3965-BE2A-4269-848C-840AA520EAFA}.Debug|x64.ActiveCfg = Debug|x64
		{B75C3965-BE2A-4269-848C-840AA520EAFA}.Debug|x64.Build.0 = Debug|x64
		{B75C3965-BE2A-4269-848C-840AA520EAFA}.Debug|x86.ActiveCfg = Debug|x86
		{B75C3965-BE2A-4269-848C-840AA520EAFA}.Debug|x86.Build.0 = Debug|x86
		{B75C3965-BE2A-4269-848C-840AA520EAFA}.Profile|Any CPU.ActiveCfg = Release|x86
		{B75C3965-BE2A-4269-848C-840AA520EAFA}.Profile|Mixed Platforms.ActiveCfg = Release|x86
		{B75C3965-BE2A-4269-848C-840AA520EAFA}.Profile|Mixed Platforms.Build.0 = Release|x86
		{B75C3965-BE2A-4269-848C-840AA520EAFA}.Profile|Win32.ActiveCfg = Release|x86
		{B75C3965-BE2A-4269-848C-840AA520EAFA}.Profile|Win32.Build.0 = Release|x86
		{B75C3965-BE2A-4269-848C-840AA520EAFA}.Profile|x64.ActiveCfg = Release|x64
		{B75C3965-BE2A-4269-848C-840AA520EAFA}.Profile|x64.Build.0 = Release|x64
		{B75C3965-BE2A-4269-848C-840AA520EAFA}.Profile|x86.ActiveCfg = Release|x86
		{B75C3965-BE2A-4269-848C-840AA520EAFA}.Profile|x86.Build.0 = Release|x86
		{B75C3965-BE2A-4269-848C-840AA520EAFA}.Release|Any CPU.ActiveCfg = Release|Any CPU
		{B75C3965-BE2A-4269-848C-840AA520EAFA}.Release|Any CPU.Build.0 = Release|Any CPU
		{B75C3965-BE2A-4269-848C-840AA520EAFA}.Release|Mixed Platforms.ActiveCfg = Release|x86
		{B75C3965-BE2A-4269-848C-840AA520EAFA}.Release|Mixed Platforms.Build.0 = Release|x86
		{B75C3965-BE2A-4269-848C-840AA520EAFA}.Release|Win32.ActiveCfg = Release|x86
		{B75C3965-BE2A-4269-848C-840AA520EAFA}.Release|Win32.Build.0 = Release|x86
		{B75C3965-BE2A-4269-848C-840AA520EAFA}.Release|x64.ActiveCfg = Release|x64
		{B75C3965-BE2A-4269-848C-840AA520EAFA}.Release|x64.Build.0 = Release|x64
		{B75C3965-BE2A-4269-848C-840AA520EAFA}.Release|x86.ActiveCfg = Release|x86
		{B75C3965-BE2A-4269-848C-840AA520EAFA}.Release|x86.Build.0 = Release|x86
		{72C7AC55-0848-40BF-BC32-519FD5BB39CE}.Debug|Any CPU.ActiveCfg = Debug|Any CPU
		{72C7AC55-0848-40BF-BC32-519FD5BB39CE}.Debug|Any CPU.Build.0 = Debug|Any CPU
		{72C7AC55-0848-40BF-BC32-519FD5BB39CE}.Debug|Mixed Platforms.ActiveCfg = Debug|Any CPU
		{72C7AC55-0848-40BF-BC32-519FD5BB39CE}.Debug|Mixed Platforms.Build.0 = Debug|Any CPU
		{72C7AC55-0848-40BF-BC32-519FD5BB39CE}.Debug|Win32.ActiveCfg = Debug|Any CPU
		{72C7AC55-0848-40BF-BC32-519FD5BB39CE}.Debug|x64.ActiveCfg = Debug|x64
		{72C7AC55-0848-40BF-BC32-519FD5BB39CE}.Debug|x64.Build.0 = Debug|x64
		{72C7AC55-0848-40BF-BC32-519FD5BB39CE}.Debug|x86.ActiveCfg = Debug|Any CPU
		{72C7AC55-0848-40BF-BC32-519FD5BB39CE}.Profile|Any CPU.ActiveCfg = Release|Any CPU
		{72C7AC55-0848-40BF-BC32-519FD5BB39CE}.Profile|Any CPU.Build.0 = Release|Any CPU
		{72C7AC55-0848-40BF-BC32-519FD5BB39CE}.Profile|Mixed Platforms.ActiveCfg = Release|Any CPU
		{72C7AC55-0848-40BF-BC32-519FD5BB39CE}.Profile|Mixed Platforms.Build.0 = Release|Any CPU
		{72C7AC55-0848-40BF-BC32-519FD5BB39CE}.Profile|Win32.ActiveCfg = Release|Any CPU
		{72C7AC55-0848-40BF-BC32-519FD5BB39CE}.Profile|x64.ActiveCfg = Release|Any CPU
		{72C7AC55-0848-40BF-BC32-519FD5BB39CE}.Profile|x86.ActiveCfg = Release|Any CPU
		{72C7AC55-0848-40BF-BC32-519FD5BB39CE}.Release|Any CPU.ActiveCfg = Release|Any CPU
		{72C7AC55-0848-40BF-BC32-519FD5BB39CE}.Release|Any CPU.Build.0 = Release|Any CPU
		{72C7AC55-0848-40BF-BC32-519FD5BB39CE}.Release|Mixed Platforms.ActiveCfg = Release|Any CPU
		{72C7AC55-0848-40BF-BC32-519FD5BB39CE}.Release|Mixed Platforms.Build.0 = Release|Any CPU
		{72C7AC55-0848-40BF-BC32-519FD5BB39CE}.Release|Win32.ActiveCfg = Release|Any CPU
		{72C7AC55-0848-40BF-BC32-519FD5BB39CE}.Release|x64.ActiveCfg = Release|Any CPU
		{72C7AC55-0848-40BF-BC32-519FD5BB39CE}.Release|x64.Build.0 = Release|Any CPU
		{72C7AC55-0848-40BF-BC32-519FD5BB39CE}.Release|x86.ActiveCfg = Release|Any CPU
		{977DAF1E-2B43-4446-81B5-B622E6BC4735}.Debug|Any CPU.ActiveCfg = Debug|Any CPU
		{977DAF1E-2B43-4446-81B5-B622E6BC4735}.Debug|Any CPU.Build.0 = Debug|Any CPU
		{977DAF1E-2B43-4446-81B5-B622E6BC4735}.Debug|Mixed Platforms.ActiveCfg = Debug|Any CPU
		{977DAF1E-2B43-4446-81B5-B622E6BC4735}.Debug|Mixed Platforms.Build.0 = Debug|Any CPU
		{977DAF1E-2B43-4446-81B5-B622E6BC4735}.Debug|Win32.ActiveCfg = Debug|x86
		{977DAF1E-2B43-4446-81B5-B622E6BC4735}.Debug|Win32.Build.0 = Debug|x86
		{977DAF1E-2B43-4446-81B5-B622E6BC4735}.Debug|x64.ActiveCfg = Debug|x64
		{977DAF1E-2B43-4446-81B5-B622E6BC4735}.Debug|x64.Build.0 = Debug|x64
		{977DAF1E-2B43-4446-81B5-B622E6BC4735}.Debug|x86.ActiveCfg = Debug|x86
		{977DAF1E-2B43-4446-81B5-B622E6BC4735}.Debug|x86.Build.0 = Debug|x86
		{977DAF1E-2B43-4446-81B5-B622E6BC4735}.Profile|Any CPU.ActiveCfg = Release|Any CPU
		{977DAF1E-2B43-4446-81B5-B622E6BC4735}.Profile|Any CPU.Build.0 = Release|Any CPU
		{977DAF1E-2B43-4446-81B5-B622E6BC4735}.Profile|Mixed Platforms.ActiveCfg = Release|Any CPU
		{977DAF1E-2B43-4446-81B5-B622E6BC4735}.Profile|Mixed Platforms.Build.0 = Release|Any CPU
		{977DAF1E-2B43-4446-81B5-B622E6BC4735}.Profile|Win32.ActiveCfg = Release|Any CPU
		{977DAF1E-2B43-4446-81B5-B622E6BC4735}.Profile|x64.ActiveCfg = Release|x64
		{977DAF1E-2B43-4446-81B5-B622E6BC4735}.Profile|x64.Build.0 = Release|x64
		{977DAF1E-2B43-4446-81B5-B622E6BC4735}.Profile|x86.ActiveCfg = Release|x86
		{977DAF1E-2B43-4446-81B5-B622E6BC4735}.Profile|x86.Build.0 = Release|x86
		{977DAF1E-2B43-4446-81B5-B622E6BC4735}.Release|Any CPU.ActiveCfg = Release|Any CPU
		{977DAF1E-2B43-4446-81B5-B622E6BC4735}.Release|Any CPU.Build.0 = Release|Any CPU
		{977DAF1E-2B43-4446-81B5-B622E6BC4735}.Release|Mixed Platforms.ActiveCfg = Release|Any CPU
		{977DAF1E-2B43-4446-81B5-B622E6BC4735}.Release|Mixed Platforms.Build.0 = Release|Any CPU
		{977DAF1E-2B43-4446-81B5-B622E6BC4735}.Release|Win32.ActiveCfg = Release|Any CPU
		{977DAF1E-2B43-4446-81B5-B622E6BC4735}.Release|x64.ActiveCfg = Release|x64
		{977DAF1E-2B43-4446-81B5-B622E6BC4735}.Release|x64.Build.0 = Release|x64
		{977DAF1E-2B43-4446-81B5-B622E6BC4735}.Release|x86.ActiveCfg = Release|x86
		{977DAF1E-2B43-4446-81B5-B622E6BC4735}.Release|x86.Build.0 = Release|x86
		{A5674657-318F-4B2F-AD48-7CD02EA145B3}.Debug|Any CPU.ActiveCfg = Debug|Any CPU
		{A5674657-318F-4B2F-AD48-7CD02EA145B3}.Debug|Any CPU.Build.0 = Debug|Any CPU
		{A5674657-318F-4B2F-AD48-7CD02EA145B3}.Debug|Mixed Platforms.ActiveCfg = Debug|Any CPU
		{A5674657-318F-4B2F-AD48-7CD02EA145B3}.Debug|Mixed Platforms.Build.0 = Debug|Any CPU
		{A5674657-318F-4B2F-AD48-7CD02EA145B3}.Debug|Win32.ActiveCfg = Debug|x86
		{A5674657-318F-4B2F-AD48-7CD02EA145B3}.Debug|Win32.Build.0 = Debug|x86
		{A5674657-318F-4B2F-AD48-7CD02EA145B3}.Debug|x64.ActiveCfg = Debug|x64
		{A5674657-318F-4B2F-AD48-7CD02EA145B3}.Debug|x64.Build.0 = Debug|x64
		{A5674657-318F-4B2F-AD48-7CD02EA145B3}.Debug|x86.ActiveCfg = Debug|x86
		{A5674657-318F-4B2F-AD48-7CD02EA145B3}.Debug|x86.Build.0 = Debug|x86
		{A5674657-318F-4B2F-AD48-7CD02EA145B3}.Profile|Any CPU.ActiveCfg = Release|Any CPU
		{A5674657-318F-4B2F-AD48-7CD02EA145B3}.Profile|Any CPU.Build.0 = Release|Any CPU
		{A5674657-318F-4B2F-AD48-7CD02EA145B3}.Profile|Mixed Platforms.ActiveCfg = Release|Any CPU
		{A5674657-318F-4B2F-AD48-7CD02EA145B3}.Profile|Mixed Platforms.Build.0 = Release|Any CPU
		{A5674657-318F-4B2F-AD48-7CD02EA145B3}.Profile|Win32.ActiveCfg = Release|Any CPU
		{A5674657-318F-4B2F-AD48-7CD02EA145B3}.Profile|x64.ActiveCfg = Release|x64
		{A5674657-318F-4B2F-AD48-7CD02EA145B3}.Profile|x64.Build.0 = Release|x64
		{A5674657-318F-4B2F-AD48-7CD02EA145B3}.Profile|x86.ActiveCfg = Release|x86
		{A5674657-318F-4B2F-AD48-7CD02EA145B3}.Profile|x86.Build.0 = Release|x86
		{A5674657-318F-4B2F-AD48-7CD02EA145B3}.Release|Any CPU.ActiveCfg = Release|Any CPU
		{A5674657-318F-4B2F-AD48-7CD02EA145B3}.Release|Any CPU.Build.0 = Release|Any CPU
		{A5674657-318F-4B2F-AD48-7CD02EA145B3}.Release|Mixed Platforms.ActiveCfg = Release|Any CPU
		{A5674657-318F-4B2F-AD48-7CD02EA145B3}.Release|Mixed Platforms.Build.0 = Release|Any CPU
		{A5674657-318F-4B2F-AD48-7CD02EA145B3}.Release|Win32.ActiveCfg = Release|Any CPU
		{A5674657-318F-4B2F-AD48-7CD02EA145B3}.Release|x64.ActiveCfg = Release|x64
		{A5674657-318F-4B2F-AD48-7CD02EA145B3}.Release|x64.Build.0 = Release|x64
		{A5674657-318F-4B2F-AD48-7CD02EA145B3}.Release|x86.ActiveCfg = Release|x86
		{A5674657-318F-4B2F-AD48-7CD02EA145B3}.Release|x86.Build.0 = Release|x86
		{716B33D2-4283-4DB8-A753-EE12A84FC3D0}.Debug|Any CPU.ActiveCfg = Debug|Any CPU
		{716B33D2-4283-4DB8-A753-EE12A84FC3D0}.Debug|Mixed Platforms.ActiveCfg = Debug|Any CPU
		{716B33D2-4283-4DB8-A753-EE12A84FC3D0}.Debug|Mixed Platforms.Build.0 = Debug|Any CPU
		{716B33D2-4283-4DB8-A753-EE12A84FC3D0}.Debug|Win32.ActiveCfg = Debug|x86
		{716B33D2-4283-4DB8-A753-EE12A84FC3D0}.Debug|Win32.Build.0 = Debug|x86
		{716B33D2-4283-4DB8-A753-EE12A84FC3D0}.Debug|x64.ActiveCfg = Debug|x64
		{716B33D2-4283-4DB8-A753-EE12A84FC3D0}.Debug|x86.ActiveCfg = Debug|x86
		{716B33D2-4283-4DB8-A753-EE12A84FC3D0}.Debug|x86.Build.0 = Debug|x86
		{716B33D2-4283-4DB8-A753-EE12A84FC3D0}.Profile|Any CPU.ActiveCfg = Release|Any CPU
		{716B33D2-4283-4DB8-A753-EE12A84FC3D0}.Profile|Any CPU.Build.0 = Release|Any CPU
		{716B33D2-4283-4DB8-A753-EE12A84FC3D0}.Profile|Mixed Platforms.ActiveCfg = Release|Any CPU
		{716B33D2-4283-4DB8-A753-EE12A84FC3D0}.Profile|Mixed Platforms.Build.0 = Release|Any CPU
		{716B33D2-4283-4DB8-A753-EE12A84FC3D0}.Profile|Win32.ActiveCfg = Release|Any CPU
		{716B33D2-4283-4DB8-A753-EE12A84FC3D0}.Profile|x64.ActiveCfg = Release|x64
		{716B33D2-4283-4DB8-A753-EE12A84FC3D0}.Profile|x86.ActiveCfg = Release|x86
		{716B33D2-4283-4DB8-A753-EE12A84FC3D0}.Profile|x86.Build.0 = Release|x86
		{716B33D2-4283-4DB8-A753-EE12A84FC3D0}.Release|Any CPU.ActiveCfg = Release|Any CPU
		{716B33D2-4283-4DB8-A753-EE12A84FC3D0}.Release|Any CPU.Build.0 = Release|Any CPU
		{716B33D2-4283-4DB8-A753-EE12A84FC3D0}.Release|Mixed Platforms.ActiveCfg = Release|Any CPU
		{716B33D2-4283-4DB8-A753-EE12A84FC3D0}.Release|Mixed Platforms.Build.0 = Release|Any CPU
		{716B33D2-4283-4DB8-A753-EE12A84FC3D0}.Release|Win32.ActiveCfg = Release|Any CPU
		{716B33D2-4283-4DB8-A753-EE12A84FC3D0}.Release|x64.ActiveCfg = Release|x64
		{716B33D2-4283-4DB8-A753-EE12A84FC3D0}.Release|x86.ActiveCfg = Release|x86
		{5CAEB705-867E-442D-A87F-38445CF0848F}.Debug|Any CPU.ActiveCfg = Debug|Any CPU
		{5CAEB705-867E-442D-A87F-38445CF0848F}.Debug|Any CPU.Build.0 = Debug|Any CPU
		{5CAEB705-867E-442D-A87F-38445CF0848F}.Debug|Mixed Platforms.ActiveCfg = Debug|Any CPU
		{5CAEB705-867E-442D-A87F-38445CF0848F}.Debug|Mixed Platforms.Build.0 = Debug|Any CPU
		{5CAEB705-867E-442D-A87F-38445CF0848F}.Debug|Win32.ActiveCfg = Debug|Any CPU
		{5CAEB705-867E-442D-A87F-38445CF0848F}.Debug|x64.ActiveCfg = Debug|x64
		{5CAEB705-867E-442D-A87F-38445CF0848F}.Debug|x64.Build.0 = Debug|x64
		{5CAEB705-867E-442D-A87F-38445CF0848F}.Debug|x86.ActiveCfg = Debug|x86
		{5CAEB705-867E-442D-A87F-38445CF0848F}.Debug|x86.Build.0 = Debug|x86
		{5CAEB705-867E-442D-A87F-38445CF0848F}.Profile|Any CPU.ActiveCfg = Release|Any CPU
		{5CAEB705-867E-442D-A87F-38445CF0848F}.Profile|Any CPU.Build.0 = Release|Any CPU
		{5CAEB705-867E-442D-A87F-38445CF0848F}.Profile|Mixed Platforms.ActiveCfg = Release|Any CPU
		{5CAEB705-867E-442D-A87F-38445CF0848F}.Profile|Mixed Platforms.Build.0 = Release|Any CPU
		{5CAEB705-867E-442D-A87F-38445CF0848F}.Profile|Win32.ActiveCfg = Release|Any CPU
		{5CAEB705-867E-442D-A87F-38445CF0848F}.Profile|x64.ActiveCfg = Release|Any CPU
		{5CAEB705-867E-442D-A87F-38445CF0848F}.Profile|x86.ActiveCfg = Release|x86
		{5CAEB705-867E-442D-A87F-38445CF0848F}.Profile|x86.Build.0 = Release|x86
		{5CAEB705-867E-442D-A87F-38445CF0848F}.Release|Any CPU.ActiveCfg = Release|Any CPU
		{5CAEB705-867E-442D-A87F-38445CF0848F}.Release|Any CPU.Build.0 = Release|Any CPU
		{5CAEB705-867E-442D-A87F-38445CF0848F}.Release|Mixed Platforms.ActiveCfg = Release|Any CPU
		{5CAEB705-867E-442D-A87F-38445CF0848F}.Release|Mixed Platforms.Build.0 = Release|Any CPU
		{5CAEB705-867E-442D-A87F-38445CF0848F}.Release|Win32.ActiveCfg = Release|Any CPU
		{5CAEB705-867E-442D-A87F-38445CF0848F}.Release|x64.ActiveCfg = Release|x64
		{5CAEB705-867E-442D-A87F-38445CF0848F}.Release|x64.Build.0 = Release|x64
		{5CAEB705-867E-442D-A87F-38445CF0848F}.Release|x86.ActiveCfg = Release|x86
		{5CAEB705-867E-442D-A87F-38445CF0848F}.Release|x86.Build.0 = Release|x86
		{22E98CCC-4B4F-4791-93D5-2F8B696712E5}.Debug|Any CPU.ActiveCfg = Debug|Any CPU
		{22E98CCC-4B4F-4791-93D5-2F8B696712E5}.Debug|Any CPU.Build.0 = Debug|Any CPU
		{22E98CCC-4B4F-4791-93D5-2F8B696712E5}.Debug|Mixed Platforms.ActiveCfg = Debug|Any CPU
		{22E98CCC-4B4F-4791-93D5-2F8B696712E5}.Debug|Mixed Platforms.Build.0 = Debug|Any CPU
		{22E98CCC-4B4F-4791-93D5-2F8B696712E5}.Debug|Win32.ActiveCfg = Debug|Any CPU
		{22E98CCC-4B4F-4791-93D5-2F8B696712E5}.Debug|x64.ActiveCfg = Debug|x64
		{22E98CCC-4B4F-4791-93D5-2F8B696712E5}.Debug|x64.Build.0 = Debug|x64
		{22E98CCC-4B4F-4791-93D5-2F8B696712E5}.Debug|x86.ActiveCfg = Debug|x86
		{22E98CCC-4B4F-4791-93D5-2F8B696712E5}.Debug|x86.Build.0 = Debug|x86
		{22E98CCC-4B4F-4791-93D5-2F8B696712E5}.Profile|Any CPU.ActiveCfg = Release|Any CPU
		{22E98CCC-4B4F-4791-93D5-2F8B696712E5}.Profile|Any CPU.Build.0 = Release|Any CPU
		{22E98CCC-4B4F-4791-93D5-2F8B696712E5}.Profile|Mixed Platforms.ActiveCfg = Release|Any CPU
		{22E98CCC-4B4F-4791-93D5-2F8B696712E5}.Profile|Mixed Platforms.Build.0 = Release|Any CPU
		{22E98CCC-4B4F-4791-93D5-2F8B696712E5}.Profile|Win32.ActiveCfg = Release|Any CPU
		{22E98CCC-4B4F-4791-93D5-2F8B696712E5}.Profile|x64.ActiveCfg = Release|Any CPU
		{22E98CCC-4B4F-4791-93D5-2F8B696712E5}.Profile|x86.ActiveCfg = Release|x86
		{22E98CCC-4B4F-4791-93D5-2F8B696712E5}.Profile|x86.Build.0 = Release|x86
		{22E98CCC-4B4F-4791-93D5-2F8B696712E5}.Release|Any CPU.ActiveCfg = Release|Any CPU
		{22E98CCC-4B4F-4791-93D5-2F8B696712E5}.Release|Any CPU.Build.0 = Release|Any CPU
		{22E98CCC-4B4F-4791-93D5-2F8B696712E5}.Release|Mixed Platforms.ActiveCfg = Release|Any CPU
		{22E98CCC-4B4F-4791-93D5-2F8B696712E5}.Release|Mixed Platforms.Build.0 = Release|Any CPU
		{22E98CCC-4B4F-4791-93D5-2F8B696712E5}.Release|Win32.ActiveCfg = Release|Any CPU
		{22E98CCC-4B4F-4791-93D5-2F8B696712E5}.Release|x64.ActiveCfg = Release|x64
		{22E98CCC-4B4F-4791-93D5-2F8B696712E5}.Release|x64.Build.0 = Release|x64
		{22E98CCC-4B4F-4791-93D5-2F8B696712E5}.Release|x86.ActiveCfg = Release|x86
		{22E98CCC-4B4F-4791-93D5-2F8B696712E5}.Release|x86.Build.0 = Release|x86
		{09CF756F-3958-41CB-AA3B-15DF41D71470}.Debug|Any CPU.ActiveCfg = Debug|Any CPU
		{09CF756F-3958-41CB-AA3B-15DF41D71470}.Debug|Any CPU.Build.0 = Debug|Any CPU
		{09CF756F-3958-41CB-AA3B-15DF41D71470}.Debug|Mixed Platforms.ActiveCfg = Debug|Any CPU
		{09CF756F-3958-41CB-AA3B-15DF41D71470}.Debug|Mixed Platforms.Build.0 = Debug|Any CPU
		{09CF756F-3958-41CB-AA3B-15DF41D71470}.Debug|Win32.ActiveCfg = Debug|Any CPU
		{09CF756F-3958-41CB-AA3B-15DF41D71470}.Debug|x64.ActiveCfg = Debug|x64
		{09CF756F-3958-41CB-AA3B-15DF41D71470}.Debug|x64.Build.0 = Debug|x64
		{09CF756F-3958-41CB-AA3B-15DF41D71470}.Debug|x86.ActiveCfg = Debug|x86
		{09CF756F-3958-41CB-AA3B-15DF41D71470}.Debug|x86.Build.0 = Debug|x86
		{09CF756F-3958-41CB-AA3B-15DF41D71470}.Profile|Any CPU.ActiveCfg = Release|Any CPU
		{09CF756F-3958-41CB-AA3B-15DF41D71470}.Profile|Any CPU.Build.0 = Release|Any CPU
		{09CF756F-3958-41CB-AA3B-15DF41D71470}.Profile|Mixed Platforms.ActiveCfg = Release|Any CPU
		{09CF756F-3958-41CB-AA3B-15DF41D71470}.Profile|Mixed Platforms.Build.0 = Release|Any CPU
		{09CF756F-3958-41CB-AA3B-15DF41D71470}.Profile|Win32.ActiveCfg = Release|Any CPU
		{09CF756F-3958-41CB-AA3B-15DF41D71470}.Profile|x64.ActiveCfg = Release|Any CPU
		{09CF756F-3958-41CB-AA3B-15DF41D71470}.Profile|x86.ActiveCfg = Release|x86
		{09CF756F-3958-41CB-AA3B-15DF41D71470}.Profile|x86.Build.0 = Release|x86
		{09CF756F-3958-41CB-AA3B-15DF41D71470}.Release|Any CPU.ActiveCfg = Release|Any CPU
		{09CF756F-3958-41CB-AA3B-15DF41D71470}.Release|Any CPU.Build.0 = Release|Any CPU
		{09CF756F-3958-41CB-AA3B-15DF41D71470}.Release|Mixed Platforms.ActiveCfg = Release|Any CPU
		{09CF756F-3958-41CB-AA3B-15DF41D71470}.Release|Mixed Platforms.Build.0 = Release|Any CPU
		{09CF756F-3958-41CB-AA3B-15DF41D71470}.Release|Win32.ActiveCfg = Release|Any CPU
		{09CF756F-3958-41CB-AA3B-15DF41D71470}.Release|x64.ActiveCfg = Release|x64
		{09CF756F-3958-41CB-AA3B-15DF41D71470}.Release|x64.Build.0 = Release|x64
		{09CF756F-3958-41CB-AA3B-15DF41D71470}.Release|x86.ActiveCfg = Release|x86
		{09CF756F-3958-41CB-AA3B-15DF41D71470}.Release|x86.Build.0 = Release|x86
		{66C92C22-3CC3-4A5F-98C3-D79ECCE98521}.Debug|Any CPU.ActiveCfg = Debug|Any CPU
		{66C92C22-3CC3-4A5F-98C3-D79ECCE98521}.Debug|Any CPU.Build.0 = Debug|Any CPU
		{66C92C22-3CC3-4A5F-98C3-D79ECCE98521}.Debug|Mixed Platforms.ActiveCfg = Debug|Any CPU
		{66C92C22-3CC3-4A5F-98C3-D79ECCE98521}.Debug|Mixed Platforms.Build.0 = Debug|Any CPU
		{66C92C22-3CC3-4A5F-98C3-D79ECCE98521}.Debug|Win32.ActiveCfg = Debug|Any CPU
		{66C92C22-3CC3-4A5F-98C3-D79ECCE98521}.Debug|x64.ActiveCfg = Debug|x64
		{66C92C22-3CC3-4A5F-98C3-D79ECCE98521}.Debug|x64.Build.0 = Debug|x64
		{66C92C22-3CC3-4A5F-98C3-D79ECCE98521}.Debug|x86.ActiveCfg = Debug|x86
		{66C92C22-3CC3-4A5F-98C3-D79ECCE98521}.Debug|x86.Build.0 = Debug|x86
		{66C92C22-3CC3-4A5F-98C3-D79ECCE98521}.Profile|Any CPU.ActiveCfg = Release|Any CPU
		{66C92C22-3CC3-4A5F-98C3-D79ECCE98521}.Profile|Any CPU.Build.0 = Release|Any CPU
		{66C92C22-3CC3-4A5F-98C3-D79ECCE98521}.Profile|Mixed Platforms.ActiveCfg = Release|Any CPU
		{66C92C22-3CC3-4A5F-98C3-D79ECCE98521}.Profile|Mixed Platforms.Build.0 = Release|Any CPU
		{66C92C22-3CC3-4A5F-98C3-D79ECCE98521}.Profile|Win32.ActiveCfg = Release|Any CPU
		{66C92C22-3CC3-4A5F-98C3-D79ECCE98521}.Profile|x64.ActiveCfg = Release|Any CPU
		{66C92C22-3CC3-4A5F-98C3-D79ECCE98521}.Profile|x86.ActiveCfg = Release|x86
		{66C92C22-3CC3-4A5F-98C3-D79ECCE98521}.Profile|x86.Build.0 = Release|x86
		{66C92C22-3CC3-4A5F-98C3-D79ECCE98521}.Release|Any CPU.ActiveCfg = Release|Any CPU
		{66C92C22-3CC3-4A5F-98C3-D79ECCE98521}.Release|Any CPU.Build.0 = Release|Any CPU
		{66C92C22-3CC3-4A5F-98C3-D79ECCE98521}.Release|Mixed Platforms.ActiveCfg = Release|Any CPU
		{66C92C22-3CC3-4A5F-98C3-D79ECCE98521}.Release|Mixed Platforms.Build.0 = Release|Any CPU
		{66C92C22-3CC3-4A5F-98C3-D79ECCE98521}.Release|Win32.ActiveCfg = Release|Any CPU
		{66C92C22-3CC3-4A5F-98C3-D79ECCE98521}.Release|x64.ActiveCfg = Release|x64
		{66C92C22-3CC3-4A5F-98C3-D79ECCE98521}.Release|x64.Build.0 = Release|x64
		{66C92C22-3CC3-4A5F-98C3-D79ECCE98521}.Release|x86.ActiveCfg = Release|x86
		{66C92C22-3CC3-4A5F-98C3-D79ECCE98521}.Release|x86.Build.0 = Release|x86
		{BA6E0555-B573-4B6B-B3F5-5EF04656D010}.Debug|Any CPU.ActiveCfg = Debug|Any CPU
		{BA6E0555-B573-4B6B-B3F5-5EF04656D010}.Debug|Any CPU.Build.0 = Debug|Any CPU
		{BA6E0555-B573-4B6B-B3F5-5EF04656D010}.Debug|Mixed Platforms.ActiveCfg = Debug|Any CPU
		{BA6E0555-B573-4B6B-B3F5-5EF04656D010}.Debug|Mixed Platforms.Build.0 = Debug|Any CPU
		{BA6E0555-B573-4B6B-B3F5-5EF04656D010}.Debug|Win32.ActiveCfg = Debug|Any CPU
		{BA6E0555-B573-4B6B-B3F5-5EF04656D010}.Debug|x64.ActiveCfg = Debug|x64
		{BA6E0555-B573-4B6B-B3F5-5EF04656D010}.Debug|x64.Build.0 = Debug|x64
		{BA6E0555-B573-4B6B-B3F5-5EF04656D010}.Debug|x86.ActiveCfg = Debug|x86
		{BA6E0555-B573-4B6B-B3F5-5EF04656D010}.Debug|x86.Build.0 = Debug|x86
		{BA6E0555-B573-4B6B-B3F5-5EF04656D010}.Profile|Any CPU.ActiveCfg = Release|Any CPU
		{BA6E0555-B573-4B6B-B3F5-5EF04656D010}.Profile|Any CPU.Build.0 = Release|Any CPU
		{BA6E0555-B573-4B6B-B3F5-5EF04656D010}.Profile|Mixed Platforms.ActiveCfg = Release|Any CPU
		{BA6E0555-B573-4B6B-B3F5-5EF04656D010}.Profile|Mixed Platforms.Build.0 = Release|Any CPU
		{BA6E0555-B573-4B6B-B3F5-5EF04656D010}.Profile|Win32.ActiveCfg = Release|Any CPU
		{BA6E0555-B573-4B6B-B3F5-5EF04656D010}.Profile|x64.ActiveCfg = Release|x64
		{BA6E0555-B573-4B6B-B3F5-5EF04656D010}.Profile|x64.Build.0 = Release|x64
		{BA6E0555-B573-4B6B-B3F5-5EF04656D010}.Profile|x86.ActiveCfg = Release|x86
		{BA6E0555-B573-4B6B-B3F5-5EF04656D010}.Profile|x86.Build.0 = Release|x86
		{BA6E0555-B573-4B6B-B3F5-5EF04656D010}.Release|Any CPU.ActiveCfg = Release|Any CPU
		{BA6E0555-B573-4B6B-B3F5-5EF04656D010}.Release|Any CPU.Build.0 = Release|Any CPU
		{BA6E0555-B573-4B6B-B3F5-5EF04656D010}.Release|Mixed Platforms.ActiveCfg = Release|Any CPU
		{BA6E0555-B573-4B6B-B3F5-5EF04656D010}.Release|Mixed Platforms.Build.0 = Release|Any CPU
		{BA6E0555-B573-4B6B-B3F5-5EF04656D010}.Release|Win32.ActiveCfg = Release|Any CPU
		{BA6E0555-B573-4B6B-B3F5-5EF04656D010}.Release|x64.ActiveCfg = Release|x64
		{BA6E0555-B573-4B6B-B3F5-5EF04656D010}.Release|x64.Build.0 = Release|x64
		{BA6E0555-B573-4B6B-B3F5-5EF04656D010}.Release|x86.ActiveCfg = Release|x86
		{BA6E0555-B573-4B6B-B3F5-5EF04656D010}.Release|x86.Build.0 = Release|x86
		{B46F065A-A250-40EB-BFDA-B4CC3230887E}.Debug|Any CPU.ActiveCfg = Debug|Any CPU
		{B46F065A-A250-40EB-BFDA-B4CC3230887E}.Debug|Any CPU.Build.0 = Debug|Any CPU
		{B46F065A-A250-40EB-BFDA-B4CC3230887E}.Debug|Mixed Platforms.ActiveCfg = Debug|Any CPU
		{B46F065A-A250-40EB-BFDA-B4CC3230887E}.Debug|Mixed Platforms.Build.0 = Debug|Any CPU
		{B46F065A-A250-40EB-BFDA-B4CC3230887E}.Debug|Win32.ActiveCfg = Debug|Any CPU
		{B46F065A-A250-40EB-BFDA-B4CC3230887E}.Debug|x64.ActiveCfg = Debug|x64
		{B46F065A-A250-40EB-BFDA-B4CC3230887E}.Debug|x64.Build.0 = Debug|x64
		{B46F065A-A250-40EB-BFDA-B4CC3230887E}.Debug|x86.ActiveCfg = Debug|Any CPU
		{B46F065A-A250-40EB-BFDA-B4CC3230887E}.Profile|Any CPU.ActiveCfg = Release|Any CPU
		{B46F065A-A250-40EB-BFDA-B4CC3230887E}.Profile|Any CPU.Build.0 = Release|Any CPU
		{B46F065A-A250-40EB-BFDA-B4CC3230887E}.Profile|Mixed Platforms.ActiveCfg = Release|Any CPU
		{B46F065A-A250-40EB-BFDA-B4CC3230887E}.Profile|Mixed Platforms.Build.0 = Release|Any CPU
		{B46F065A-A250-40EB-BFDA-B4CC3230887E}.Profile|Win32.ActiveCfg = Release|Any CPU
		{B46F065A-A250-40EB-BFDA-B4CC3230887E}.Profile|x64.ActiveCfg = Release|x64
		{B46F065A-A250-40EB-BFDA-B4CC3230887E}.Profile|x86.ActiveCfg = Release|Any CPU
		{B46F065A-A250-40EB-BFDA-B4CC3230887E}.Release|Any CPU.ActiveCfg = Release|Any CPU
		{B46F065A-A250-40EB-BFDA-B4CC3230887E}.Release|Any CPU.Build.0 = Release|Any CPU
		{B46F065A-A250-40EB-BFDA-B4CC3230887E}.Release|Mixed Platforms.ActiveCfg = Release|Any CPU
		{B46F065A-A250-40EB-BFDA-B4CC3230887E}.Release|Mixed Platforms.Build.0 = Release|Any CPU
		{B46F065A-A250-40EB-BFDA-B4CC3230887E}.Release|Win32.ActiveCfg = Release|Any CPU
		{B46F065A-A250-40EB-BFDA-B4CC3230887E}.Release|x64.ActiveCfg = Release|x64
		{B46F065A-A250-40EB-BFDA-B4CC3230887E}.Release|x86.ActiveCfg = Release|Any CPU
	EndGlobalSection
	GlobalSection(SolutionProperties) = preSolution
		HideSolutionNode = FALSE
	EndGlobalSection
	GlobalSection(NestedProjects) = preSolution
		{2D5BF212-72A6-405A-B30D-3F24D9969E9C} = {0A023383-5949-4C51-B394-910E29E90974}
		{DF55758A-7F37-452D-A01C-201735BF86F2} = {0A023383-5949-4C51-B394-910E29E90974}
		{CEC07704-2A19-4BF1-B46D-8FCF9C5965EE} = {0A023383-5949-4C51-B394-910E29E90974}
		{DD026A89-C5FE-4150-BC85-A660E427826A} = {0A023383-5949-4C51-B394-910E29E90974}
		{6C974BA3-ECBA-4436-85CB-218EEBB33D53} = {0A023383-5949-4C51-B394-910E29E90974}
		{9A67863F-D886-41A5-A8D1-04BA1379B097} = {0A023383-5949-4C51-B394-910E29E90974}
		{E96E2072-C7EF-46BB-A3F1-8CF6B26BF019} = {0A023383-5949-4C51-B394-910E29E90974}
		{F96CDFD3-8954-4F4F-AFB0-2855D98F051B} = {0A023383-5949-4C51-B394-910E29E90974}
		{7523DEED-A096-4B6E-B1D9-EDDA85EE6AA6} = {0A023383-5949-4C51-B394-910E29E90974}
		{371B9FA9-4C90-4AC6-A123-ACED756D6C77} = {0A023383-5949-4C51-B394-910E29E90974}
		{E23A7535-002F-4DD6-93F4-445B123D75B5} = {0A023383-5949-4C51-B394-910E29E90974}
		{4CEFF180-C07C-4AD5-B9CA-5F90E30391E5} = {0A023383-5949-4C51-B394-910E29E90974}
		{9888852C-1E10-4F66-853F-6D5A4EF975F6} = {F6D3608B-2809-4A0B-BE24-10D2C6280922}
		{47B4C83F-5F15-492C-AA9A-1CC4633C59F8} = {F6D3608B-2809-4A0B-BE24-10D2C6280922}
		{B75C3965-BE2A-4269-848C-840AA520EAFA} = {F6D3608B-2809-4A0B-BE24-10D2C6280922}
		{977DAF1E-2B43-4446-81B5-B622E6BC4735} = {F6D3608B-2809-4A0B-BE24-10D2C6280922}
		{5CAEB705-867E-442D-A87F-38445CF0848F} = {F6D3608B-2809-4A0B-BE24-10D2C6280922}
		{BA6E0555-B573-4B6B-B3F5-5EF04656D010} = {F6D3608B-2809-4A0B-BE24-10D2C6280922}
		{B46F065A-A250-40EB-BFDA-B4CC3230887E} = {F6D3608B-2809-4A0B-BE24-10D2C6280922}
		{18596921-7FD6-42C5-82C6-8BDB83EBB29C} = {8A960D0C-3AB6-41CC-8F28-F256E418FB79}
		{6E23D3C1-BE35-49BC-9573-CCF89C1C4171} = {8A960D0C-3AB6-41CC-8F28-F256E418FB79}
		{882F79F3-62E7-4523-B0BA-8FA1144D565B} = {8A960D0C-3AB6-41CC-8F28-F256E418FB79}
		{14B9C667-EB92-46CE-A8A6-08CC5D2B2028} = {8A960D0C-3AB6-41CC-8F28-F256E418FB79}
		{AA968977-4C07-4BDC-B8D8-1AA1D2292A4D} = {8A960D0C-3AB6-41CC-8F28-F256E418FB79}
		{F3C06250-122F-465A-868C-16DF0FCA624C} = {8A960D0C-3AB6-41CC-8F28-F256E418FB79}
		{A5674657-318F-4B2F-AD48-7CD02EA145B3} = {8A960D0C-3AB6-41CC-8F28-F256E418FB79}
		{716B33D2-4283-4DB8-A753-EE12A84FC3D0} = {8A960D0C-3AB6-41CC-8F28-F256E418FB79}
		{22E98CCC-4B4F-4791-93D5-2F8B696712E5} = {8A960D0C-3AB6-41CC-8F28-F256E418FB79}
		{09CF756F-3958-41CB-AA3B-15DF41D71470} = {8A960D0C-3AB6-41CC-8F28-F256E418FB79}
		{66C92C22-3CC3-4A5F-98C3-D79ECCE98521} = {8A960D0C-3AB6-41CC-8F28-F256E418FB79}
		{72C7AC55-0848-40BF-BC32-519FD5BB39CE} = {D9149787-ECC3-4789-BBD0-ABB83BC1EB60}
	EndGlobalSection
EndGlobal
