
Microsoft Visual Studio Solution File, Format Version 12.00
# Visual Studio 15
VisualStudioVersion = 15.0.28307.902
MinimumVisualStudioVersion = 10.0.40219.1
Project("{8BC9CEB8-8B4A-11D0-8D11-00A0C91BC942}") = "BaseLib", "Packages\BaseLib\BaseLib.vcxproj", "{C0CC204C-E20A-4456-A216-A1C3E4FD3703}"
EndProject
Project("{2150E333-8FDC-42A3-9474-1A3956D46DE8}") = "Libraries", "Libraries", "{0A023383-5949-4C51-B394-910E29E90974}"
EndProject
Project("{8BC9CEB8-8B4A-11D0-8D11-00A0C91BC942}") = "MathSimple", "Packages\MathSimple\MathSimple.vcxproj", "{CEC07704-2A19-4BF1-B46D-8FCF9C5965EE}"
EndProject
Project("{FAE04EC0-301F-11D3-BF4B-00C04F79EFBC}") = "MathAdvanced", "Packages\MathAdvanced\MathAdvanced.csproj", "{DD026A89-C5FE-4150-BC85-A660E427826A}"
EndProject
Project("{2150E333-8FDC-42A3-9474-1A3956D46DE8}") = "Generators and Converters", "Generators and Converters", "{A7A3F95C-0AAF-4737-BFA3-0211799C0B36}"
EndProject
Project("{8BC9CEB8-8B4A-11D0-8D11-00A0C91BC942}") = "ImageUtility", "Packages\ImageUtility\ImageUtility.vcxproj", "{6C974BA3-ECBA-4436-85CB-218EEBB33D53}"
EndProject
Project("{FAE04EC0-301F-11D3-BF4B-00C04F79EFBC}") = "UIUtility", "Packages\UIUtility\UIUtility.csproj", "{9A67863F-D886-41A5-A8D1-04BA1379B097}"
EndProject
Project("{FAE04EC0-301F-11D3-BF4B-00C04F79EFBC}") = "MathSphericalHarmonics", "Packages\MathSphericalHarmonics\MathSphericalHarmonics.csproj", "{E96E2072-C7EF-46BB-A3F1-8CF6B26BF019}"
EndProject
Project("{8BC9CEB8-8B4A-11D0-8D11-00A0C91BC942}") = "Renderer", "Packages\Renderer\Renderer.vcxproj", "{F96CDFD3-8954-4F4F-AFB0-2855D98F051B}"
EndProject
Project("{8BC9CEB8-8B4A-11D0-8D11-00A0C91BC942}") = "RendererLib", "Packages\RendererLib\RendererLib.vcxproj", "{7523DEED-A096-4B6E-B1D9-EDDA85EE6AA6}"
EndProject
Project("{FAE04EC0-301F-11D3-BF4B-00C04F79EFBC}") = "GenerateAmbientOcclusionMap", "Tools\GenerateAmbientOcclusionMap\GenerateAmbientOcclusionMap.csproj", "{4334A78F-8D43-4C3E-982E-E3B82D7D3F7A}"
EndProject
Project("{2150E333-8FDC-42A3-9474-1A3956D46DE8}") = "Utilities", "Utilities", "{4B8CA9CC-B6D2-46E4-848F-35B8710EEE95}"
EndProject
Project("{FAE04EC0-301F-11D3-BF4B-00C04F79EFBC}") = "ConcatenateShaders", "Tools\ConcatenateShaders\ConcatenateShaders.csproj", "{B741A6E5-1850-49B7-9129-29AF1EA44686}"
EndProject
Project("{FAE04EC0-301F-11D3-BF4B-00C04F79EFBC}") = "Cooker", "Tools\Cooker\Cooker.csproj", "{EB400C51-70B9-4809-AC8B-D8D3D6F7C5DE}"
EndProject
Project("{8BC9CEB8-8B4A-11D0-8D11-00A0C91BC942}") = "DirectXTex", "Packages\DirectXTex\DirectXTex\DirectXTex_Desktop_2012.vcxproj", "{371B9FA9-4C90-4AC6-A123-ACED756D6C77}"
EndProject
Project("{FAE04EC0-301F-11D3-BF4B-00C04F79EFBC}") = "GenerateSelfShadowedBumpMap", "Tools\GenerateSelfShadowedBumpMap\GenerateSelfShadowedBumpMap.csproj", "{E39FEF9B-B9C8-484E-ACB8-6D21C7012921}"
EndProject
Project("{FAE04EC0-301F-11D3-BF4B-00C04F79EFBC}") = "GenerateTranslucencyMap", "Tools\GenerateTranslucencyMap\GenerateTranslucencyMap.csproj", "{99EF9619-2208-4BF2-9841-E72FFD912805}"
EndProject
Project("{FAE04EC0-301F-11D3-BF4B-00C04F79EFBC}") = "MathFFT", "Packages\MathFFT\MathFFT.csproj", "{E23A7535-002F-4DD6-93F4-445B123D75B5}"
EndProject
Project("{FAE04EC0-301F-11D3-BF4B-00C04F79EFBC}") = "GenerateBlueNoise", "Tools\GenerateBlueNoise\GenerateBlueNoise.csproj", "{458B0C80-5F87-42D7-A084-75C7F143820E}"
EndProject
Project("{8BC9CEB8-8B4A-11D0-8D11-00A0C91BC942}") = "MathSolversLib", "Packages\MathSolversLib\MathSolversLib.vcxproj", "{4CEFF180-C07C-4AD5-B9CA-5F90E30391E5}"
EndProject
Project("{FAE04EC0-301F-11D3-BF4B-00C04F79EFBC}") = "sRGBLinearConverter", "Tools\sRGBLinearConverter\sRGBLinearConverter.csproj", "{59AB0801-6E22-4781-B48D-3FD46421204C}"
EndProject
Project("{FAE04EC0-301F-11D3-BF4B-00C04F79EFBC}") = "ConvertNormalMap2HeightMap", "Tools\ConvertNormalMap2HeightMap\ConvertNormalMap2HeightMap.csproj", "{74574A82-09D8-478F-A48C-D9BB86D8D8B6}"
EndProject
Project("{FAE04EC0-301F-11D3-BF4B-00C04F79EFBC}") = "AlbedoDatabaseGenerator", "Tools\AlbedoDatabaseGenerator\AlbedoDatabaseGenerator.csproj", "{779FF851-2A83-4797-AAF5-2A3F2BFF1AE8}"
EndProject
Project("{FAE04EC0-301F-11D3-BF4B-00C04F79EFBC}") = "VoronoiVisualizer", "Tools\VoronoiVisualizer\VoronoiVisualizer.csproj", "{2CC01836-7A66-4176-A55C-7A53B4C73745}"
EndProject
Project("{FAE04EC0-301F-11D3-BF4B-00C04F79EFBC}") = "BImageViewer", "Tools\BImageViewer\BImageViewer.csproj", "{2BEBFD43-4EC8-4B31-B6F5-D4A9E5F5FB70}"
EndProject
Project("{8BC9CEB8-8B4A-11D0-8D11-00A0C91BC942}") = "AxFService", "Packages\AxFService\AxFService.vcxproj", "{7390F320-31D5-43DF-8EB3-3C5C953303B2}"
EndProject
Project("{FAE04EC0-301F-11D3-BF4B-00C04F79EFBC}") = "AxFExtractor", "Tools\AxFExtractor\AxFExtractor.csproj", "{7512DFFA-B672-44D8-B834-DC7849503F70}"
EndProject
Project("{FAE04EC0-301F-11D3-BF4B-00C04F79EFBC}") = "LTCTableGenerator", "Tools\LTCTableGenerator\LTCTableGenerator.csproj", "{65AC0B6B-B1B0-4E96-8AB5-1DE447F73E52}"
EndProject
Project("{8BC9CEB8-8B4A-11D0-8D11-00A0C91BC942}") = "DemoCode", "Tools\LTCTableGenerator\DemoCode\DemoCode.vcxproj", "{8CDF3B35-F251-47E3-A549-8E7BCB3A9B8B}"
EndProject
Project("{2150E333-8FDC-42A3-9474-1A3956D46DE8}") = "LTC", "LTC", "{0C624A70-43F3-4EEC-AA9E-E9E695D07568}"
EndProject
Project("{FAE04EC0-301F-11D3-BF4B-00C04F79EFBC}") = "ColorExporter", "Tools\ColorExporter\ColorExporter.csproj", "{2A0C31DF-0CE7-449D-BC2B-F4183016A574}"
EndProject
Project("{8BC9CEB8-8B4A-11D0-8D11-00A0C91BC942}") = "ImageUtilityLib", "Packages\ImageUtilityLib\ImageUtilityLib2017.vcxproj", "{E4903ED5-BC9D-4D1E-BD88-C811B140825D}"
EndProject
Project("{2150E333-8FDC-42A3-9474-1A3956D46DE8}") = "Native", "Native", "{ECCF507C-ACD7-426D-B22D-8D063A427253}"
EndProject
Global
	GlobalSection(SolutionConfigurationPlatforms) = preSolution
		Debug|Any CPU = Debug|Any CPU
		Debug|Mixed Platforms = Debug|Mixed Platforms
		Debug|Win32 = Debug|Win32
		Debug|x64 = Debug|x64
		Debug|x86 = Debug|x86
		Profile|Any CPU = Profile|Any CPU
		Profile|Mixed Platforms = Profile|Mixed Platforms
		Profile|Win32 = Profile|Win32
		Profile|x64 = Profile|x64
		Profile|x86 = Profile|x86
		Release|Any CPU = Release|Any CPU
		Release|Mixed Platforms = Release|Mixed Platforms
		Release|Win32 = Release|Win32
		Release|x64 = Release|x64
		Release|x86 = Release|x86
	EndGlobalSection
	GlobalSection(ProjectConfigurationPlatforms) = postSolution
		{C0CC204C-E20A-4456-A216-A1C3E4FD3703}.Debug|Any CPU.ActiveCfg = Debug|x64
		{C0CC204C-E20A-4456-A216-A1C3E4FD3703}.Debug|Any CPU.Build.0 = Debug|x64
		{C0CC204C-E20A-4456-A216-A1C3E4FD3703}.Debug|Mixed Platforms.ActiveCfg = Debug|Win32
		{C0CC204C-E20A-4456-A216-A1C3E4FD3703}.Debug|Mixed Platforms.Build.0 = Debug|Win32
		{C0CC204C-E20A-4456-A216-A1C3E4FD3703}.Debug|Win32.ActiveCfg = Debug|Win32
		{C0CC204C-E20A-4456-A216-A1C3E4FD3703}.Debug|Win32.Build.0 = Debug|Win32
		{C0CC204C-E20A-4456-A216-A1C3E4FD3703}.Debug|x64.ActiveCfg = Debug|x64
		{C0CC204C-E20A-4456-A216-A1C3E4FD3703}.Debug|x64.Build.0 = Debug|x64
		{C0CC204C-E20A-4456-A216-A1C3E4FD3703}.Debug|x86.ActiveCfg = Debug|Win32
		{C0CC204C-E20A-4456-A216-A1C3E4FD3703}.Debug|x86.Build.0 = Debug|Win32
		{C0CC204C-E20A-4456-A216-A1C3E4FD3703}.Profile|Any CPU.ActiveCfg = Release|x64
		{C0CC204C-E20A-4456-A216-A1C3E4FD3703}.Profile|Any CPU.Build.0 = Release|x64
		{C0CC204C-E20A-4456-A216-A1C3E4FD3703}.Profile|Mixed Platforms.ActiveCfg = Release|Win32
		{C0CC204C-E20A-4456-A216-A1C3E4FD3703}.Profile|Mixed Platforms.Build.0 = Release|Win32
		{C0CC204C-E20A-4456-A216-A1C3E4FD3703}.Profile|Win32.ActiveCfg = Release|Win32
		{C0CC204C-E20A-4456-A216-A1C3E4FD3703}.Profile|Win32.Build.0 = Release|Win32
		{C0CC204C-E20A-4456-A216-A1C3E4FD3703}.Profile|x64.ActiveCfg = Release|x64
		{C0CC204C-E20A-4456-A216-A1C3E4FD3703}.Profile|x64.Build.0 = Release|x64
		{C0CC204C-E20A-4456-A216-A1C3E4FD3703}.Profile|x86.ActiveCfg = Release|Win32
		{C0CC204C-E20A-4456-A216-A1C3E4FD3703}.Profile|x86.Build.0 = Release|Win32
		{C0CC204C-E20A-4456-A216-A1C3E4FD3703}.Release|Any CPU.ActiveCfg = Release|x64
		{C0CC204C-E20A-4456-A216-A1C3E4FD3703}.Release|Any CPU.Build.0 = Release|x64
		{C0CC204C-E20A-4456-A216-A1C3E4FD3703}.Release|Mixed Platforms.ActiveCfg = Release|Win32
		{C0CC204C-E20A-4456-A216-A1C3E4FD3703}.Release|Mixed Platforms.Build.0 = Release|Win32
		{C0CC204C-E20A-4456-A216-A1C3E4FD3703}.Release|Win32.ActiveCfg = Release|Win32
		{C0CC204C-E20A-4456-A216-A1C3E4FD3703}.Release|Win32.Build.0 = Release|Win32
		{C0CC204C-E20A-4456-A216-A1C3E4FD3703}.Release|x64.ActiveCfg = Release|x64
		{C0CC204C-E20A-4456-A216-A1C3E4FD3703}.Release|x64.Build.0 = Release|x64
		{C0CC204C-E20A-4456-A216-A1C3E4FD3703}.Release|x86.ActiveCfg = Release|Win32
		{C0CC204C-E20A-4456-A216-A1C3E4FD3703}.Release|x86.Build.0 = Release|Win32
		{CEC07704-2A19-4BF1-B46D-8FCF9C5965EE}.Debug|Any CPU.ActiveCfg = Debug|x64
		{CEC07704-2A19-4BF1-B46D-8FCF9C5965EE}.Debug|Any CPU.Build.0 = Debug|x64
		{CEC07704-2A19-4BF1-B46D-8FCF9C5965EE}.Debug|Mixed Platforms.ActiveCfg = Debug|Win32
		{CEC07704-2A19-4BF1-B46D-8FCF9C5965EE}.Debug|Mixed Platforms.Build.0 = Debug|Win32
		{CEC07704-2A19-4BF1-B46D-8FCF9C5965EE}.Debug|Win32.ActiveCfg = Debug|Win32
		{CEC07704-2A19-4BF1-B46D-8FCF9C5965EE}.Debug|Win32.Build.0 = Debug|Win32
		{CEC07704-2A19-4BF1-B46D-8FCF9C5965EE}.Debug|x64.ActiveCfg = Debug|x64
		{CEC07704-2A19-4BF1-B46D-8FCF9C5965EE}.Debug|x64.Build.0 = Debug|x64
		{CEC07704-2A19-4BF1-B46D-8FCF9C5965EE}.Debug|x86.ActiveCfg = Debug|Win32
		{CEC07704-2A19-4BF1-B46D-8FCF9C5965EE}.Debug|x86.Build.0 = Debug|Win32
		{CEC07704-2A19-4BF1-B46D-8FCF9C5965EE}.Profile|Any CPU.ActiveCfg = Release|Win32
		{CEC07704-2A19-4BF1-B46D-8FCF9C5965EE}.Profile|Mixed Platforms.ActiveCfg = Release|Win32
		{CEC07704-2A19-4BF1-B46D-8FCF9C5965EE}.Profile|Mixed Platforms.Build.0 = Release|Win32
		{CEC07704-2A19-4BF1-B46D-8FCF9C5965EE}.Profile|Win32.ActiveCfg = Release|Win32
		{CEC07704-2A19-4BF1-B46D-8FCF9C5965EE}.Profile|Win32.Build.0 = Release|Win32
		{CEC07704-2A19-4BF1-B46D-8FCF9C5965EE}.Profile|x64.ActiveCfg = Release|x64
		{CEC07704-2A19-4BF1-B46D-8FCF9C5965EE}.Profile|x64.Build.0 = Release|x64
		{CEC07704-2A19-4BF1-B46D-8FCF9C5965EE}.Profile|x86.ActiveCfg = Release|Win32
		{CEC07704-2A19-4BF1-B46D-8FCF9C5965EE}.Profile|x86.Build.0 = Release|Win32
		{CEC07704-2A19-4BF1-B46D-8FCF9C5965EE}.Release|Any CPU.ActiveCfg = Release|x64
		{CEC07704-2A19-4BF1-B46D-8FCF9C5965EE}.Release|Any CPU.Build.0 = Release|x64
		{CEC07704-2A19-4BF1-B46D-8FCF9C5965EE}.Release|Mixed Platforms.ActiveCfg = Release|Win32
		{CEC07704-2A19-4BF1-B46D-8FCF9C5965EE}.Release|Mixed Platforms.Build.0 = Release|Win32
		{CEC07704-2A19-4BF1-B46D-8FCF9C5965EE}.Release|Win32.ActiveCfg = Release|Win32
		{CEC07704-2A19-4BF1-B46D-8FCF9C5965EE}.Release|Win32.Build.0 = Release|Win32
		{CEC07704-2A19-4BF1-B46D-8FCF9C5965EE}.Release|x64.ActiveCfg = Release|x64
		{CEC07704-2A19-4BF1-B46D-8FCF9C5965EE}.Release|x64.Build.0 = Release|x64
		{CEC07704-2A19-4BF1-B46D-8FCF9C5965EE}.Release|x86.ActiveCfg = Release|Win32
		{CEC07704-2A19-4BF1-B46D-8FCF9C5965EE}.Release|x86.Build.0 = Release|Win32
		{DD026A89-C5FE-4150-BC85-A660E427826A}.Debug|Any CPU.ActiveCfg = Debug|Any CPU
		{DD026A89-C5FE-4150-BC85-A660E427826A}.Debug|Any CPU.Build.0 = Debug|Any CPU
		{DD026A89-C5FE-4150-BC85-A660E427826A}.Debug|Mixed Platforms.ActiveCfg = Debug|Any CPU
		{DD026A89-C5FE-4150-BC85-A660E427826A}.Debug|Mixed Platforms.Build.0 = Debug|Any CPU
		{DD026A89-C5FE-4150-BC85-A660E427826A}.Debug|Win32.ActiveCfg = Debug|x86
		{DD026A89-C5FE-4150-BC85-A660E427826A}.Debug|Win32.Build.0 = Debug|x86
		{DD026A89-C5FE-4150-BC85-A660E427826A}.Debug|x64.ActiveCfg = Debug|x64
		{DD026A89-C5FE-4150-BC85-A660E427826A}.Debug|x64.Build.0 = Debug|x64
		{DD026A89-C5FE-4150-BC85-A660E427826A}.Debug|x86.ActiveCfg = Debug|x86
		{DD026A89-C5FE-4150-BC85-A660E427826A}.Debug|x86.Build.0 = Debug|x86
		{DD026A89-C5FE-4150-BC85-A660E427826A}.Profile|Any CPU.ActiveCfg = Release|Any CPU
		{DD026A89-C5FE-4150-BC85-A660E427826A}.Profile|Any CPU.Build.0 = Release|Any CPU
		{DD026A89-C5FE-4150-BC85-A660E427826A}.Profile|Mixed Platforms.ActiveCfg = Release|x86
		{DD026A89-C5FE-4150-BC85-A660E427826A}.Profile|Mixed Platforms.Build.0 = Release|x86
		{DD026A89-C5FE-4150-BC85-A660E427826A}.Profile|Win32.ActiveCfg = Release|x86
		{DD026A89-C5FE-4150-BC85-A660E427826A}.Profile|Win32.Build.0 = Release|x86
		{DD026A89-C5FE-4150-BC85-A660E427826A}.Profile|x64.ActiveCfg = Release|x64
		{DD026A89-C5FE-4150-BC85-A660E427826A}.Profile|x64.Build.0 = Release|x64
		{DD026A89-C5FE-4150-BC85-A660E427826A}.Profile|x86.ActiveCfg = Release|x86
		{DD026A89-C5FE-4150-BC85-A660E427826A}.Profile|x86.Build.0 = Release|x86
		{DD026A89-C5FE-4150-BC85-A660E427826A}.Release|Any CPU.ActiveCfg = Release|Any CPU
		{DD026A89-C5FE-4150-BC85-A660E427826A}.Release|Any CPU.Build.0 = Release|Any CPU
		{DD026A89-C5FE-4150-BC85-A660E427826A}.Release|Mixed Platforms.ActiveCfg = Release|x86
		{DD026A89-C5FE-4150-BC85-A660E427826A}.Release|Mixed Platforms.Build.0 = Release|x86
		{DD026A89-C5FE-4150-BC85-A660E427826A}.Release|Win32.ActiveCfg = Release|x86
		{DD026A89-C5FE-4150-BC85-A660E427826A}.Release|Win32.Build.0 = Release|x86
		{DD026A89-C5FE-4150-BC85-A660E427826A}.Release|x64.ActiveCfg = Release|x64
		{DD026A89-C5FE-4150-BC85-A660E427826A}.Release|x64.Build.0 = Release|x64
		{DD026A89-C5FE-4150-BC85-A660E427826A}.Release|x86.ActiveCfg = Release|x86
		{DD026A89-C5FE-4150-BC85-A660E427826A}.Release|x86.Build.0 = Release|x86
		{6C974BA3-ECBA-4436-85CB-218EEBB33D53}.Debug|Any CPU.ActiveCfg = Debug|x64
		{6C974BA3-ECBA-4436-85CB-218EEBB33D53}.Debug|Any CPU.Build.0 = Debug|x64
		{6C974BA3-ECBA-4436-85CB-218EEBB33D53}.Debug|Mixed Platforms.ActiveCfg = Debug|Win32
		{6C974BA3-ECBA-4436-85CB-218EEBB33D53}.Debug|Mixed Platforms.Build.0 = Debug|Win32
		{6C974BA3-ECBA-4436-85CB-218EEBB33D53}.Debug|Win32.ActiveCfg = Debug|Win32
		{6C974BA3-ECBA-4436-85CB-218EEBB33D53}.Debug|Win32.Build.0 = Debug|Win32
		{6C974BA3-ECBA-4436-85CB-218EEBB33D53}.Debug|x64.ActiveCfg = Debug|x64
		{6C974BA3-ECBA-4436-85CB-218EEBB33D53}.Debug|x64.Build.0 = Debug|x64
		{6C974BA3-ECBA-4436-85CB-218EEBB33D53}.Debug|x86.ActiveCfg = Debug|Win32
		{6C974BA3-ECBA-4436-85CB-218EEBB33D53}.Debug|x86.Build.0 = Debug|Win32
		{6C974BA3-ECBA-4436-85CB-218EEBB33D53}.Profile|Any CPU.ActiveCfg = Release|Win32
		{6C974BA3-ECBA-4436-85CB-218EEBB33D53}.Profile|Mixed Platforms.ActiveCfg = Release|Win32
		{6C974BA3-ECBA-4436-85CB-218EEBB33D53}.Profile|Mixed Platforms.Build.0 = Release|Win32
		{6C974BA3-ECBA-4436-85CB-218EEBB33D53}.Profile|Win32.ActiveCfg = Release|Win32
		{6C974BA3-ECBA-4436-85CB-218EEBB33D53}.Profile|Win32.Build.0 = Release|Win32
		{6C974BA3-ECBA-4436-85CB-218EEBB33D53}.Profile|x64.ActiveCfg = Release|x64
		{6C974BA3-ECBA-4436-85CB-218EEBB33D53}.Profile|x64.Build.0 = Release|x64
		{6C974BA3-ECBA-4436-85CB-218EEBB33D53}.Profile|x86.ActiveCfg = Release|Win32
		{6C974BA3-ECBA-4436-85CB-218EEBB33D53}.Profile|x86.Build.0 = Release|Win32
		{6C974BA3-ECBA-4436-85CB-218EEBB33D53}.Release|Any CPU.ActiveCfg = Release|x64
		{6C974BA3-ECBA-4436-85CB-218EEBB33D53}.Release|Any CPU.Build.0 = Release|x64
		{6C974BA3-ECBA-4436-85CB-218EEBB33D53}.Release|Mixed Platforms.ActiveCfg = Release|Win32
		{6C974BA3-ECBA-4436-85CB-218EEBB33D53}.Release|Mixed Platforms.Build.0 = Release|Win32
		{6C974BA3-ECBA-4436-85CB-218EEBB33D53}.Release|Win32.ActiveCfg = Release|Win32
		{6C974BA3-ECBA-4436-85CB-218EEBB33D53}.Release|Win32.Build.0 = Release|Win32
		{6C974BA3-ECBA-4436-85CB-218EEBB33D53}.Release|x64.ActiveCfg = Release|x64
		{6C974BA3-ECBA-4436-85CB-218EEBB33D53}.Release|x64.Build.0 = Release|x64
		{6C974BA3-ECBA-4436-85CB-218EEBB33D53}.Release|x86.ActiveCfg = Release|Win32
		{6C974BA3-ECBA-4436-85CB-218EEBB33D53}.Release|x86.Build.0 = Release|Win32
		{9A67863F-D886-41A5-A8D1-04BA1379B097}.Debug|Any CPU.ActiveCfg = Debug|Any CPU
		{9A67863F-D886-41A5-A8D1-04BA1379B097}.Debug|Any CPU.Build.0 = Debug|Any CPU
		{9A67863F-D886-41A5-A8D1-04BA1379B097}.Debug|Mixed Platforms.ActiveCfg = Debug|Any CPU
		{9A67863F-D886-41A5-A8D1-04BA1379B097}.Debug|Mixed Platforms.Build.0 = Debug|Any CPU
		{9A67863F-D886-41A5-A8D1-04BA1379B097}.Debug|Win32.ActiveCfg = Debug|x86
		{9A67863F-D886-41A5-A8D1-04BA1379B097}.Debug|Win32.Build.0 = Debug|x86
		{9A67863F-D886-41A5-A8D1-04BA1379B097}.Debug|x64.ActiveCfg = Debug|x64
		{9A67863F-D886-41A5-A8D1-04BA1379B097}.Debug|x64.Build.0 = Debug|x64
		{9A67863F-D886-41A5-A8D1-04BA1379B097}.Debug|x86.ActiveCfg = Debug|x86
		{9A67863F-D886-41A5-A8D1-04BA1379B097}.Debug|x86.Build.0 = Debug|x86
		{9A67863F-D886-41A5-A8D1-04BA1379B097}.Profile|Any CPU.ActiveCfg = Release|Any CPU
		{9A67863F-D886-41A5-A8D1-04BA1379B097}.Profile|Any CPU.Build.0 = Release|Any CPU
		{9A67863F-D886-41A5-A8D1-04BA1379B097}.Profile|Mixed Platforms.ActiveCfg = Release|x86
		{9A67863F-D886-41A5-A8D1-04BA1379B097}.Profile|Mixed Platforms.Build.0 = Release|x86
		{9A67863F-D886-41A5-A8D1-04BA1379B097}.Profile|Win32.ActiveCfg = Release|x86
		{9A67863F-D886-41A5-A8D1-04BA1379B097}.Profile|Win32.Build.0 = Release|x86
		{9A67863F-D886-41A5-A8D1-04BA1379B097}.Profile|x64.ActiveCfg = Release|x64
		{9A67863F-D886-41A5-A8D1-04BA1379B097}.Profile|x64.Build.0 = Release|x64
		{9A67863F-D886-41A5-A8D1-04BA1379B097}.Profile|x86.ActiveCfg = Release|x86
		{9A67863F-D886-41A5-A8D1-04BA1379B097}.Profile|x86.Build.0 = Release|x86
		{9A67863F-D886-41A5-A8D1-04BA1379B097}.Release|Any CPU.ActiveCfg = Release|Any CPU
		{9A67863F-D886-41A5-A8D1-04BA1379B097}.Release|Any CPU.Build.0 = Release|Any CPU
		{9A67863F-D886-41A5-A8D1-04BA1379B097}.Release|Mixed Platforms.ActiveCfg = Release|x86
		{9A67863F-D886-41A5-A8D1-04BA1379B097}.Release|Mixed Platforms.Build.0 = Release|x86
		{9A67863F-D886-41A5-A8D1-04BA1379B097}.Release|Win32.ActiveCfg = Release|x86
		{9A67863F-D886-41A5-A8D1-04BA1379B097}.Release|Win32.Build.0 = Release|x86
		{9A67863F-D886-41A5-A8D1-04BA1379B097}.Release|x64.ActiveCfg = Release|x64
		{9A67863F-D886-41A5-A8D1-04BA1379B097}.Release|x64.Build.0 = Release|x64
		{9A67863F-D886-41A5-A8D1-04BA1379B097}.Release|x86.ActiveCfg = Release|x86
		{9A67863F-D886-41A5-A8D1-04BA1379B097}.Release|x86.Build.0 = Release|x86
		{E96E2072-C7EF-46BB-A3F1-8CF6B26BF019}.Debug|Any CPU.ActiveCfg = Debug|Any CPU
		{E96E2072-C7EF-46BB-A3F1-8CF6B26BF019}.Debug|Any CPU.Build.0 = Debug|Any CPU
		{E96E2072-C7EF-46BB-A3F1-8CF6B26BF019}.Debug|Mixed Platforms.ActiveCfg = Debug|Any CPU
		{E96E2072-C7EF-46BB-A3F1-8CF6B26BF019}.Debug|Mixed Platforms.Build.0 = Debug|Any CPU
		{E96E2072-C7EF-46BB-A3F1-8CF6B26BF019}.Debug|Win32.ActiveCfg = Debug|x86
		{E96E2072-C7EF-46BB-A3F1-8CF6B26BF019}.Debug|Win32.Build.0 = Debug|x86
		{E96E2072-C7EF-46BB-A3F1-8CF6B26BF019}.Debug|x64.ActiveCfg = Debug|x64
		{E96E2072-C7EF-46BB-A3F1-8CF6B26BF019}.Debug|x64.Build.0 = Debug|x64
		{E96E2072-C7EF-46BB-A3F1-8CF6B26BF019}.Debug|x86.ActiveCfg = Debug|x86
		{E96E2072-C7EF-46BB-A3F1-8CF6B26BF019}.Debug|x86.Build.0 = Debug|x86
		{E96E2072-C7EF-46BB-A3F1-8CF6B26BF019}.Profile|Any CPU.ActiveCfg = Release|Any CPU
		{E96E2072-C7EF-46BB-A3F1-8CF6B26BF019}.Profile|Any CPU.Build.0 = Release|Any CPU
		{E96E2072-C7EF-46BB-A3F1-8CF6B26BF019}.Profile|Mixed Platforms.ActiveCfg = Release|x86
		{E96E2072-C7EF-46BB-A3F1-8CF6B26BF019}.Profile|Mixed Platforms.Build.0 = Release|x86
		{E96E2072-C7EF-46BB-A3F1-8CF6B26BF019}.Profile|Win32.ActiveCfg = Release|x86
		{E96E2072-C7EF-46BB-A3F1-8CF6B26BF019}.Profile|Win32.Build.0 = Release|x86
		{E96E2072-C7EF-46BB-A3F1-8CF6B26BF019}.Profile|x64.ActiveCfg = Release|x64
		{E96E2072-C7EF-46BB-A3F1-8CF6B26BF019}.Profile|x64.Build.0 = Release|x64
		{E96E2072-C7EF-46BB-A3F1-8CF6B26BF019}.Profile|x86.ActiveCfg = Release|x86
		{E96E2072-C7EF-46BB-A3F1-8CF6B26BF019}.Profile|x86.Build.0 = Release|x86
		{E96E2072-C7EF-46BB-A3F1-8CF6B26BF019}.Release|Any CPU.ActiveCfg = Release|Any CPU
		{E96E2072-C7EF-46BB-A3F1-8CF6B26BF019}.Release|Any CPU.Build.0 = Release|Any CPU
		{E96E2072-C7EF-46BB-A3F1-8CF6B26BF019}.Release|Mixed Platforms.ActiveCfg = Release|x86
		{E96E2072-C7EF-46BB-A3F1-8CF6B26BF019}.Release|Mixed Platforms.Build.0 = Release|x86
		{E96E2072-C7EF-46BB-A3F1-8CF6B26BF019}.Release|Win32.ActiveCfg = Release|x86
		{E96E2072-C7EF-46BB-A3F1-8CF6B26BF019}.Release|Win32.Build.0 = Release|x86
		{E96E2072-C7EF-46BB-A3F1-8CF6B26BF019}.Release|x64.ActiveCfg = Release|x64
		{E96E2072-C7EF-46BB-A3F1-8CF6B26BF019}.Release|x64.Build.0 = Release|x64
		{E96E2072-C7EF-46BB-A3F1-8CF6B26BF019}.Release|x86.ActiveCfg = Release|x86
		{E96E2072-C7EF-46BB-A3F1-8CF6B26BF019}.Release|x86.Build.0 = Release|x86
		{F96CDFD3-8954-4F4F-AFB0-2855D98F051B}.Debug|Any CPU.ActiveCfg = Debug|x64
		{F96CDFD3-8954-4F4F-AFB0-2855D98F051B}.Debug|Any CPU.Build.0 = Debug|x64
		{F96CDFD3-8954-4F4F-AFB0-2855D98F051B}.Debug|Mixed Platforms.ActiveCfg = Debug|Win32
		{F96CDFD3-8954-4F4F-AFB0-2855D98F051B}.Debug|Mixed Platforms.Build.0 = Debug|Win32
		{F96CDFD3-8954-4F4F-AFB0-2855D98F051B}.Debug|Win32.ActiveCfg = Debug|Win32
		{F96CDFD3-8954-4F4F-AFB0-2855D98F051B}.Debug|Win32.Build.0 = Debug|Win32
		{F96CDFD3-8954-4F4F-AFB0-2855D98F051B}.Debug|x64.ActiveCfg = Debug|x64
		{F96CDFD3-8954-4F4F-AFB0-2855D98F051B}.Debug|x64.Build.0 = Debug|x64
		{F96CDFD3-8954-4F4F-AFB0-2855D98F051B}.Debug|x86.ActiveCfg = Debug|Win32
		{F96CDFD3-8954-4F4F-AFB0-2855D98F051B}.Debug|x86.Build.0 = Debug|Win32
		{F96CDFD3-8954-4F4F-AFB0-2855D98F051B}.Profile|Any CPU.ActiveCfg = Release|Win32
		{F96CDFD3-8954-4F4F-AFB0-2855D98F051B}.Profile|Mixed Platforms.ActiveCfg = Release|Win32
		{F96CDFD3-8954-4F4F-AFB0-2855D98F051B}.Profile|Mixed Platforms.Build.0 = Release|Win32
		{F96CDFD3-8954-4F4F-AFB0-2855D98F051B}.Profile|Win32.ActiveCfg = Release|Win32
		{F96CDFD3-8954-4F4F-AFB0-2855D98F051B}.Profile|Win32.Build.0 = Release|Win32
		{F96CDFD3-8954-4F4F-AFB0-2855D98F051B}.Profile|x64.ActiveCfg = Release|x64
		{F96CDFD3-8954-4F4F-AFB0-2855D98F051B}.Profile|x64.Build.0 = Release|x64
		{F96CDFD3-8954-4F4F-AFB0-2855D98F051B}.Profile|x86.ActiveCfg = Release|Win32
		{F96CDFD3-8954-4F4F-AFB0-2855D98F051B}.Profile|x86.Build.0 = Release|Win32
		{F96CDFD3-8954-4F4F-AFB0-2855D98F051B}.Release|Any CPU.ActiveCfg = Release|x64
		{F96CDFD3-8954-4F4F-AFB0-2855D98F051B}.Release|Any CPU.Build.0 = Release|x64
		{F96CDFD3-8954-4F4F-AFB0-2855D98F051B}.Release|Mixed Platforms.ActiveCfg = Release|Win32
		{F96CDFD3-8954-4F4F-AFB0-2855D98F051B}.Release|Mixed Platforms.Build.0 = Release|Win32
		{F96CDFD3-8954-4F4F-AFB0-2855D98F051B}.Release|Win32.ActiveCfg = Release|Win32
		{F96CDFD3-8954-4F4F-AFB0-2855D98F051B}.Release|Win32.Build.0 = Release|Win32
		{F96CDFD3-8954-4F4F-AFB0-2855D98F051B}.Release|x64.ActiveCfg = Release|x64
		{F96CDFD3-8954-4F4F-AFB0-2855D98F051B}.Release|x64.Build.0 = Release|x64
		{F96CDFD3-8954-4F4F-AFB0-2855D98F051B}.Release|x86.ActiveCfg = Release|Win32
		{F96CDFD3-8954-4F4F-AFB0-2855D98F051B}.Release|x86.Build.0 = Release|Win32
		{7523DEED-A096-4B6E-B1D9-EDDA85EE6AA6}.Debug|Any CPU.ActiveCfg = Debug|x64
		{7523DEED-A096-4B6E-B1D9-EDDA85EE6AA6}.Debug|Any CPU.Build.0 = Debug|x64
		{7523DEED-A096-4B6E-B1D9-EDDA85EE6AA6}.Debug|Mixed Platforms.ActiveCfg = Debug|Win32
		{7523DEED-A096-4B6E-B1D9-EDDA85EE6AA6}.Debug|Mixed Platforms.Build.0 = Debug|Win32
		{7523DEED-A096-4B6E-B1D9-EDDA85EE6AA6}.Debug|Win32.ActiveCfg = Debug|Win32
		{7523DEED-A096-4B6E-B1D9-EDDA85EE6AA6}.Debug|Win32.Build.0 = Debug|Win32
		{7523DEED-A096-4B6E-B1D9-EDDA85EE6AA6}.Debug|x64.ActiveCfg = Debug|x64
		{7523DEED-A096-4B6E-B1D9-EDDA85EE6AA6}.Debug|x64.Build.0 = Debug|x64
		{7523DEED-A096-4B6E-B1D9-EDDA85EE6AA6}.Debug|x86.ActiveCfg = Debug|Win32
		{7523DEED-A096-4B6E-B1D9-EDDA85EE6AA6}.Debug|x86.Build.0 = Debug|Win32
		{7523DEED-A096-4B6E-B1D9-EDDA85EE6AA6}.Profile|Any CPU.ActiveCfg = Release|Win32
		{7523DEED-A096-4B6E-B1D9-EDDA85EE6AA6}.Profile|Mixed Platforms.ActiveCfg = Release|Win32
		{7523DEED-A096-4B6E-B1D9-EDDA85EE6AA6}.Profile|Mixed Platforms.Build.0 = Release|Win32
		{7523DEED-A096-4B6E-B1D9-EDDA85EE6AA6}.Profile|Win32.ActiveCfg = Release|Win32
		{7523DEED-A096-4B6E-B1D9-EDDA85EE6AA6}.Profile|Win32.Build.0 = Release|Win32
		{7523DEED-A096-4B6E-B1D9-EDDA85EE6AA6}.Profile|x64.ActiveCfg = Release|x64
		{7523DEED-A096-4B6E-B1D9-EDDA85EE6AA6}.Profile|x64.Build.0 = Release|x64
		{7523DEED-A096-4B6E-B1D9-EDDA85EE6AA6}.Profile|x86.ActiveCfg = Release|Win32
		{7523DEED-A096-4B6E-B1D9-EDDA85EE6AA6}.Profile|x86.Build.0 = Release|Win32
		{7523DEED-A096-4B6E-B1D9-EDDA85EE6AA6}.Release|Any CPU.ActiveCfg = Release|x64
		{7523DEED-A096-4B6E-B1D9-EDDA85EE6AA6}.Release|Any CPU.Build.0 = Release|x64
		{7523DEED-A096-4B6E-B1D9-EDDA85EE6AA6}.Release|Mixed Platforms.ActiveCfg = Release|Win32
		{7523DEED-A096-4B6E-B1D9-EDDA85EE6AA6}.Release|Mixed Platforms.Build.0 = Release|Win32
		{7523DEED-A096-4B6E-B1D9-EDDA85EE6AA6}.Release|Win32.ActiveCfg = Release|Win32
		{7523DEED-A096-4B6E-B1D9-EDDA85EE6AA6}.Release|Win32.Build.0 = Release|Win32
		{7523DEED-A096-4B6E-B1D9-EDDA85EE6AA6}.Release|x64.ActiveCfg = Release|x64
		{7523DEED-A096-4B6E-B1D9-EDDA85EE6AA6}.Release|x64.Build.0 = Release|x64
		{7523DEED-A096-4B6E-B1D9-EDDA85EE6AA6}.Release|x86.ActiveCfg = Release|Win32
		{7523DEED-A096-4B6E-B1D9-EDDA85EE6AA6}.Release|x86.Build.0 = Release|Win32
		{4334A78F-8D43-4C3E-982E-E3B82D7D3F7A}.Debug|Any CPU.ActiveCfg = Debug|Any CPU
		{4334A78F-8D43-4C3E-982E-E3B82D7D3F7A}.Debug|Any CPU.Build.0 = Debug|Any CPU
		{4334A78F-8D43-4C3E-982E-E3B82D7D3F7A}.Debug|Mixed Platforms.ActiveCfg = Debug|Any CPU
		{4334A78F-8D43-4C3E-982E-E3B82D7D3F7A}.Debug|Mixed Platforms.Build.0 = Debug|Any CPU
		{4334A78F-8D43-4C3E-982E-E3B82D7D3F7A}.Debug|Win32.ActiveCfg = Debug|x86
		{4334A78F-8D43-4C3E-982E-E3B82D7D3F7A}.Debug|Win32.Build.0 = Debug|x86
		{4334A78F-8D43-4C3E-982E-E3B82D7D3F7A}.Debug|x64.ActiveCfg = Debug|x64
		{4334A78F-8D43-4C3E-982E-E3B82D7D3F7A}.Debug|x64.Build.0 = Debug|x64
		{4334A78F-8D43-4C3E-982E-E3B82D7D3F7A}.Debug|x86.ActiveCfg = Debug|x86
		{4334A78F-8D43-4C3E-982E-E3B82D7D3F7A}.Debug|x86.Build.0 = Debug|x86
		{4334A78F-8D43-4C3E-982E-E3B82D7D3F7A}.Profile|Any CPU.ActiveCfg = Debug DirectX10|Any CPU
		{4334A78F-8D43-4C3E-982E-E3B82D7D3F7A}.Profile|Any CPU.Build.0 = Debug DirectX10|Any CPU
		{4334A78F-8D43-4C3E-982E-E3B82D7D3F7A}.Profile|Mixed Platforms.ActiveCfg = Debug DirectX10|x86
		{4334A78F-8D43-4C3E-982E-E3B82D7D3F7A}.Profile|Mixed Platforms.Build.0 = Debug DirectX10|x86
		{4334A78F-8D43-4C3E-982E-E3B82D7D3F7A}.Profile|Win32.ActiveCfg = Debug DirectX10|x86
		{4334A78F-8D43-4C3E-982E-E3B82D7D3F7A}.Profile|Win32.Build.0 = Debug DirectX10|x86
		{4334A78F-8D43-4C3E-982E-E3B82D7D3F7A}.Profile|x64.ActiveCfg = Debug DirectX10|x64
		{4334A78F-8D43-4C3E-982E-E3B82D7D3F7A}.Profile|x64.Build.0 = Debug DirectX10|x64
		{4334A78F-8D43-4C3E-982E-E3B82D7D3F7A}.Profile|x86.ActiveCfg = Debug DirectX10|x86
		{4334A78F-8D43-4C3E-982E-E3B82D7D3F7A}.Profile|x86.Build.0 = Debug DirectX10|x86
		{4334A78F-8D43-4C3E-982E-E3B82D7D3F7A}.Release|Any CPU.ActiveCfg = Release|Any CPU
		{4334A78F-8D43-4C3E-982E-E3B82D7D3F7A}.Release|Any CPU.Build.0 = Release|Any CPU
		{4334A78F-8D43-4C3E-982E-E3B82D7D3F7A}.Release|Mixed Platforms.ActiveCfg = Release|x86
		{4334A78F-8D43-4C3E-982E-E3B82D7D3F7A}.Release|Mixed Platforms.Build.0 = Release|x86
		{4334A78F-8D43-4C3E-982E-E3B82D7D3F7A}.Release|Win32.ActiveCfg = Release|x86
		{4334A78F-8D43-4C3E-982E-E3B82D7D3F7A}.Release|Win32.Build.0 = Release|x86
		{4334A78F-8D43-4C3E-982E-E3B82D7D3F7A}.Release|x64.ActiveCfg = Release|x64
		{4334A78F-8D43-4C3E-982E-E3B82D7D3F7A}.Release|x64.Build.0 = Release|x64
		{4334A78F-8D43-4C3E-982E-E3B82D7D3F7A}.Release|x86.ActiveCfg = Release|x86
		{4334A78F-8D43-4C3E-982E-E3B82D7D3F7A}.Release|x86.Build.0 = Release|x86
		{B741A6E5-1850-49B7-9129-29AF1EA44686}.Debug|Any CPU.ActiveCfg = Debug|Any CPU
		{B741A6E5-1850-49B7-9129-29AF1EA44686}.Debug|Any CPU.Build.0 = Debug|Any CPU
		{B741A6E5-1850-49B7-9129-29AF1EA44686}.Debug|Mixed Platforms.ActiveCfg = Debug|Any CPU
		{B741A6E5-1850-49B7-9129-29AF1EA44686}.Debug|Mixed Platforms.Build.0 = Debug|Any CPU
		{B741A6E5-1850-49B7-9129-29AF1EA44686}.Debug|Win32.ActiveCfg = Debug|x86
		{B741A6E5-1850-49B7-9129-29AF1EA44686}.Debug|Win32.Build.0 = Debug|x86
		{B741A6E5-1850-49B7-9129-29AF1EA44686}.Debug|x64.ActiveCfg = Debug|x64
		{B741A6E5-1850-49B7-9129-29AF1EA44686}.Debug|x64.Build.0 = Debug|x64
		{B741A6E5-1850-49B7-9129-29AF1EA44686}.Debug|x86.ActiveCfg = Debug|x86
		{B741A6E5-1850-49B7-9129-29AF1EA44686}.Debug|x86.Build.0 = Debug|x86
		{B741A6E5-1850-49B7-9129-29AF1EA44686}.Profile|Any CPU.ActiveCfg = Release|Any CPU
		{B741A6E5-1850-49B7-9129-29AF1EA44686}.Profile|Any CPU.Build.0 = Release|Any CPU
		{B741A6E5-1850-49B7-9129-29AF1EA44686}.Profile|Mixed Platforms.ActiveCfg = Release|x86
		{B741A6E5-1850-49B7-9129-29AF1EA44686}.Profile|Win32.ActiveCfg = Release|x86
		{B741A6E5-1850-49B7-9129-29AF1EA44686}.Profile|x64.ActiveCfg = Release|x64
		{B741A6E5-1850-49B7-9129-29AF1EA44686}.Profile|x86.ActiveCfg = Release|x86
		{B741A6E5-1850-49B7-9129-29AF1EA44686}.Profile|x86.Build.0 = Release|x86
		{B741A6E5-1850-49B7-9129-29AF1EA44686}.Release|Any CPU.ActiveCfg = Release|Any CPU
		{B741A6E5-1850-49B7-9129-29AF1EA44686}.Release|Any CPU.Build.0 = Release|Any CPU
		{B741A6E5-1850-49B7-9129-29AF1EA44686}.Release|Mixed Platforms.ActiveCfg = Release|x86
		{B741A6E5-1850-49B7-9129-29AF1EA44686}.Release|Mixed Platforms.Build.0 = Release|x86
		{B741A6E5-1850-49B7-9129-29AF1EA44686}.Release|Win32.ActiveCfg = Release|x86
		{B741A6E5-1850-49B7-9129-29AF1EA44686}.Release|Win32.Build.0 = Release|x86
		{B741A6E5-1850-49B7-9129-29AF1EA44686}.Release|x64.ActiveCfg = Release|x64
		{B741A6E5-1850-49B7-9129-29AF1EA44686}.Release|x64.Build.0 = Release|x64
		{B741A6E5-1850-49B7-9129-29AF1EA44686}.Release|x86.ActiveCfg = Release|x86
		{B741A6E5-1850-49B7-9129-29AF1EA44686}.Release|x86.Build.0 = Release|x86
		{EB400C51-70B9-4809-AC8B-D8D3D6F7C5DE}.Debug|Any CPU.ActiveCfg = Debug|Any CPU
		{EB400C51-70B9-4809-AC8B-D8D3D6F7C5DE}.Debug|Any CPU.Build.0 = Debug|Any CPU
		{EB400C51-70B9-4809-AC8B-D8D3D6F7C5DE}.Debug|Mixed Platforms.ActiveCfg = Debug|Any CPU
		{EB400C51-70B9-4809-AC8B-D8D3D6F7C5DE}.Debug|Mixed Platforms.Build.0 = Debug|Any CPU
		{EB400C51-70B9-4809-AC8B-D8D3D6F7C5DE}.Debug|Win32.ActiveCfg = Debug|x86
		{EB400C51-70B9-4809-AC8B-D8D3D6F7C5DE}.Debug|Win32.Build.0 = Debug|x86
		{EB400C51-70B9-4809-AC8B-D8D3D6F7C5DE}.Debug|x64.ActiveCfg = Debug|x64
		{EB400C51-70B9-4809-AC8B-D8D3D6F7C5DE}.Debug|x64.Build.0 = Debug|x64
		{EB400C51-70B9-4809-AC8B-D8D3D6F7C5DE}.Debug|x86.ActiveCfg = Debug|x86
		{EB400C51-70B9-4809-AC8B-D8D3D6F7C5DE}.Debug|x86.Build.0 = Debug|x86
		{EB400C51-70B9-4809-AC8B-D8D3D6F7C5DE}.Profile|Any CPU.ActiveCfg = Release|Any CPU
		{EB400C51-70B9-4809-AC8B-D8D3D6F7C5DE}.Profile|Any CPU.Build.0 = Release|Any CPU
		{EB400C51-70B9-4809-AC8B-D8D3D6F7C5DE}.Profile|Mixed Platforms.ActiveCfg = Release|x86
		{EB400C51-70B9-4809-AC8B-D8D3D6F7C5DE}.Profile|Mixed Platforms.Build.0 = Release|x86
		{EB400C51-70B9-4809-AC8B-D8D3D6F7C5DE}.Profile|Win32.ActiveCfg = Release|x86
		{EB400C51-70B9-4809-AC8B-D8D3D6F7C5DE}.Profile|Win32.Build.0 = Release|x86
		{EB400C51-70B9-4809-AC8B-D8D3D6F7C5DE}.Profile|x64.ActiveCfg = Release|x64
		{EB400C51-70B9-4809-AC8B-D8D3D6F7C5DE}.Profile|x64.Build.0 = Release|x64
		{EB400C51-70B9-4809-AC8B-D8D3D6F7C5DE}.Profile|x86.ActiveCfg = Release|x86
		{EB400C51-70B9-4809-AC8B-D8D3D6F7C5DE}.Profile|x86.Build.0 = Release|x86
		{EB400C51-70B9-4809-AC8B-D8D3D6F7C5DE}.Release|Any CPU.ActiveCfg = Release|Any CPU
		{EB400C51-70B9-4809-AC8B-D8D3D6F7C5DE}.Release|Any CPU.Build.0 = Release|Any CPU
		{EB400C51-70B9-4809-AC8B-D8D3D6F7C5DE}.Release|Mixed Platforms.ActiveCfg = Release|x86
		{EB400C51-70B9-4809-AC8B-D8D3D6F7C5DE}.Release|Mixed Platforms.Build.0 = Release|x86
		{EB400C51-70B9-4809-AC8B-D8D3D6F7C5DE}.Release|Win32.ActiveCfg = Release|x86
		{EB400C51-70B9-4809-AC8B-D8D3D6F7C5DE}.Release|Win32.Build.0 = Release|x86
		{EB400C51-70B9-4809-AC8B-D8D3D6F7C5DE}.Release|x64.ActiveCfg = Release|x64
		{EB400C51-70B9-4809-AC8B-D8D3D6F7C5DE}.Release|x64.Build.0 = Release|x64
		{EB400C51-70B9-4809-AC8B-D8D3D6F7C5DE}.Release|x86.ActiveCfg = Release|x86
		{EB400C51-70B9-4809-AC8B-D8D3D6F7C5DE}.Release|x86.Build.0 = Release|x86
		{371B9FA9-4C90-4AC6-A123-ACED756D6C77}.Debug|Any CPU.ActiveCfg = Debug|Win32
		{371B9FA9-4C90-4AC6-A123-ACED756D6C77}.Debug|Mixed Platforms.ActiveCfg = Debug|Win32
		{371B9FA9-4C90-4AC6-A123-ACED756D6C77}.Debug|Mixed Platforms.Build.0 = Debug|Win32
		{371B9FA9-4C90-4AC6-A123-ACED756D6C77}.Debug|Win32.ActiveCfg = Debug|Win32
		{371B9FA9-4C90-4AC6-A123-ACED756D6C77}.Debug|Win32.Build.0 = Debug|Win32
		{371B9FA9-4C90-4AC6-A123-ACED756D6C77}.Debug|x64.ActiveCfg = Debug|x64
		{371B9FA9-4C90-4AC6-A123-ACED756D6C77}.Debug|x86.ActiveCfg = Debug|Win32
		{371B9FA9-4C90-4AC6-A123-ACED756D6C77}.Debug|x86.Build.0 = Debug|Win32
		{371B9FA9-4C90-4AC6-A123-ACED756D6C77}.Profile|Any CPU.ActiveCfg = Profile|Win32
		{371B9FA9-4C90-4AC6-A123-ACED756D6C77}.Profile|Mixed Platforms.ActiveCfg = Profile|Win32
		{371B9FA9-4C90-4AC6-A123-ACED756D6C77}.Profile|Mixed Platforms.Build.0 = Profile|Win32
		{371B9FA9-4C90-4AC6-A123-ACED756D6C77}.Profile|Win32.ActiveCfg = Profile|Win32
		{371B9FA9-4C90-4AC6-A123-ACED756D6C77}.Profile|Win32.Build.0 = Profile|Win32
		{371B9FA9-4C90-4AC6-A123-ACED756D6C77}.Profile|x64.ActiveCfg = Profile|x64
		{371B9FA9-4C90-4AC6-A123-ACED756D6C77}.Profile|x64.Build.0 = Profile|x64
		{371B9FA9-4C90-4AC6-A123-ACED756D6C77}.Profile|x86.ActiveCfg = Profile|Win32
		{371B9FA9-4C90-4AC6-A123-ACED756D6C77}.Profile|x86.Build.0 = Profile|Win32
		{371B9FA9-4C90-4AC6-A123-ACED756D6C77}.Release|Any CPU.ActiveCfg = Release|Win32
		{371B9FA9-4C90-4AC6-A123-ACED756D6C77}.Release|Mixed Platforms.ActiveCfg = Release|Win32
		{371B9FA9-4C90-4AC6-A123-ACED756D6C77}.Release|Mixed Platforms.Build.0 = Release|Win32
		{371B9FA9-4C90-4AC6-A123-ACED756D6C77}.Release|Win32.ActiveCfg = Release|Win32
		{371B9FA9-4C90-4AC6-A123-ACED756D6C77}.Release|Win32.Build.0 = Release|Win32
		{371B9FA9-4C90-4AC6-A123-ACED756D6C77}.Release|x64.ActiveCfg = Release|x64
		{371B9FA9-4C90-4AC6-A123-ACED756D6C77}.Release|x86.ActiveCfg = Release|Win32
		{371B9FA9-4C90-4AC6-A123-ACED756D6C77}.Release|x86.Build.0 = Release|Win32
		{E39FEF9B-B9C8-484E-ACB8-6D21C7012921}.Debug|Any CPU.ActiveCfg = Debug|Any CPU
		{E39FEF9B-B9C8-484E-ACB8-6D21C7012921}.Debug|Any CPU.Build.0 = Debug|Any CPU
		{E39FEF9B-B9C8-484E-ACB8-6D21C7012921}.Debug|Mixed Platforms.ActiveCfg = Debug|x86
		{E39FEF9B-B9C8-484E-ACB8-6D21C7012921}.Debug|Mixed Platforms.Build.0 = Debug|x86
		{E39FEF9B-B9C8-484E-ACB8-6D21C7012921}.Debug|Win32.ActiveCfg = Debug|x86
		{E39FEF9B-B9C8-484E-ACB8-6D21C7012921}.Debug|Win32.Build.0 = Debug|x86
		{E39FEF9B-B9C8-484E-ACB8-6D21C7012921}.Debug|x64.ActiveCfg = Debug|x64
		{E39FEF9B-B9C8-484E-ACB8-6D21C7012921}.Debug|x64.Build.0 = Debug|x64
		{E39FEF9B-B9C8-484E-ACB8-6D21C7012921}.Debug|x86.ActiveCfg = Debug|x86
		{E39FEF9B-B9C8-484E-ACB8-6D21C7012921}.Debug|x86.Build.0 = Debug|x86
		{E39FEF9B-B9C8-484E-ACB8-6D21C7012921}.Profile|Any CPU.ActiveCfg = Debug DirectX10|Any CPU
		{E39FEF9B-B9C8-484E-ACB8-6D21C7012921}.Profile|Any CPU.Build.0 = Debug DirectX10|Any CPU
		{E39FEF9B-B9C8-484E-ACB8-6D21C7012921}.Profile|Mixed Platforms.ActiveCfg = Debug DirectX10|x86
		{E39FEF9B-B9C8-484E-ACB8-6D21C7012921}.Profile|Mixed Platforms.Build.0 = Debug DirectX10|x86
		{E39FEF9B-B9C8-484E-ACB8-6D21C7012921}.Profile|Win32.ActiveCfg = Debug DirectX10|x86
		{E39FEF9B-B9C8-484E-ACB8-6D21C7012921}.Profile|Win32.Build.0 = Debug DirectX10|x86
		{E39FEF9B-B9C8-484E-ACB8-6D21C7012921}.Profile|x64.ActiveCfg = Debug DirectX10|x64
		{E39FEF9B-B9C8-484E-ACB8-6D21C7012921}.Profile|x64.Build.0 = Debug DirectX10|x64
		{E39FEF9B-B9C8-484E-ACB8-6D21C7012921}.Profile|x86.ActiveCfg = Debug DirectX10|x86
		{E39FEF9B-B9C8-484E-ACB8-6D21C7012921}.Profile|x86.Build.0 = Debug DirectX10|x86
		{E39FEF9B-B9C8-484E-ACB8-6D21C7012921}.Release|Any CPU.ActiveCfg = Release|Any CPU
		{E39FEF9B-B9C8-484E-ACB8-6D21C7012921}.Release|Any CPU.Build.0 = Release|Any CPU
		{E39FEF9B-B9C8-484E-ACB8-6D21C7012921}.Release|Mixed Platforms.ActiveCfg = Release|x86
		{E39FEF9B-B9C8-484E-ACB8-6D21C7012921}.Release|Mixed Platforms.Build.0 = Release|x86
		{E39FEF9B-B9C8-484E-ACB8-6D21C7012921}.Release|Win32.ActiveCfg = Release|x86
		{E39FEF9B-B9C8-484E-ACB8-6D21C7012921}.Release|Win32.Build.0 = Release|x86
		{E39FEF9B-B9C8-484E-ACB8-6D21C7012921}.Release|x64.ActiveCfg = Release|x64
		{E39FEF9B-B9C8-484E-ACB8-6D21C7012921}.Release|x64.Build.0 = Release|x64
		{E39FEF9B-B9C8-484E-ACB8-6D21C7012921}.Release|x86.ActiveCfg = Release|x86
		{E39FEF9B-B9C8-484E-ACB8-6D21C7012921}.Release|x86.Build.0 = Release|x86
		{99EF9619-2208-4BF2-9841-E72FFD912805}.Debug|Any CPU.ActiveCfg = Debug|Any CPU
		{99EF9619-2208-4BF2-9841-E72FFD912805}.Debug|Any CPU.Build.0 = Debug|Any CPU
		{99EF9619-2208-4BF2-9841-E72FFD912805}.Debug|Mixed Platforms.ActiveCfg = Debug|x86
		{99EF9619-2208-4BF2-9841-E72FFD912805}.Debug|Mixed Platforms.Build.0 = Debug|x86
		{99EF9619-2208-4BF2-9841-E72FFD912805}.Debug|Win32.ActiveCfg = Debug|x86
		{99EF9619-2208-4BF2-9841-E72FFD912805}.Debug|Win32.Build.0 = Debug|x86
		{99EF9619-2208-4BF2-9841-E72FFD912805}.Debug|x64.ActiveCfg = Debug|x64
		{99EF9619-2208-4BF2-9841-E72FFD912805}.Debug|x64.Build.0 = Debug|x64
		{99EF9619-2208-4BF2-9841-E72FFD912805}.Debug|x86.ActiveCfg = Debug|x86
		{99EF9619-2208-4BF2-9841-E72FFD912805}.Debug|x86.Build.0 = Debug|x86
		{99EF9619-2208-4BF2-9841-E72FFD912805}.Profile|Any CPU.ActiveCfg = Release|x86
		{99EF9619-2208-4BF2-9841-E72FFD912805}.Profile|Mixed Platforms.ActiveCfg = Release|x86
		{99EF9619-2208-4BF2-9841-E72FFD912805}.Profile|Mixed Platforms.Build.0 = Release|x86
		{99EF9619-2208-4BF2-9841-E72FFD912805}.Profile|Win32.ActiveCfg = Release|x86
		{99EF9619-2208-4BF2-9841-E72FFD912805}.Profile|Win32.Build.0 = Release|x86
		{99EF9619-2208-4BF2-9841-E72FFD912805}.Profile|x64.ActiveCfg = Release|x86
		{99EF9619-2208-4BF2-9841-E72FFD912805}.Profile|x86.ActiveCfg = Release|x86
		{99EF9619-2208-4BF2-9841-E72FFD912805}.Profile|x86.Build.0 = Release|x86
		{99EF9619-2208-4BF2-9841-E72FFD912805}.Release|Any CPU.ActiveCfg = Release|Any CPU
		{99EF9619-2208-4BF2-9841-E72FFD912805}.Release|Any CPU.Build.0 = Release|Any CPU
		{99EF9619-2208-4BF2-9841-E72FFD912805}.Release|Mixed Platforms.ActiveCfg = Release|x86
		{99EF9619-2208-4BF2-9841-E72FFD912805}.Release|Mixed Platforms.Build.0 = Release|x86
		{99EF9619-2208-4BF2-9841-E72FFD912805}.Release|Win32.ActiveCfg = Release|x86
		{99EF9619-2208-4BF2-9841-E72FFD912805}.Release|Win32.Build.0 = Release|x86
		{99EF9619-2208-4BF2-9841-E72FFD912805}.Release|x64.ActiveCfg = Release|x64
		{99EF9619-2208-4BF2-9841-E72FFD912805}.Release|x64.Build.0 = Release|x64
		{99EF9619-2208-4BF2-9841-E72FFD912805}.Release|x86.ActiveCfg = Release|x86
		{99EF9619-2208-4BF2-9841-E72FFD912805}.Release|x86.Build.0 = Release|x86
		{E23A7535-002F-4DD6-93F4-445B123D75B5}.Debug|Any CPU.ActiveCfg = Debug|Any CPU
		{E23A7535-002F-4DD6-93F4-445B123D75B5}.Debug|Any CPU.Build.0 = Debug|Any CPU
		{E23A7535-002F-4DD6-93F4-445B123D75B5}.Debug|Mixed Platforms.ActiveCfg = Debug|Any CPU
		{E23A7535-002F-4DD6-93F4-445B123D75B5}.Debug|Mixed Platforms.Build.0 = Debug|Any CPU
		{E23A7535-002F-4DD6-93F4-445B123D75B5}.Debug|Win32.ActiveCfg = Debug|Any CPU
		{E23A7535-002F-4DD6-93F4-445B123D75B5}.Debug|x64.ActiveCfg = Debug|x64
		{E23A7535-002F-4DD6-93F4-445B123D75B5}.Debug|x64.Build.0 = Debug|x64
		{E23A7535-002F-4DD6-93F4-445B123D75B5}.Debug|x86.ActiveCfg = Debug|Any CPU
		{E23A7535-002F-4DD6-93F4-445B123D75B5}.Profile|Any CPU.ActiveCfg = Release|Any CPU
		{E23A7535-002F-4DD6-93F4-445B123D75B5}.Profile|Any CPU.Build.0 = Release|Any CPU
		{E23A7535-002F-4DD6-93F4-445B123D75B5}.Profile|Mixed Platforms.ActiveCfg = Release|Any CPU
		{E23A7535-002F-4DD6-93F4-445B123D75B5}.Profile|Mixed Platforms.Build.0 = Release|Any CPU
		{E23A7535-002F-4DD6-93F4-445B123D75B5}.Profile|Win32.ActiveCfg = Release|Any CPU
		{E23A7535-002F-4DD6-93F4-445B123D75B5}.Profile|x64.ActiveCfg = Release|x64
		{E23A7535-002F-4DD6-93F4-445B123D75B5}.Profile|x64.Build.0 = Release|x64
		{E23A7535-002F-4DD6-93F4-445B123D75B5}.Profile|x86.ActiveCfg = Release|Any CPU
		{E23A7535-002F-4DD6-93F4-445B123D75B5}.Release|Any CPU.ActiveCfg = Release|Any CPU
		{E23A7535-002F-4DD6-93F4-445B123D75B5}.Release|Any CPU.Build.0 = Release|Any CPU
		{E23A7535-002F-4DD6-93F4-445B123D75B5}.Release|Mixed Platforms.ActiveCfg = Release|Any CPU
		{E23A7535-002F-4DD6-93F4-445B123D75B5}.Release|Mixed Platforms.Build.0 = Release|Any CPU
		{E23A7535-002F-4DD6-93F4-445B123D75B5}.Release|Win32.ActiveCfg = Release|Any CPU
		{E23A7535-002F-4DD6-93F4-445B123D75B5}.Release|x64.ActiveCfg = Release|x64
		{E23A7535-002F-4DD6-93F4-445B123D75B5}.Release|x64.Build.0 = Release|x64
		{E23A7535-002F-4DD6-93F4-445B123D75B5}.Release|x86.ActiveCfg = Release|Any CPU
		{458B0C80-5F87-42D7-A084-75C7F143820E}.Debug|Any CPU.ActiveCfg = Debug|Any CPU
		{458B0C80-5F87-42D7-A084-75C7F143820E}.Debug|Any CPU.Build.0 = Debug|Any CPU
		{458B0C80-5F87-42D7-A084-75C7F143820E}.Debug|Mixed Platforms.ActiveCfg = Debug|Any CPU
		{458B0C80-5F87-42D7-A084-75C7F143820E}.Debug|Mixed Platforms.Build.0 = Debug|Any CPU
		{458B0C80-5F87-42D7-A084-75C7F143820E}.Debug|Win32.ActiveCfg = Debug|Any CPU
		{458B0C80-5F87-42D7-A084-75C7F143820E}.Debug|x64.ActiveCfg = Debug|x64
		{458B0C80-5F87-42D7-A084-75C7F143820E}.Debug|x64.Build.0 = Debug|x64
		{458B0C80-5F87-42D7-A084-75C7F143820E}.Debug|x86.ActiveCfg = Debug|x86
		{458B0C80-5F87-42D7-A084-75C7F143820E}.Debug|x86.Build.0 = Debug|x86
		{458B0C80-5F87-42D7-A084-75C7F143820E}.Profile|Any CPU.ActiveCfg = Release|Any CPU
		{458B0C80-5F87-42D7-A084-75C7F143820E}.Profile|Any CPU.Build.0 = Release|Any CPU
		{458B0C80-5F87-42D7-A084-75C7F143820E}.Profile|Mixed Platforms.ActiveCfg = Release|Any CPU
		{458B0C80-5F87-42D7-A084-75C7F143820E}.Profile|Mixed Platforms.Build.0 = Release|Any CPU
		{458B0C80-5F87-42D7-A084-75C7F143820E}.Profile|Win32.ActiveCfg = Release|Any CPU
		{458B0C80-5F87-42D7-A084-75C7F143820E}.Profile|x64.ActiveCfg = Release|Any CPU
		{458B0C80-5F87-42D7-A084-75C7F143820E}.Profile|x86.ActiveCfg = Release|x86
		{458B0C80-5F87-42D7-A084-75C7F143820E}.Profile|x86.Build.0 = Release|x86
		{458B0C80-5F87-42D7-A084-75C7F143820E}.Release|Any CPU.ActiveCfg = Release|Any CPU
		{458B0C80-5F87-42D7-A084-75C7F143820E}.Release|Any CPU.Build.0 = Release|Any CPU
		{458B0C80-5F87-42D7-A084-75C7F143820E}.Release|Mixed Platforms.ActiveCfg = Release|Any CPU
		{458B0C80-5F87-42D7-A084-75C7F143820E}.Release|Mixed Platforms.Build.0 = Release|Any CPU
		{458B0C80-5F87-42D7-A084-75C7F143820E}.Release|Win32.ActiveCfg = Release|Any CPU
		{458B0C80-5F87-42D7-A084-75C7F143820E}.Release|x64.ActiveCfg = Release|x64
		{458B0C80-5F87-42D7-A084-75C7F143820E}.Release|x64.Build.0 = Release|x64
		{458B0C80-5F87-42D7-A084-75C7F143820E}.Release|x86.ActiveCfg = Release|x86
		{458B0C80-5F87-42D7-A084-75C7F143820E}.Release|x86.Build.0 = Release|x86
		{4CEFF180-C07C-4AD5-B9CA-5F90E30391E5}.Debug|Any CPU.ActiveCfg = Debug|x64
		{4CEFF180-C07C-4AD5-B9CA-5F90E30391E5}.Debug|Any CPU.Build.0 = Debug|x64
		{4CEFF180-C07C-4AD5-B9CA-5F90E30391E5}.Debug|Mixed Platforms.ActiveCfg = Debug|Win32
		{4CEFF180-C07C-4AD5-B9CA-5F90E30391E5}.Debug|Mixed Platforms.Build.0 = Debug|Win32
		{4CEFF180-C07C-4AD5-B9CA-5F90E30391E5}.Debug|Win32.ActiveCfg = Debug|Win32
		{4CEFF180-C07C-4AD5-B9CA-5F90E30391E5}.Debug|Win32.Build.0 = Debug|Win32
		{4CEFF180-C07C-4AD5-B9CA-5F90E30391E5}.Debug|x64.ActiveCfg = Debug|x64
		{4CEFF180-C07C-4AD5-B9CA-5F90E30391E5}.Debug|x64.Build.0 = Debug|x64
		{4CEFF180-C07C-4AD5-B9CA-5F90E30391E5}.Debug|x86.ActiveCfg = Debug|Win32
		{4CEFF180-C07C-4AD5-B9CA-5F90E30391E5}.Debug|x86.Build.0 = Debug|Win32
		{4CEFF180-C07C-4AD5-B9CA-5F90E30391E5}.Profile|Any CPU.ActiveCfg = Release|Win32
		{4CEFF180-C07C-4AD5-B9CA-5F90E30391E5}.Profile|Mixed Platforms.ActiveCfg = Release|Win32
		{4CEFF180-C07C-4AD5-B9CA-5F90E30391E5}.Profile|Mixed Platforms.Build.0 = Release|Win32
		{4CEFF180-C07C-4AD5-B9CA-5F90E30391E5}.Profile|Win32.ActiveCfg = Release|Win32
		{4CEFF180-C07C-4AD5-B9CA-5F90E30391E5}.Profile|Win32.Build.0 = Release|Win32
		{4CEFF180-C07C-4AD5-B9CA-5F90E30391E5}.Profile|x64.ActiveCfg = Release|x64
		{4CEFF180-C07C-4AD5-B9CA-5F90E30391E5}.Profile|x64.Build.0 = Release|x64
		{4CEFF180-C07C-4AD5-B9CA-5F90E30391E5}.Profile|x86.ActiveCfg = Release|Win32
		{4CEFF180-C07C-4AD5-B9CA-5F90E30391E5}.Profile|x86.Build.0 = Release|Win32
		{4CEFF180-C07C-4AD5-B9CA-5F90E30391E5}.Release|Any CPU.ActiveCfg = Release|x64
		{4CEFF180-C07C-4AD5-B9CA-5F90E30391E5}.Release|Any CPU.Build.0 = Release|x64
		{4CEFF180-C07C-4AD5-B9CA-5F90E30391E5}.Release|Mixed Platforms.ActiveCfg = Release|Win32
		{4CEFF180-C07C-4AD5-B9CA-5F90E30391E5}.Release|Mixed Platforms.Build.0 = Release|Win32
		{4CEFF180-C07C-4AD5-B9CA-5F90E30391E5}.Release|Win32.ActiveCfg = Release|Win32
		{4CEFF180-C07C-4AD5-B9CA-5F90E30391E5}.Release|Win32.Build.0 = Release|Win32
		{4CEFF180-C07C-4AD5-B9CA-5F90E30391E5}.Release|x64.ActiveCfg = Release|x64
		{4CEFF180-C07C-4AD5-B9CA-5F90E30391E5}.Release|x64.Build.0 = Release|x64
		{4CEFF180-C07C-4AD5-B9CA-5F90E30391E5}.Release|x86.ActiveCfg = Release|Win32
		{4CEFF180-C07C-4AD5-B9CA-5F90E30391E5}.Release|x86.Build.0 = Release|Win32
		{59AB0801-6E22-4781-B48D-3FD46421204C}.Debug|Any CPU.ActiveCfg = Debug|Any CPU
		{59AB0801-6E22-4781-B48D-3FD46421204C}.Debug|Any CPU.Build.0 = Debug|Any CPU
		{59AB0801-6E22-4781-B48D-3FD46421204C}.Debug|Mixed Platforms.ActiveCfg = Debug|x86
		{59AB0801-6E22-4781-B48D-3FD46421204C}.Debug|Mixed Platforms.Build.0 = Debug|x86
		{59AB0801-6E22-4781-B48D-3FD46421204C}.Debug|Win32.ActiveCfg = Debug|x86
		{59AB0801-6E22-4781-B48D-3FD46421204C}.Debug|Win32.Build.0 = Debug|x86
		{59AB0801-6E22-4781-B48D-3FD46421204C}.Debug|x64.ActiveCfg = Debug|x64
		{59AB0801-6E22-4781-B48D-3FD46421204C}.Debug|x64.Build.0 = Debug|x64
		{59AB0801-6E22-4781-B48D-3FD46421204C}.Debug|x86.ActiveCfg = Debug|x86
		{59AB0801-6E22-4781-B48D-3FD46421204C}.Debug|x86.Build.0 = Debug|x86
		{59AB0801-6E22-4781-B48D-3FD46421204C}.Profile|Any CPU.ActiveCfg = Release|Any CPU
		{59AB0801-6E22-4781-B48D-3FD46421204C}.Profile|Any CPU.Build.0 = Release|Any CPU
		{59AB0801-6E22-4781-B48D-3FD46421204C}.Profile|Mixed Platforms.ActiveCfg = Release|x86
		{59AB0801-6E22-4781-B48D-3FD46421204C}.Profile|Mixed Platforms.Build.0 = Release|x86
		{59AB0801-6E22-4781-B48D-3FD46421204C}.Profile|Win32.ActiveCfg = Release|x86
		{59AB0801-6E22-4781-B48D-3FD46421204C}.Profile|Win32.Build.0 = Release|x86
		{59AB0801-6E22-4781-B48D-3FD46421204C}.Profile|x64.ActiveCfg = Release|x86
		{59AB0801-6E22-4781-B48D-3FD46421204C}.Profile|x86.ActiveCfg = Release|x86
		{59AB0801-6E22-4781-B48D-3FD46421204C}.Profile|x86.Build.0 = Release|x86
		{59AB0801-6E22-4781-B48D-3FD46421204C}.Release|Any CPU.ActiveCfg = Release|Any CPU
		{59AB0801-6E22-4781-B48D-3FD46421204C}.Release|Any CPU.Build.0 = Release|Any CPU
		{59AB0801-6E22-4781-B48D-3FD46421204C}.Release|Mixed Platforms.ActiveCfg = Release|x86
		{59AB0801-6E22-4781-B48D-3FD46421204C}.Release|Mixed Platforms.Build.0 = Release|x86
		{59AB0801-6E22-4781-B48D-3FD46421204C}.Release|Win32.ActiveCfg = Release|x86
		{59AB0801-6E22-4781-B48D-3FD46421204C}.Release|Win32.Build.0 = Release|x86
		{59AB0801-6E22-4781-B48D-3FD46421204C}.Release|x64.ActiveCfg = Release|x64
		{59AB0801-6E22-4781-B48D-3FD46421204C}.Release|x64.Build.0 = Release|x64
		{59AB0801-6E22-4781-B48D-3FD46421204C}.Release|x86.ActiveCfg = Release|x86
		{59AB0801-6E22-4781-B48D-3FD46421204C}.Release|x86.Build.0 = Release|x86
		{74574A82-09D8-478F-A48C-D9BB86D8D8B6}.Debug|Any CPU.ActiveCfg = Debug|Any CPU
		{74574A82-09D8-478F-A48C-D9BB86D8D8B6}.Debug|Any CPU.Build.0 = Debug|Any CPU
		{74574A82-09D8-478F-A48C-D9BB86D8D8B6}.Debug|Mixed Platforms.ActiveCfg = Debug|Any CPU
		{74574A82-09D8-478F-A48C-D9BB86D8D8B6}.Debug|Mixed Platforms.Build.0 = Debug|Any CPU
		{74574A82-09D8-478F-A48C-D9BB86D8D8B6}.Debug|Win32.ActiveCfg = Debug|Any CPU
		{74574A82-09D8-478F-A48C-D9BB86D8D8B6}.Debug|x64.ActiveCfg = Debug|x64
		{74574A82-09D8-478F-A48C-D9BB86D8D8B6}.Debug|x64.Build.0 = Debug|x64
		{74574A82-09D8-478F-A48C-D9BB86D8D8B6}.Debug|x86.ActiveCfg = Debug|x86
		{74574A82-09D8-478F-A48C-D9BB86D8D8B6}.Debug|x86.Build.0 = Debug|x86
		{74574A82-09D8-478F-A48C-D9BB86D8D8B6}.Profile|Any CPU.ActiveCfg = Release|Any CPU
		{74574A82-09D8-478F-A48C-D9BB86D8D8B6}.Profile|Any CPU.Build.0 = Release|Any CPU
		{74574A82-09D8-478F-A48C-D9BB86D8D8B6}.Profile|Mixed Platforms.ActiveCfg = Release|Any CPU
		{74574A82-09D8-478F-A48C-D9BB86D8D8B6}.Profile|Mixed Platforms.Build.0 = Release|Any CPU
		{74574A82-09D8-478F-A48C-D9BB86D8D8B6}.Profile|Win32.ActiveCfg = Release|Any CPU
		{74574A82-09D8-478F-A48C-D9BB86D8D8B6}.Profile|x64.ActiveCfg = Release|x64
		{74574A82-09D8-478F-A48C-D9BB86D8D8B6}.Profile|x64.Build.0 = Release|x64
		{74574A82-09D8-478F-A48C-D9BB86D8D8B6}.Profile|x86.ActiveCfg = Release|x86
		{74574A82-09D8-478F-A48C-D9BB86D8D8B6}.Profile|x86.Build.0 = Release|x86
		{74574A82-09D8-478F-A48C-D9BB86D8D8B6}.Release|Any CPU.ActiveCfg = Release|Any CPU
		{74574A82-09D8-478F-A48C-D9BB86D8D8B6}.Release|Any CPU.Build.0 = Release|Any CPU
		{74574A82-09D8-478F-A48C-D9BB86D8D8B6}.Release|Mixed Platforms.ActiveCfg = Release|Any CPU
		{74574A82-09D8-478F-A48C-D9BB86D8D8B6}.Release|Mixed Platforms.Build.0 = Release|Any CPU
		{74574A82-09D8-478F-A48C-D9BB86D8D8B6}.Release|Win32.ActiveCfg = Release|Any CPU
		{74574A82-09D8-478F-A48C-D9BB86D8D8B6}.Release|x64.ActiveCfg = Release|x64
		{74574A82-09D8-478F-A48C-D9BB86D8D8B6}.Release|x64.Build.0 = Release|x64
		{74574A82-09D8-478F-A48C-D9BB86D8D8B6}.Release|x86.ActiveCfg = Release|x86
		{74574A82-09D8-478F-A48C-D9BB86D8D8B6}.Release|x86.Build.0 = Release|x86
		{779FF851-2A83-4797-AAF5-2A3F2BFF1AE8}.Debug|Any CPU.ActiveCfg = Debug|Any CPU
		{779FF851-2A83-4797-AAF5-2A3F2BFF1AE8}.Debug|Any CPU.Build.0 = Debug|Any CPU
		{779FF851-2A83-4797-AAF5-2A3F2BFF1AE8}.Debug|Mixed Platforms.ActiveCfg = Debug|x86
		{779FF851-2A83-4797-AAF5-2A3F2BFF1AE8}.Debug|Mixed Platforms.Build.0 = Debug|x86
		{779FF851-2A83-4797-AAF5-2A3F2BFF1AE8}.Debug|Win32.ActiveCfg = Debug|x86
		{779FF851-2A83-4797-AAF5-2A3F2BFF1AE8}.Debug|Win32.Build.0 = Debug|x86
		{779FF851-2A83-4797-AAF5-2A3F2BFF1AE8}.Debug|x64.ActiveCfg = Debug|x64
		{779FF851-2A83-4797-AAF5-2A3F2BFF1AE8}.Debug|x64.Build.0 = Debug|x64
		{779FF851-2A83-4797-AAF5-2A3F2BFF1AE8}.Debug|x86.ActiveCfg = Debug|x86
		{779FF851-2A83-4797-AAF5-2A3F2BFF1AE8}.Debug|x86.Build.0 = Debug|x86
		{779FF851-2A83-4797-AAF5-2A3F2BFF1AE8}.Profile|Any CPU.ActiveCfg = Release|Any CPU
		{779FF851-2A83-4797-AAF5-2A3F2BFF1AE8}.Profile|Mixed Platforms.ActiveCfg = Release|x86
		{779FF851-2A83-4797-AAF5-2A3F2BFF1AE8}.Profile|Mixed Platforms.Build.0 = Release|x86
		{779FF851-2A83-4797-AAF5-2A3F2BFF1AE8}.Profile|Win32.ActiveCfg = Release|x86
		{779FF851-2A83-4797-AAF5-2A3F2BFF1AE8}.Profile|Win32.Build.0 = Release|x86
		{779FF851-2A83-4797-AAF5-2A3F2BFF1AE8}.Profile|x64.ActiveCfg = Release|x64
		{779FF851-2A83-4797-AAF5-2A3F2BFF1AE8}.Profile|x64.Build.0 = Release|x64
		{779FF851-2A83-4797-AAF5-2A3F2BFF1AE8}.Profile|x86.ActiveCfg = Release|x86
		{779FF851-2A83-4797-AAF5-2A3F2BFF1AE8}.Profile|x86.Build.0 = Release|x86
		{779FF851-2A83-4797-AAF5-2A3F2BFF1AE8}.Release|Any CPU.ActiveCfg = Release|Any CPU
		{779FF851-2A83-4797-AAF5-2A3F2BFF1AE8}.Release|Mixed Platforms.ActiveCfg = Release|x86
		{779FF851-2A83-4797-AAF5-2A3F2BFF1AE8}.Release|Mixed Platforms.Build.0 = Release|x86
		{779FF851-2A83-4797-AAF5-2A3F2BFF1AE8}.Release|Win32.ActiveCfg = Release|x86
		{779FF851-2A83-4797-AAF5-2A3F2BFF1AE8}.Release|Win32.Build.0 = Release|x86
		{779FF851-2A83-4797-AAF5-2A3F2BFF1AE8}.Release|x64.ActiveCfg = Release|x64
		{779FF851-2A83-4797-AAF5-2A3F2BFF1AE8}.Release|x64.Build.0 = Release|x64
		{779FF851-2A83-4797-AAF5-2A3F2BFF1AE8}.Release|x86.ActiveCfg = Release|x86
		{779FF851-2A83-4797-AAF5-2A3F2BFF1AE8}.Release|x86.Build.0 = Release|x86
		{2CC01836-7A66-4176-A55C-7A53B4C73745}.Debug|Any CPU.ActiveCfg = Debug|Any CPU
		{2CC01836-7A66-4176-A55C-7A53B4C73745}.Debug|Any CPU.Build.0 = Debug|Any CPU
		{2CC01836-7A66-4176-A55C-7A53B4C73745}.Debug|Mixed Platforms.ActiveCfg = Debug|x86
		{2CC01836-7A66-4176-A55C-7A53B4C73745}.Debug|Mixed Platforms.Build.0 = Debug|x86
		{2CC01836-7A66-4176-A55C-7A53B4C73745}.Debug|Win32.ActiveCfg = Debug|x86
		{2CC01836-7A66-4176-A55C-7A53B4C73745}.Debug|Win32.Build.0 = Debug|x86
		{2CC01836-7A66-4176-A55C-7A53B4C73745}.Debug|x64.ActiveCfg = Debug|x64
		{2CC01836-7A66-4176-A55C-7A53B4C73745}.Debug|x64.Build.0 = Debug|x64
		{2CC01836-7A66-4176-A55C-7A53B4C73745}.Debug|x86.ActiveCfg = Debug|x86
		{2CC01836-7A66-4176-A55C-7A53B4C73745}.Debug|x86.Build.0 = Debug|x86
		{2CC01836-7A66-4176-A55C-7A53B4C73745}.Profile|Any CPU.ActiveCfg = Release|x86
		{2CC01836-7A66-4176-A55C-7A53B4C73745}.Profile|Mixed Platforms.ActiveCfg = Release|x86
		{2CC01836-7A66-4176-A55C-7A53B4C73745}.Profile|Mixed Platforms.Build.0 = Release|x86
		{2CC01836-7A66-4176-A55C-7A53B4C73745}.Profile|Win32.ActiveCfg = Release|x86
		{2CC01836-7A66-4176-A55C-7A53B4C73745}.Profile|Win32.Build.0 = Release|x86
		{2CC01836-7A66-4176-A55C-7A53B4C73745}.Profile|x64.ActiveCfg = Release|x86
		{2CC01836-7A66-4176-A55C-7A53B4C73745}.Profile|x86.ActiveCfg = Release|x86
		{2CC01836-7A66-4176-A55C-7A53B4C73745}.Profile|x86.Build.0 = Release|x86
		{2CC01836-7A66-4176-A55C-7A53B4C73745}.Release|Any CPU.ActiveCfg = Release|Any CPU
		{2CC01836-7A66-4176-A55C-7A53B4C73745}.Release|Any CPU.Build.0 = Release|Any CPU
		{2CC01836-7A66-4176-A55C-7A53B4C73745}.Release|Mixed Platforms.ActiveCfg = Release|x86
		{2CC01836-7A66-4176-A55C-7A53B4C73745}.Release|Mixed Platforms.Build.0 = Release|x86
		{2CC01836-7A66-4176-A55C-7A53B4C73745}.Release|Win32.ActiveCfg = Release|x86
		{2CC01836-7A66-4176-A55C-7A53B4C73745}.Release|Win32.Build.0 = Release|x86
		{2CC01836-7A66-4176-A55C-7A53B4C73745}.Release|x64.ActiveCfg = Release|x64
		{2CC01836-7A66-4176-A55C-7A53B4C73745}.Release|x64.Build.0 = Release|x64
		{2CC01836-7A66-4176-A55C-7A53B4C73745}.Release|x86.ActiveCfg = Release|x86
		{2CC01836-7A66-4176-A55C-7A53B4C73745}.Release|x86.Build.0 = Release|x86
		{2BEBFD43-4EC8-4B31-B6F5-D4A9E5F5FB70}.Debug|Any CPU.ActiveCfg = Debug|x64
		{2BEBFD43-4EC8-4B31-B6F5-D4A9E5F5FB70}.Debug|Mixed Platforms.ActiveCfg = Debug|x86
		{2BEBFD43-4EC8-4B31-B6F5-D4A9E5F5FB70}.Debug|Mixed Platforms.Build.0 = Debug|x86
		{2BEBFD43-4EC8-4B31-B6F5-D4A9E5F5FB70}.Debug|Win32.ActiveCfg = Debug|x86
		{2BEBFD43-4EC8-4B31-B6F5-D4A9E5F5FB70}.Debug|Win32.Build.0 = Debug|x86
		{2BEBFD43-4EC8-4B31-B6F5-D4A9E5F5FB70}.Debug|x64.ActiveCfg = Debug|x64
		{2BEBFD43-4EC8-4B31-B6F5-D4A9E5F5FB70}.Debug|x86.ActiveCfg = Debug|x86
		{2BEBFD43-4EC8-4B31-B6F5-D4A9E5F5FB70}.Debug|x86.Build.0 = Debug|x86
		{2BEBFD43-4EC8-4B31-B6F5-D4A9E5F5FB70}.Profile|Any CPU.ActiveCfg = Release|x64
		{2BEBFD43-4EC8-4B31-B6F5-D4A9E5F5FB70}.Profile|Mixed Platforms.ActiveCfg = Release|x86
		{2BEBFD43-4EC8-4B31-B6F5-D4A9E5F5FB70}.Profile|Mixed Platforms.Build.0 = Release|x86
		{2BEBFD43-4EC8-4B31-B6F5-D4A9E5F5FB70}.Profile|Win32.ActiveCfg = Release|x86
		{2BEBFD43-4EC8-4B31-B6F5-D4A9E5F5FB70}.Profile|Win32.Build.0 = Release|x86
		{2BEBFD43-4EC8-4B31-B6F5-D4A9E5F5FB70}.Profile|x64.ActiveCfg = Release|x86
		{2BEBFD43-4EC8-4B31-B6F5-D4A9E5F5FB70}.Profile|x86.ActiveCfg = Release|x86
		{2BEBFD43-4EC8-4B31-B6F5-D4A9E5F5FB70}.Profile|x86.Build.0 = Release|x86
		{2BEBFD43-4EC8-4B31-B6F5-D4A9E5F5FB70}.Release|Any CPU.ActiveCfg = Release|x86
		{2BEBFD43-4EC8-4B31-B6F5-D4A9E5F5FB70}.Release|Mixed Platforms.ActiveCfg = Release|x86
		{2BEBFD43-4EC8-4B31-B6F5-D4A9E5F5FB70}.Release|Mixed Platforms.Build.0 = Release|x86
		{2BEBFD43-4EC8-4B31-B6F5-D4A9E5F5FB70}.Release|Win32.ActiveCfg = Release|x86
		{2BEBFD43-4EC8-4B31-B6F5-D4A9E5F5FB70}.Release|Win32.Build.0 = Release|x86
		{2BEBFD43-4EC8-4B31-B6F5-D4A9E5F5FB70}.Release|x64.ActiveCfg = Release|x64
		{2BEBFD43-4EC8-4B31-B6F5-D4A9E5F5FB70}.Release|x86.ActiveCfg = Release|x86
		{2BEBFD43-4EC8-4B31-B6F5-D4A9E5F5FB70}.Release|x86.Build.0 = Release|x86
		{7390F320-31D5-43DF-8EB3-3C5C953303B2}.Debug|Any CPU.ActiveCfg = Debug|x64
		{7390F320-31D5-43DF-8EB3-3C5C953303B2}.Debug|Any CPU.Build.0 = Debug|x64
		{7390F320-31D5-43DF-8EB3-3C5C953303B2}.Debug|Mixed Platforms.ActiveCfg = Debug|Win32
		{7390F320-31D5-43DF-8EB3-3C5C953303B2}.Debug|Mixed Platforms.Build.0 = Debug|Win32
		{7390F320-31D5-43DF-8EB3-3C5C953303B2}.Debug|Win32.ActiveCfg = Debug|Win32
		{7390F320-31D5-43DF-8EB3-3C5C953303B2}.Debug|Win32.Build.0 = Debug|Win32
		{7390F320-31D5-43DF-8EB3-3C5C953303B2}.Debug|x64.ActiveCfg = Debug|x64
		{7390F320-31D5-43DF-8EB3-3C5C953303B2}.Debug|x64.Build.0 = Debug|x64
		{7390F320-31D5-43DF-8EB3-3C5C953303B2}.Debug|x86.ActiveCfg = Debug|Win32
		{7390F320-31D5-43DF-8EB3-3C5C953303B2}.Debug|x86.Build.0 = Debug|Win32
		{7390F320-31D5-43DF-8EB3-3C5C953303B2}.Profile|Any CPU.ActiveCfg = Release|x64
		{7390F320-31D5-43DF-8EB3-3C5C953303B2}.Profile|Any CPU.Build.0 = Release|x64
		{7390F320-31D5-43DF-8EB3-3C5C953303B2}.Profile|Mixed Platforms.ActiveCfg = Release|Win32
		{7390F320-31D5-43DF-8EB3-3C5C953303B2}.Profile|Mixed Platforms.Build.0 = Release|Win32
		{7390F320-31D5-43DF-8EB3-3C5C953303B2}.Profile|Win32.ActiveCfg = Release|Win32
		{7390F320-31D5-43DF-8EB3-3C5C953303B2}.Profile|Win32.Build.0 = Release|Win32
		{7390F320-31D5-43DF-8EB3-3C5C953303B2}.Profile|x64.ActiveCfg = Release|Win32
		{7390F320-31D5-43DF-8EB3-3C5C953303B2}.Profile|x86.ActiveCfg = Release|Win32
		{7390F320-31D5-43DF-8EB3-3C5C953303B2}.Profile|x86.Build.0 = Release|Win32
		{7390F320-31D5-43DF-8EB3-3C5C953303B2}.Release|Any CPU.ActiveCfg = Release|x64
		{7390F320-31D5-43DF-8EB3-3C5C953303B2}.Release|Mixed Platforms.ActiveCfg = Release|Win32
		{7390F320-31D5-43DF-8EB3-3C5C953303B2}.Release|Mixed Platforms.Build.0 = Release|Win32
		{7390F320-31D5-43DF-8EB3-3C5C953303B2}.Release|Win32.ActiveCfg = Release|Win32
		{7390F320-31D5-43DF-8EB3-3C5C953303B2}.Release|Win32.Build.0 = Release|Win32
		{7390F320-31D5-43DF-8EB3-3C5C953303B2}.Release|x64.ActiveCfg = Release|x64
		{7390F320-31D5-43DF-8EB3-3C5C953303B2}.Release|x64.Build.0 = Release|x64
		{7390F320-31D5-43DF-8EB3-3C5C953303B2}.Release|x86.ActiveCfg = Release|Win32
		{7390F320-31D5-43DF-8EB3-3C5C953303B2}.Release|x86.Build.0 = Release|Win32
		{7512DFFA-B672-44D8-B834-DC7849503F70}.Debug|Any CPU.ActiveCfg = Debug|Any CPU
		{7512DFFA-B672-44D8-B834-DC7849503F70}.Debug|Any CPU.Build.0 = Debug|Any CPU
		{7512DFFA-B672-44D8-B834-DC7849503F70}.Debug|Mixed Platforms.ActiveCfg = Debug|Any CPU
		{7512DFFA-B672-44D8-B834-DC7849503F70}.Debug|Mixed Platforms.Build.0 = Debug|Any CPU
		{7512DFFA-B672-44D8-B834-DC7849503F70}.Debug|Win32.ActiveCfg = Debug|Any CPU
		{7512DFFA-B672-44D8-B834-DC7849503F70}.Debug|x64.ActiveCfg = Debug|x64
		{7512DFFA-B672-44D8-B834-DC7849503F70}.Debug|x64.Build.0 = Debug|x64
		{7512DFFA-B672-44D8-B834-DC7849503F70}.Debug|x86.ActiveCfg = Debug|Any CPU
		{7512DFFA-B672-44D8-B834-DC7849503F70}.Profile|Any CPU.ActiveCfg = Release|Any CPU
		{7512DFFA-B672-44D8-B834-DC7849503F70}.Profile|Any CPU.Build.0 = Release|Any CPU
		{7512DFFA-B672-44D8-B834-DC7849503F70}.Profile|Mixed Platforms.ActiveCfg = Release|Any CPU
		{7512DFFA-B672-44D8-B834-DC7849503F70}.Profile|Mixed Platforms.Build.0 = Release|Any CPU
		{7512DFFA-B672-44D8-B834-DC7849503F70}.Profile|Win32.ActiveCfg = Release|Any CPU
		{7512DFFA-B672-44D8-B834-DC7849503F70}.Profile|x64.ActiveCfg = Release|Any CPU
		{7512DFFA-B672-44D8-B834-DC7849503F70}.Profile|x86.ActiveCfg = Release|Any CPU
		{7512DFFA-B672-44D8-B834-DC7849503F70}.Release|Any CPU.ActiveCfg = Release|Any CPU
		{7512DFFA-B672-44D8-B834-DC7849503F70}.Release|Any CPU.Build.0 = Release|Any CPU
		{7512DFFA-B672-44D8-B834-DC7849503F70}.Release|Mixed Platforms.ActiveCfg = Release|Any CPU
		{7512DFFA-B672-44D8-B834-DC7849503F70}.Release|Mixed Platforms.Build.0 = Release|Any CPU
		{7512DFFA-B672-44D8-B834-DC7849503F70}.Release|Win32.ActiveCfg = Release|Any CPU
		{7512DFFA-B672-44D8-B834-DC7849503F70}.Release|x64.ActiveCfg = Release|x64
		{7512DFFA-B672-44D8-B834-DC7849503F70}.Release|x64.Build.0 = Release|x64
		{7512DFFA-B672-44D8-B834-DC7849503F70}.Release|x86.ActiveCfg = Release|Any CPU
		{65AC0B6B-B1B0-4E96-8AB5-1DE447F73E52}.Debug|Any CPU.ActiveCfg = Debug|Any CPU
		{65AC0B6B-B1B0-4E96-8AB5-1DE447F73E52}.Debug|Any CPU.Build.0 = Debug|Any CPU
		{65AC0B6B-B1B0-4E96-8AB5-1DE447F73E52}.Debug|Mixed Platforms.ActiveCfg = Debug|Any CPU
		{65AC0B6B-B1B0-4E96-8AB5-1DE447F73E52}.Debug|Mixed Platforms.Build.0 = Debug|Any CPU
		{65AC0B6B-B1B0-4E96-8AB5-1DE447F73E52}.Debug|Win32.ActiveCfg = Debug|Any CPU
		{65AC0B6B-B1B0-4E96-8AB5-1DE447F73E52}.Debug|x64.ActiveCfg = Debug|x64
		{65AC0B6B-B1B0-4E96-8AB5-1DE447F73E52}.Debug|x64.Build.0 = Debug|x64
		{65AC0B6B-B1B0-4E96-8AB5-1DE447F73E52}.Debug|x86.ActiveCfg = Debug|Any CPU
		{65AC0B6B-B1B0-4E96-8AB5-1DE447F73E52}.Profile|Any CPU.ActiveCfg = Release|Any CPU
		{65AC0B6B-B1B0-4E96-8AB5-1DE447F73E52}.Profile|Any CPU.Build.0 = Release|Any CPU
		{65AC0B6B-B1B0-4E96-8AB5-1DE447F73E52}.Profile|Mixed Platforms.ActiveCfg = Release|Any CPU
		{65AC0B6B-B1B0-4E96-8AB5-1DE447F73E52}.Profile|Mixed Platforms.Build.0 = Release|Any CPU
		{65AC0B6B-B1B0-4E96-8AB5-1DE447F73E52}.Profile|Win32.ActiveCfg = Release|Any CPU
		{65AC0B6B-B1B0-4E96-8AB5-1DE447F73E52}.Profile|x64.ActiveCfg = Release|Any CPU
		{65AC0B6B-B1B0-4E96-8AB5-1DE447F73E52}.Profile|x86.ActiveCfg = Release|Any CPU
		{65AC0B6B-B1B0-4E96-8AB5-1DE447F73E52}.Release|Any CPU.ActiveCfg = Release|Any CPU
		{65AC0B6B-B1B0-4E96-8AB5-1DE447F73E52}.Release|Any CPU.Build.0 = Release|Any CPU
		{65AC0B6B-B1B0-4E96-8AB5-1DE447F73E52}.Release|Mixed Platforms.ActiveCfg = Release|Any CPU
		{65AC0B6B-B1B0-4E96-8AB5-1DE447F73E52}.Release|Mixed Platforms.Build.0 = Release|Any CPU
		{65AC0B6B-B1B0-4E96-8AB5-1DE447F73E52}.Release|Win32.ActiveCfg = Release|Any CPU
		{65AC0B6B-B1B0-4E96-8AB5-1DE447F73E52}.Release|x64.ActiveCfg = Release|x64
		{65AC0B6B-B1B0-4E96-8AB5-1DE447F73E52}.Release|x64.Build.0 = Release|x64
		{65AC0B6B-B1B0-4E96-8AB5-1DE447F73E52}.Release|x86.ActiveCfg = Release|Any CPU
		{8CDF3B35-F251-47E3-A549-8E7BCB3A9B8B}.Debug|Any CPU.ActiveCfg = Debug|Win32
		{8CDF3B35-F251-47E3-A549-8E7BCB3A9B8B}.Debug|Mixed Platforms.ActiveCfg = Debug|Win32
		{8CDF3B35-F251-47E3-A549-8E7BCB3A9B8B}.Debug|Mixed Platforms.Build.0 = Debug|Win32
		{8CDF3B35-F251-47E3-A549-8E7BCB3A9B8B}.Debug|Win32.ActiveCfg = Debug|Win32
		{8CDF3B35-F251-47E3-A549-8E7BCB3A9B8B}.Debug|Win32.Build.0 = Debug|Win32
		{8CDF3B35-F251-47E3-A549-8E7BCB3A9B8B}.Debug|x64.ActiveCfg = Debug|Win32
		{8CDF3B35-F251-47E3-A549-8E7BCB3A9B8B}.Debug|x64.Build.0 = Debug|Win32
		{8CDF3B35-F251-47E3-A549-8E7BCB3A9B8B}.Debug|x86.ActiveCfg = Debug|Win32
		{8CDF3B35-F251-47E3-A549-8E7BCB3A9B8B}.Debug|x86.Build.0 = Debug|Win32
		{8CDF3B35-F251-47E3-A549-8E7BCB3A9B8B}.Profile|Any CPU.ActiveCfg = Release|Win32
		{8CDF3B35-F251-47E3-A549-8E7BCB3A9B8B}.Profile|Mixed Platforms.ActiveCfg = Release|Win32
		{8CDF3B35-F251-47E3-A549-8E7BCB3A9B8B}.Profile|Mixed Platforms.Build.0 = Release|Win32
		{8CDF3B35-F251-47E3-A549-8E7BCB3A9B8B}.Profile|Win32.ActiveCfg = Release|Win32
		{8CDF3B35-F251-47E3-A549-8E7BCB3A9B8B}.Profile|Win32.Build.0 = Release|Win32
		{8CDF3B35-F251-47E3-A549-8E7BCB3A9B8B}.Profile|x64.ActiveCfg = Release|Win32
		{8CDF3B35-F251-47E3-A549-8E7BCB3A9B8B}.Profile|x86.ActiveCfg = Release|Win32
		{8CDF3B35-F251-47E3-A549-8E7BCB3A9B8B}.Profile|x86.Build.0 = Release|Win32
		{8CDF3B35-F251-47E3-A549-8E7BCB3A9B8B}.Release|Any CPU.ActiveCfg = Release|Win32
		{8CDF3B35-F251-47E3-A549-8E7BCB3A9B8B}.Release|Mixed Platforms.ActiveCfg = Release|Win32
		{8CDF3B35-F251-47E3-A549-8E7BCB3A9B8B}.Release|Mixed Platforms.Build.0 = Release|Win32
		{8CDF3B35-F251-47E3-A549-8E7BCB3A9B8B}.Release|Win32.ActiveCfg = Release|Win32
		{8CDF3B35-F251-47E3-A549-8E7BCB3A9B8B}.Release|Win32.Build.0 = Release|Win32
		{8CDF3B35-F251-47E3-A549-8E7BCB3A9B8B}.Release|x64.ActiveCfg = Release|Win32
		{8CDF3B35-F251-47E3-A549-8E7BCB3A9B8B}.Release|x64.Build.0 = Release|Win32
		{8CDF3B35-F251-47E3-A549-8E7BCB3A9B8B}.Release|x86.ActiveCfg = Release|Win32
		{8CDF3B35-F251-47E3-A549-8E7BCB3A9B8B}.Release|x86.Build.0 = Release|Win32
		{2A0C31DF-0CE7-449D-BC2B-F4183016A574}.Debug|Any CPU.ActiveCfg = Debug|Any CPU
		{2A0C31DF-0CE7-449D-BC2B-F4183016A574}.Debug|Any CPU.Build.0 = Debug|Any CPU
		{2A0C31DF-0CE7-449D-BC2B-F4183016A574}.Debug|Mixed Platforms.ActiveCfg = Debug|Any CPU
		{2A0C31DF-0CE7-449D-BC2B-F4183016A574}.Debug|Mixed Platforms.Build.0 = Debug|Any CPU
		{2A0C31DF-0CE7-449D-BC2B-F4183016A574}.Debug|Win32.ActiveCfg = Debug|Any CPU
		{2A0C31DF-0CE7-449D-BC2B-F4183016A574}.Debug|x64.ActiveCfg = Debug|x64
		{2A0C31DF-0CE7-449D-BC2B-F4183016A574}.Debug|x64.Build.0 = Debug|x64
		{2A0C31DF-0CE7-449D-BC2B-F4183016A574}.Debug|x86.ActiveCfg = Debug|Any CPU
		{2A0C31DF-0CE7-449D-BC2B-F4183016A574}.Profile|Any CPU.ActiveCfg = Release|Any CPU
		{2A0C31DF-0CE7-449D-BC2B-F4183016A574}.Profile|Any CPU.Build.0 = Release|Any CPU
		{2A0C31DF-0CE7-449D-BC2B-F4183016A574}.Profile|Mixed Platforms.ActiveCfg = Release|Any CPU
		{2A0C31DF-0CE7-449D-BC2B-F4183016A574}.Profile|Mixed Platforms.Build.0 = Release|Any CPU
		{2A0C31DF-0CE7-449D-BC2B-F4183016A574}.Profile|Win32.ActiveCfg = Release|Any CPU
		{2A0C31DF-0CE7-449D-BC2B-F4183016A574}.Profile|x64.ActiveCfg = Release|Any CPU
		{2A0C31DF-0CE7-449D-BC2B-F4183016A574}.Profile|x86.ActiveCfg = Release|Any CPU
		{2A0C31DF-0CE7-449D-BC2B-F4183016A574}.Release|Any CPU.ActiveCfg = Release|Any CPU
		{2A0C31DF-0CE7-449D-BC2B-F4183016A574}.Release|Any CPU.Build.0 = Release|Any CPU
		{2A0C31DF-0CE7-449D-BC2B-F4183016A574}.Release|Mixed Platforms.ActiveCfg = Release|Any CPU
		{2A0C31DF-0CE7-449D-BC2B-F4183016A574}.Release|Mixed Platforms.Build.0 = Release|Any CPU
		{2A0C31DF-0CE7-449D-BC2B-F4183016A574}.Release|Win32.ActiveCfg = Release|Any CPU
		{2A0C31DF-0CE7-449D-BC2B-F4183016A574}.Release|x64.ActiveCfg = Release|x64
		{2A0C31DF-0CE7-449D-BC2B-F4183016A574}.Release|x64.Build.0 = Release|x64
		{2A0C31DF-0CE7-449D-BC2B-F4183016A574}.Release|x86.ActiveCfg = Release|Any CPU
		{E4903ED5-BC9D-4D1E-BD88-C811B140825D}.Debug|Any CPU.ActiveCfg = Debug|Win32
		{E4903ED5-BC9D-4D1E-BD88-C811B140825D}.Debug|Mixed Platforms.ActiveCfg = Debug|Win32
		{E4903ED5-BC9D-4D1E-BD88-C811B140825D}.Debug|Mixed Platforms.Build.0 = Debug|Win32
		{E4903ED5-BC9D-4D1E-BD88-C811B140825D}.Debug|Win32.ActiveCfg = Debug|Win32
		{E4903ED5-BC9D-4D1E-BD88-C811B140825D}.Debug|Win32.Build.0 = Debug|Win32
		{E4903ED5-BC9D-4D1E-BD88-C811B140825D}.Debug|x64.ActiveCfg = Debug|x64
		{E4903ED5-BC9D-4D1E-BD88-C811B140825D}.Debug|x64.Build.0 = Debug|x64
		{E4903ED5-BC9D-4D1E-BD88-C811B140825D}.Debug|x86.ActiveCfg = Debug|Win32
		{E4903ED5-BC9D-4D1E-BD88-C811B140825D}.Debug|x86.Build.0 = Debug|Win32
		{E4903ED5-BC9D-4D1E-BD88-C811B140825D}.Profile|Any CPU.ActiveCfg = Release|x64
		{E4903ED5-BC9D-4D1E-BD88-C811B140825D}.Profile|Any CPU.Build.0 = Release|x64
		{E4903ED5-BC9D-4D1E-BD88-C811B140825D}.Profile|Mixed Platforms.ActiveCfg = Release|Win32
		{E4903ED5-BC9D-4D1E-BD88-C811B140825D}.Profile|Mixed Platforms.Build.0 = Release|Win32
		{E4903ED5-BC9D-4D1E-BD88-C811B140825D}.Profile|Win32.ActiveCfg = Release|Win32
		{E4903ED5-BC9D-4D1E-BD88-C811B140825D}.Profile|Win32.Build.0 = Release|Win32
		{E4903ED5-BC9D-4D1E-BD88-C811B140825D}.Profile|x64.ActiveCfg = Release|x64
		{E4903ED5-BC9D-4D1E-BD88-C811B140825D}.Profile|x64.Build.0 = Release|x64
		{E4903ED5-BC9D-4D1E-BD88-C811B140825D}.Profile|x86.ActiveCfg = Release|Win32
		{E4903ED5-BC9D-4D1E-BD88-C811B140825D}.Profile|x86.Build.0 = Release|Win32
		{E4903ED5-BC9D-4D1E-BD88-C811B140825D}.Release|Any CPU.ActiveCfg = Release|Win32
		{E4903ED5-BC9D-4D1E-BD88-C811B140825D}.Release|Mixed Platforms.ActiveCfg = Release|Win32
		{E4903ED5-BC9D-4D1E-BD88-C811B140825D}.Release|Mixed Platforms.Build.0 = Release|Win32
		{E4903ED5-BC9D-4D1E-BD88-C811B140825D}.Release|Win32.ActiveCfg = Release|Win32
		{E4903ED5-BC9D-4D1E-BD88-C811B140825D}.Release|Win32.Build.0 = Release|Win32
		{E4903ED5-BC9D-4D1E-BD88-C811B140825D}.Release|x64.ActiveCfg = Release|x64
		{E4903ED5-BC9D-4D1E-BD88-C811B140825D}.Release|x64.Build.0 = Release|x64
		{E4903ED5-BC9D-4D1E-BD88-C811B140825D}.Release|x86.ActiveCfg = Release|Win32
		{E4903ED5-BC9D-4D1E-BD88-C811B140825D}.Release|x86.Build.0 = Release|Win32
	EndGlobalSection
	GlobalSection(SolutionProperties) = preSolution
		HideSolutionNode = FALSE
	EndGlobalSection
	GlobalSection(NestedProjects) = preSolution
		{C0CC204C-E20A-4456-A216-A1C3E4FD3703} = {ECCF507C-ACD7-426D-B22D-8D063A427253}
		{CEC07704-2A19-4BF1-B46D-8FCF9C5965EE} = {0A023383-5949-4C51-B394-910E29E90974}
		{DD026A89-C5FE-4150-BC85-A660E427826A} = {0A023383-5949-4C51-B394-910E29E90974}
		{6C974BA3-ECBA-4436-85CB-218EEBB33D53} = {0A023383-5949-4C51-B394-910E29E90974}
		{9A67863F-D886-41A5-A8D1-04BA1379B097} = {0A023383-5949-4C51-B394-910E29E90974}
		{E96E2072-C7EF-46BB-A3F1-8CF6B26BF019} = {0A023383-5949-4C51-B394-910E29E90974}
		{F96CDFD3-8954-4F4F-AFB0-2855D98F051B} = {0A023383-5949-4C51-B394-910E29E90974}
		{7523DEED-A096-4B6E-B1D9-EDDA85EE6AA6} = {ECCF507C-ACD7-426D-B22D-8D063A427253}
		{4334A78F-8D43-4C3E-982E-E3B82D7D3F7A} = {A7A3F95C-0AAF-4737-BFA3-0211799C0B36}
		{B741A6E5-1850-49B7-9129-29AF1EA44686} = {4B8CA9CC-B6D2-46E4-848F-35B8710EEE95}
		{EB400C51-70B9-4809-AC8B-D8D3D6F7C5DE} = {4B8CA9CC-B6D2-46E4-848F-35B8710EEE95}
		{371B9FA9-4C90-4AC6-A123-ACED756D6C77} = {0A023383-5949-4C51-B394-910E29E90974}
		{E39FEF9B-B9C8-484E-ACB8-6D21C7012921} = {A7A3F95C-0AAF-4737-BFA3-0211799C0B36}
		{99EF9619-2208-4BF2-9841-E72FFD912805} = {A7A3F95C-0AAF-4737-BFA3-0211799C0B36}
		{E23A7535-002F-4DD6-93F4-445B123D75B5} = {0A023383-5949-4C51-B394-910E29E90974}
		{458B0C80-5F87-42D7-A084-75C7F143820E} = {A7A3F95C-0AAF-4737-BFA3-0211799C0B36}
		{4CEFF180-C07C-4AD5-B9CA-5F90E30391E5} = {ECCF507C-ACD7-426D-B22D-8D063A427253}
		{59AB0801-6E22-4781-B48D-3FD46421204C} = {4B8CA9CC-B6D2-46E4-848F-35B8710EEE95}
		{74574A82-09D8-478F-A48C-D9BB86D8D8B6} = {A7A3F95C-0AAF-4737-BFA3-0211799C0B36}
		{779FF851-2A83-4797-AAF5-2A3F2BFF1AE8} = {A7A3F95C-0AAF-4737-BFA3-0211799C0B36}
		{2CC01836-7A66-4176-A55C-7A53B4C73745} = {4B8CA9CC-B6D2-46E4-848F-35B8710EEE95}
		{2BEBFD43-4EC8-4B31-B6F5-D4A9E5F5FB70} = {4B8CA9CC-B6D2-46E4-848F-35B8710EEE95}
		{7390F320-31D5-43DF-8EB3-3C5C953303B2} = {0A023383-5949-4C51-B394-910E29E90974}
		{7512DFFA-B672-44D8-B834-DC7849503F70} = {4B8CA9CC-B6D2-46E4-848F-35B8710EEE95}
		{65AC0B6B-B1B0-4E96-8AB5-1DE447F73E52} = {0C624A70-43F3-4EEC-AA9E-E9E695D07568}
		{8CDF3B35-F251-47E3-A549-8E7BCB3A9B8B} = {0C624A70-43F3-4EEC-AA9E-E9E695D07568}
		{0C624A70-43F3-4EEC-AA9E-E9E695D07568} = {A7A3F95C-0AAF-4737-BFA3-0211799C0B36}
		{2A0C31DF-0CE7-449D-BC2B-F4183016A574} = {4B8CA9CC-B6D2-46E4-848F-35B8710EEE95}
		{E4903ED5-BC9D-4D1E-BD88-C811B140825D} = {ECCF507C-ACD7-426D-B22D-8D063A427253}
		{ECCF507C-ACD7-426D-B22D-8D063A427253} = {0A023383-5949-4C51-B394-910E29E90974}
	EndGlobalSection
	GlobalSection(ExtensibilityGlobals) = postSolution
		SolutionGuid = {27114B89-DFF9-429E-91B6-EA1F8E43980C}
	EndGlobalSection
EndGlobal
