
Microsoft Visual Studio Solution File, Format Version 11.00
# Visual Studio 2010
Project("{FAE04EC0-301F-11D3-BF4B-00C04F79EFBC}") = "SharpMath", "Packages\SharpMath\SharpMath.csproj", "{DD026A89-C5FE-4150-BC85-A660E427826A}"
EndProject
Project("{FAE04EC0-301F-11D3-BF4B-00C04F79EFBC}") = "SphericalHarmonicsLibrary", "Packages\SphericalHarmonicsLibrary\SphericalHarmonicsLibrary.csproj", "{E96E2072-C7EF-46BB-A3F1-8CF6B26BF019}"
EndProject
Project("{FAE04EC0-301F-11D3-BF4B-00C04F79EFBC}") = "Utility", "Packages\Cirrus.Utility\Utility.csproj", "{9A67863F-D886-41A5-A8D1-04BA1379B097}"
EndProject
Project("{FAE04EC0-301F-11D3-BF4B-00C04F79EFBC}") = "TestFerrofluids", "Tools\TestFerroFluids\TestFerrofluids.csproj", "{B6408E29-14A7-4B29-B527-19AEFDF939F2}"
EndProject
Project("{FAE04EC0-301F-11D3-BF4B-00C04F79EFBC}") = "ConcatenateShaders", "Tools\ConcatenateShaders\ConcatenateShaders.csproj", "{B741A6E5-1850-49B7-9129-29AF1EA44686}"
EndProject
Project("{FAE04EC0-301F-11D3-BF4B-00C04F79EFBC}") = "PNG2POM", "Tools\PNG2RAW\PNG2POM.csproj", "{10594C0B-7AF5-44A6-901A-4695457E2FD9}"
EndProject
Project("{FAE04EC0-301F-11D3-BF4B-00C04F79EFBC}") = "BRDFLafortuneFitting", "Tools\BRDFLafortuneFitting\BRDFLafortuneFitting.csproj", "{5800906F-18A5-454B-B393-DD76AED7CE8B}"
EndProject
Project("{FAE04EC0-301F-11D3-BF4B-00C04F79EFBC}") = "BRDFLafortuneFitting2", "Tools\BRDFLafortuneFitting2\BRDFLafortuneFitting2.csproj", "{2AA334BB-68D9-430F-A357-4E4EE916E75E}"
EndProject
Project("{FAE04EC0-301F-11D3-BF4B-00C04F79EFBC}") = "BRDFSlices", "Tools\BRDFSlices\BRDFSlices.csproj", "{4609B718-96F6-4755-997C-AE7AF5BCBD0F}"
EndProject
Project("{FAE04EC0-301F-11D3-BF4B-00C04F79EFBC}") = "PhilBackup", "Tools\PhilBackup\PhilBackup.csproj", "{C053A954-6E1B-49CA-92EC-607D5BA88103}"
EndProject
Project("{FAE04EC0-301F-11D3-BF4B-00C04F79EFBC}") = "HDR2POM", "Tools\HDR2RAW\HDR2POM.csproj", "{544CA9EF-FD80-4514-922F-86BB596A95F4}"
EndProject
Project("{FAE04EC0-301F-11D3-BF4B-00C04F79EFBC}") = "TestImportanceSampling", "Tools\TestImportanceSampling\TestImportanceSampling.csproj", "{18FCEB17-3BCF-4A06-BCC0-30BD6553692A}"
EndProject
Project("{FAE04EC0-301F-11D3-BF4B-00C04F79EFBC}") = "TestDCT", "Tools\TestDCT\TestDCT.csproj", "{92BF3886-D1E8-4832-AAD4-C5C6BC17816E}"
EndProject
Project("{FAE04EC0-301F-11D3-BF4B-00C04F79EFBC}") = "ControlPanelClouds", "Tools\TestMemoryMappedFiles\ControlPanelClouds.csproj", "{658D3EA5-AB74-42D2-A08C-AAA3780FCCBE}"
EndProject
Project("{8BC9CEB8-8B4A-11D0-8D11-00A0C91BC942}") = "FBXImporterManaged", "Packages\FBXImporterManaged\FBXImporterManaged.vcxproj", "{B565481B-96F6-4DBB-A6C7-001B3F9D2D14}"
EndProject
Project("{FAE04EC0-301F-11D3-BF4B-00C04F79EFBC}") = "FBXSceneLoader", "Packages\FBXSceneLoader\FBXSceneLoader.csproj", "{D0CC5DC0-D81A-4976-9042-8A3B5427148B}"
EndProject
Project("{FAE04EC0-301F-11D3-BF4B-00C04F79EFBC}") = "GenerateDiffuseColorChart", "Tools\TestGradientPNG\GenerateDiffuseColorChart.csproj", "{DE53DB89-696C-4979-8BEA-6DCD30171684}"
EndProject
Project("{8BC9CEB8-8B4A-11D0-8D11-00A0C91BC942}") = "DirectXTex", "Packages\DirectXTex\DirectXTex\DirectXTex_Desktop_2010.vcxproj", "{371B9FA9-4C90-4AC6-A123-ACED756D6C77}"
EndProject
Project("{FAE04EC0-301F-11D3-BF4B-00C04F79EFBC}") = "TestFilmCurve", "Tools\TestFilmCurve\TestFilmCurve.csproj", "{882F79F3-62E7-4523-B0BA-8FA1144D565B}"
EndProject
Project("{FAE04EC0-301F-11D3-BF4B-00C04F79EFBC}") = "HDRCubeMapConvolver", "Tools\HDRCubeMapConvolver\HDRCubeMapConvolver.csproj", "{04040D82-8A53-498E-86A6-305724AB523E}"
EndProject
Project("{8BC9CEB8-8B4A-11D0-8D11-00A0C91BC942}") = "DirectXTexManaged", "Tools\DirectXTexManaged\DirectXTexManaged.vcxproj", "{17C01446-DAC5-4F86-9ACE-E535C5B37679}"
	ProjectSection(ProjectDependencies) = postProject
		{DD026A89-C5FE-4150-BC85-A660E427826A} = {DD026A89-C5FE-4150-BC85-A660E427826A}
		{371B9FA9-4C90-4AC6-A123-ACED756D6C77} = {371B9FA9-4C90-4AC6-A123-ACED756D6C77}
	EndProjectSection
EndProject
Project("{FAE04EC0-301F-11D3-BF4B-00C04F79EFBC}") = "MotionTextureComputer", "Tools\MotionTextureComputer\MotionTextureComputer.csproj", "{1495E781-2449-49A1-A54B-61FB1081ACF3}"
EndProject
Project("{FAE04EC0-301F-11D3-BF4B-00C04F79EFBC}") = "FFTWLib", "Packages\FFTWLib\FFTWLib.csproj", "{BEA875B8-E28A-49C5-8E7E-6512DA65F7E1}"
EndProject
Project("{FAE04EC0-301F-11D3-BF4B-00C04F79EFBC}") = "FBXTestConverter", "Tools\FBXTestConverter\FBXTestConverter.csproj", "{90664263-E456-4E2E-A22F-DA2349B42C28}"
EndProject
Project("{FAE04EC0-301F-11D3-BF4B-00C04F79EFBC}") = "Cooker", "Tools\Cooker\Cooker.csproj", "{EB400C51-70B9-4809-AC8B-D8D3D6F7C5DE}"
EndProject
Project("{FAE04EC0-301F-11D3-BF4B-00C04F79EFBC}") = "ShaderInterpreter", "Tools\ShaderInterpreter\ShaderInterpreter.csproj", "{F69DD10A-13F1-46AB-84B7-EDA2402E8ACD}"
EndProject
Project("{FAE04EC0-301F-11D3-BF4B-00C04F79EFBC}") = "ProbeSHEncoder", "Tools\ProbeSHEncoder\ProbeSHEncoder.csproj", "{FB223F49-DED7-4F62-844B-0CFC2AAEFCCB}"
EndProject
Project("{FAE04EC0-301F-11D3-BF4B-00C04F79EFBC}") = "TestFresnel", "Tools\TestFresnel\TestFresnel.csproj", "{14B9C667-EB92-46CE-A8A6-08CC5D2B2028}"
EndProject
Project("{FAE04EC0-301F-11D3-BF4B-00C04F79EFBC}") = "ControlPanelGlobalIllumination", "Tools\ControlPanelGlobalIllumination\ControlPanelGlobalIllumination.csproj", "{E56BAA99-8C8C-4087-9BD8-A7FCFD0FA2B5}"
EndProject
Global
	GlobalSection(SolutionConfigurationPlatforms) = preSolution
		Debug|Any CPU = Debug|Any CPU
		Debug|Mixed Platforms = Debug|Mixed Platforms
		Debug|x64 = Debug|x64
		Debug|x86 = Debug|x86
		Profile|Any CPU = Profile|Any CPU
		Profile|Mixed Platforms = Profile|Mixed Platforms
		Profile|x64 = Profile|x64
		Profile|x86 = Profile|x86
		Release|Any CPU = Release|Any CPU
		Release|Mixed Platforms = Release|Mixed Platforms
		Release|x64 = Release|x64
		Release|x86 = Release|x86
	EndGlobalSection
	GlobalSection(ProjectConfigurationPlatforms) = postSolution
		{DD026A89-C5FE-4150-BC85-A660E427826A}.Debug|Any CPU.ActiveCfg = Debug|x86
		{DD026A89-C5FE-4150-BC85-A660E427826A}.Debug|Any CPU.Build.0 = Debug|x86
		{DD026A89-C5FE-4150-BC85-A660E427826A}.Debug|Mixed Platforms.ActiveCfg = Debug|x64
		{DD026A89-C5FE-4150-BC85-A660E427826A}.Debug|Mixed Platforms.Build.0 = Debug|x64
		{DD026A89-C5FE-4150-BC85-A660E427826A}.Debug|x64.ActiveCfg = Debug|Any CPU
		{DD026A89-C5FE-4150-BC85-A660E427826A}.Debug|x64.Build.0 = Debug|Any CPU
		{DD026A89-C5FE-4150-BC85-A660E427826A}.Debug|x86.ActiveCfg = Debug|x86
		{DD026A89-C5FE-4150-BC85-A660E427826A}.Debug|x86.Build.0 = Debug|x86
		{DD026A89-C5FE-4150-BC85-A660E427826A}.Profile|Any CPU.ActiveCfg = Release|x64
		{DD026A89-C5FE-4150-BC85-A660E427826A}.Profile|Mixed Platforms.ActiveCfg = Release|x64
		{DD026A89-C5FE-4150-BC85-A660E427826A}.Profile|Mixed Platforms.Build.0 = Release|x64
		{DD026A89-C5FE-4150-BC85-A660E427826A}.Profile|x64.ActiveCfg = Release|x64
		{DD026A89-C5FE-4150-BC85-A660E427826A}.Profile|x64.Build.0 = Release|x64
		{DD026A89-C5FE-4150-BC85-A660E427826A}.Profile|x86.ActiveCfg = Release|x64
		{DD026A89-C5FE-4150-BC85-A660E427826A}.Release|Any CPU.ActiveCfg = Release|Any CPU
		{DD026A89-C5FE-4150-BC85-A660E427826A}.Release|Any CPU.Build.0 = Release|Any CPU
		{DD026A89-C5FE-4150-BC85-A660E427826A}.Release|Mixed Platforms.ActiveCfg = Release|x64
		{DD026A89-C5FE-4150-BC85-A660E427826A}.Release|Mixed Platforms.Build.0 = Release|x64
		{DD026A89-C5FE-4150-BC85-A660E427826A}.Release|x64.ActiveCfg = Release|Any CPU
		{DD026A89-C5FE-4150-BC85-A660E427826A}.Release|x64.Build.0 = Release|Any CPU
		{DD026A89-C5FE-4150-BC85-A660E427826A}.Release|x86.ActiveCfg = Release|x86
		{DD026A89-C5FE-4150-BC85-A660E427826A}.Release|x86.Build.0 = Release|x86
		{E96E2072-C7EF-46BB-A3F1-8CF6B26BF019}.Debug|Any CPU.ActiveCfg = Debug|x86
		{E96E2072-C7EF-46BB-A3F1-8CF6B26BF019}.Debug|Any CPU.Build.0 = Debug|x86
		{E96E2072-C7EF-46BB-A3F1-8CF6B26BF019}.Debug|Mixed Platforms.ActiveCfg = Debug|x64
		{E96E2072-C7EF-46BB-A3F1-8CF6B26BF019}.Debug|Mixed Platforms.Build.0 = Debug|x64
		{E96E2072-C7EF-46BB-A3F1-8CF6B26BF019}.Debug|x64.ActiveCfg = Debug|Any CPU
		{E96E2072-C7EF-46BB-A3F1-8CF6B26BF019}.Debug|x64.Build.0 = Debug|Any CPU
		{E96E2072-C7EF-46BB-A3F1-8CF6B26BF019}.Debug|x86.ActiveCfg = Debug|x86
		{E96E2072-C7EF-46BB-A3F1-8CF6B26BF019}.Debug|x86.Build.0 = Debug|x86
		{E96E2072-C7EF-46BB-A3F1-8CF6B26BF019}.Profile|Any CPU.ActiveCfg = Release|x64
		{E96E2072-C7EF-46BB-A3F1-8CF6B26BF019}.Profile|Mixed Platforms.ActiveCfg = Release|x64
		{E96E2072-C7EF-46BB-A3F1-8CF6B26BF019}.Profile|Mixed Platforms.Build.0 = Release|x64
		{E96E2072-C7EF-46BB-A3F1-8CF6B26BF019}.Profile|x64.ActiveCfg = Release|x64
		{E96E2072-C7EF-46BB-A3F1-8CF6B26BF019}.Profile|x64.Build.0 = Release|x64
		{E96E2072-C7EF-46BB-A3F1-8CF6B26BF019}.Profile|x86.ActiveCfg = Release|x64
		{E96E2072-C7EF-46BB-A3F1-8CF6B26BF019}.Release|Any CPU.ActiveCfg = Release|Any CPU
		{E96E2072-C7EF-46BB-A3F1-8CF6B26BF019}.Release|Any CPU.Build.0 = Release|Any CPU
		{E96E2072-C7EF-46BB-A3F1-8CF6B26BF019}.Release|Mixed Platforms.ActiveCfg = Release|x64
		{E96E2072-C7EF-46BB-A3F1-8CF6B26BF019}.Release|Mixed Platforms.Build.0 = Release|x64
		{E96E2072-C7EF-46BB-A3F1-8CF6B26BF019}.Release|x64.ActiveCfg = Release|x64
		{E96E2072-C7EF-46BB-A3F1-8CF6B26BF019}.Release|x64.Build.0 = Release|x64
		{E96E2072-C7EF-46BB-A3F1-8CF6B26BF019}.Release|x86.ActiveCfg = Release|x86
		{E96E2072-C7EF-46BB-A3F1-8CF6B26BF019}.Release|x86.Build.0 = Release|x86
		{9A67863F-D886-41A5-A8D1-04BA1379B097}.Debug|Any CPU.ActiveCfg = Debug|x86
		{9A67863F-D886-41A5-A8D1-04BA1379B097}.Debug|Any CPU.Build.0 = Debug|x86
		{9A67863F-D886-41A5-A8D1-04BA1379B097}.Debug|Mixed Platforms.ActiveCfg = Debug|x86
		{9A67863F-D886-41A5-A8D1-04BA1379B097}.Debug|Mixed Platforms.Build.0 = Debug|x86
		{9A67863F-D886-41A5-A8D1-04BA1379B097}.Debug|x64.ActiveCfg = Debug|Any CPU
		{9A67863F-D886-41A5-A8D1-04BA1379B097}.Debug|x64.Build.0 = Debug|Any CPU
		{9A67863F-D886-41A5-A8D1-04BA1379B097}.Debug|x86.ActiveCfg = Debug|x86
		{9A67863F-D886-41A5-A8D1-04BA1379B097}.Debug|x86.Build.0 = Debug|x86
		{9A67863F-D886-41A5-A8D1-04BA1379B097}.Profile|Any CPU.ActiveCfg = Release|x86
		{9A67863F-D886-41A5-A8D1-04BA1379B097}.Profile|Mixed Platforms.ActiveCfg = Release|x86
		{9A67863F-D886-41A5-A8D1-04BA1379B097}.Profile|Mixed Platforms.Build.0 = Release|x86
		{9A67863F-D886-41A5-A8D1-04BA1379B097}.Profile|x64.ActiveCfg = Release|x86
		{9A67863F-D886-41A5-A8D1-04BA1379B097}.Profile|x86.ActiveCfg = Release|x86
		{9A67863F-D886-41A5-A8D1-04BA1379B097}.Profile|x86.Build.0 = Release|x86
		{9A67863F-D886-41A5-A8D1-04BA1379B097}.Release|Any CPU.ActiveCfg = Release|Any CPU
		{9A67863F-D886-41A5-A8D1-04BA1379B097}.Release|Any CPU.Build.0 = Release|Any CPU
		{9A67863F-D886-41A5-A8D1-04BA1379B097}.Release|Mixed Platforms.ActiveCfg = Release|x86
		{9A67863F-D886-41A5-A8D1-04BA1379B097}.Release|Mixed Platforms.Build.0 = Release|x86
		{9A67863F-D886-41A5-A8D1-04BA1379B097}.Release|x64.ActiveCfg = Release|Any CPU
		{9A67863F-D886-41A5-A8D1-04BA1379B097}.Release|x64.Build.0 = Release|Any CPU
		{9A67863F-D886-41A5-A8D1-04BA1379B097}.Release|x86.ActiveCfg = Release|x86
		{9A67863F-D886-41A5-A8D1-04BA1379B097}.Release|x86.Build.0 = Release|x86
		{B6408E29-14A7-4B29-B527-19AEFDF939F2}.Debug|Any CPU.ActiveCfg = Debug|x86
		{B6408E29-14A7-4B29-B527-19AEFDF939F2}.Debug|Any CPU.Build.0 = Debug|x86
		{B6408E29-14A7-4B29-B527-19AEFDF939F2}.Debug|Mixed Platforms.ActiveCfg = Debug|x64
		{B6408E29-14A7-4B29-B527-19AEFDF939F2}.Debug|Mixed Platforms.Build.0 = Debug|x64
		{B6408E29-14A7-4B29-B527-19AEFDF939F2}.Debug|x64.ActiveCfg = Debug|x64
		{B6408E29-14A7-4B29-B527-19AEFDF939F2}.Debug|x64.Build.0 = Debug|x64
		{B6408E29-14A7-4B29-B527-19AEFDF939F2}.Debug|x86.ActiveCfg = Debug|x86
		{B6408E29-14A7-4B29-B527-19AEFDF939F2}.Debug|x86.Build.0 = Debug|x86
		{B6408E29-14A7-4B29-B527-19AEFDF939F2}.Profile|Any CPU.ActiveCfg = Release|x64
		{B6408E29-14A7-4B29-B527-19AEFDF939F2}.Profile|Mixed Platforms.ActiveCfg = Release|x64
		{B6408E29-14A7-4B29-B527-19AEFDF939F2}.Profile|Mixed Platforms.Build.0 = Release|x64
		{B6408E29-14A7-4B29-B527-19AEFDF939F2}.Profile|x64.ActiveCfg = Release|x64
		{B6408E29-14A7-4B29-B527-19AEFDF939F2}.Profile|x64.Build.0 = Release|x64
		{B6408E29-14A7-4B29-B527-19AEFDF939F2}.Profile|x86.ActiveCfg = Release|x64
		{B6408E29-14A7-4B29-B527-19AEFDF939F2}.Release|Any CPU.ActiveCfg = Release|Any CPU
		{B6408E29-14A7-4B29-B527-19AEFDF939F2}.Release|Any CPU.Build.0 = Release|Any CPU
		{B6408E29-14A7-4B29-B527-19AEFDF939F2}.Release|Mixed Platforms.ActiveCfg = Release|x64
		{B6408E29-14A7-4B29-B527-19AEFDF939F2}.Release|Mixed Platforms.Build.0 = Release|x64
		{B6408E29-14A7-4B29-B527-19AEFDF939F2}.Release|x64.ActiveCfg = Release|x64
		{B6408E29-14A7-4B29-B527-19AEFDF939F2}.Release|x64.Build.0 = Release|x64
		{B6408E29-14A7-4B29-B527-19AEFDF939F2}.Release|x86.ActiveCfg = Release|x86
		{B6408E29-14A7-4B29-B527-19AEFDF939F2}.Release|x86.Build.0 = Release|x86
		{B741A6E5-1850-49B7-9129-29AF1EA44686}.Debug|Any CPU.ActiveCfg = Debug|x86
		{B741A6E5-1850-49B7-9129-29AF1EA44686}.Debug|Any CPU.Build.0 = Debug|x86
		{B741A6E5-1850-49B7-9129-29AF1EA44686}.Debug|Mixed Platforms.ActiveCfg = Debug|x64
		{B741A6E5-1850-49B7-9129-29AF1EA44686}.Debug|Mixed Platforms.Build.0 = Debug|x64
		{B741A6E5-1850-49B7-9129-29AF1EA44686}.Debug|x64.ActiveCfg = Debug|x64
		{B741A6E5-1850-49B7-9129-29AF1EA44686}.Debug|x64.Build.0 = Debug|x64
		{B741A6E5-1850-49B7-9129-29AF1EA44686}.Debug|x86.ActiveCfg = Debug|x86
		{B741A6E5-1850-49B7-9129-29AF1EA44686}.Profile|Any CPU.ActiveCfg = Release|x86
		{B741A6E5-1850-49B7-9129-29AF1EA44686}.Profile|Mixed Platforms.ActiveCfg = Release|x86
		{B741A6E5-1850-49B7-9129-29AF1EA44686}.Profile|Mixed Platforms.Build.0 = Release|x86
		{B741A6E5-1850-49B7-9129-29AF1EA44686}.Profile|x64.ActiveCfg = Release|x86
		{B741A6E5-1850-49B7-9129-29AF1EA44686}.Profile|x86.ActiveCfg = Release|x86
		{B741A6E5-1850-49B7-9129-29AF1EA44686}.Profile|x86.Build.0 = Release|x86
		{B741A6E5-1850-49B7-9129-29AF1EA44686}.Release|Any CPU.ActiveCfg = Release|x86
		{B741A6E5-1850-49B7-9129-29AF1EA44686}.Release|Any CPU.Build.0 = Release|x86
		{B741A6E5-1850-49B7-9129-29AF1EA44686}.Release|Mixed Platforms.ActiveCfg = Release|x86
		{B741A6E5-1850-49B7-9129-29AF1EA44686}.Release|Mixed Platforms.Build.0 = Release|x86
		{B741A6E5-1850-49B7-9129-29AF1EA44686}.Release|x64.ActiveCfg = Release|x64
		{B741A6E5-1850-49B7-9129-29AF1EA44686}.Release|x64.Build.0 = Release|x64
		{B741A6E5-1850-49B7-9129-29AF1EA44686}.Release|x86.ActiveCfg = Release|x86
		{B741A6E5-1850-49B7-9129-29AF1EA44686}.Release|x86.Build.0 = Release|x86
		{10594C0B-7AF5-44A6-901A-4695457E2FD9}.Debug|Any CPU.ActiveCfg = Debug|x86
		{10594C0B-7AF5-44A6-901A-4695457E2FD9}.Debug|Any CPU.Build.0 = Debug|x86
		{10594C0B-7AF5-44A6-901A-4695457E2FD9}.Debug|Mixed Platforms.ActiveCfg = Debug|x86
		{10594C0B-7AF5-44A6-901A-4695457E2FD9}.Debug|Mixed Platforms.Build.0 = Debug|x86
		{10594C0B-7AF5-44A6-901A-4695457E2FD9}.Debug|x64.ActiveCfg = Debug|x64
		{10594C0B-7AF5-44A6-901A-4695457E2FD9}.Debug|x64.Build.0 = Debug|x64
		{10594C0B-7AF5-44A6-901A-4695457E2FD9}.Debug|x86.ActiveCfg = Debug|x86
		{10594C0B-7AF5-44A6-901A-4695457E2FD9}.Debug|x86.Build.0 = Debug|x86
		{10594C0B-7AF5-44A6-901A-4695457E2FD9}.Profile|Any CPU.ActiveCfg = Release|x86
		{10594C0B-7AF5-44A6-901A-4695457E2FD9}.Profile|Mixed Platforms.ActiveCfg = Release|x86
		{10594C0B-7AF5-44A6-901A-4695457E2FD9}.Profile|Mixed Platforms.Build.0 = Release|x86
		{10594C0B-7AF5-44A6-901A-4695457E2FD9}.Profile|x64.ActiveCfg = Release|x86
		{10594C0B-7AF5-44A6-901A-4695457E2FD9}.Profile|x86.ActiveCfg = Release|x86
		{10594C0B-7AF5-44A6-901A-4695457E2FD9}.Profile|x86.Build.0 = Release|x86
		{10594C0B-7AF5-44A6-901A-4695457E2FD9}.Release|Any CPU.ActiveCfg = Release|x86
		{10594C0B-7AF5-44A6-901A-4695457E2FD9}.Release|Any CPU.Build.0 = Release|x86
		{10594C0B-7AF5-44A6-901A-4695457E2FD9}.Release|Mixed Platforms.ActiveCfg = Release|x86
		{10594C0B-7AF5-44A6-901A-4695457E2FD9}.Release|Mixed Platforms.Build.0 = Release|x86
		{10594C0B-7AF5-44A6-901A-4695457E2FD9}.Release|x64.ActiveCfg = Release|x64
		{10594C0B-7AF5-44A6-901A-4695457E2FD9}.Release|x64.Build.0 = Release|x64
		{10594C0B-7AF5-44A6-901A-4695457E2FD9}.Release|x86.ActiveCfg = Release|x86
		{10594C0B-7AF5-44A6-901A-4695457E2FD9}.Release|x86.Build.0 = Release|x86
		{5800906F-18A5-454B-B393-DD76AED7CE8B}.Debug|Any CPU.ActiveCfg = Debug|x86
		{5800906F-18A5-454B-B393-DD76AED7CE8B}.Debug|Any CPU.Build.0 = Debug|x86
		{5800906F-18A5-454B-B393-DD76AED7CE8B}.Debug|Mixed Platforms.ActiveCfg = Debug|x64
		{5800906F-18A5-454B-B393-DD76AED7CE8B}.Debug|Mixed Platforms.Build.0 = Debug|x64
		{5800906F-18A5-454B-B393-DD76AED7CE8B}.Debug|x64.ActiveCfg = Debug|x64
		{5800906F-18A5-454B-B393-DD76AED7CE8B}.Debug|x64.Build.0 = Debug|x64
		{5800906F-18A5-454B-B393-DD76AED7CE8B}.Debug|x86.ActiveCfg = Debug|x86
		{5800906F-18A5-454B-B393-DD76AED7CE8B}.Profile|Any CPU.ActiveCfg = Release|x86
		{5800906F-18A5-454B-B393-DD76AED7CE8B}.Profile|Mixed Platforms.ActiveCfg = Release|x86
		{5800906F-18A5-454B-B393-DD76AED7CE8B}.Profile|Mixed Platforms.Build.0 = Release|x86
		{5800906F-18A5-454B-B393-DD76AED7CE8B}.Profile|x64.ActiveCfg = Release|x86
		{5800906F-18A5-454B-B393-DD76AED7CE8B}.Profile|x86.ActiveCfg = Release|x86
		{5800906F-18A5-454B-B393-DD76AED7CE8B}.Profile|x86.Build.0 = Release|x86
		{5800906F-18A5-454B-B393-DD76AED7CE8B}.Release|Any CPU.ActiveCfg = Release|x86
		{5800906F-18A5-454B-B393-DD76AED7CE8B}.Release|Any CPU.Build.0 = Release|x86
		{5800906F-18A5-454B-B393-DD76AED7CE8B}.Release|Mixed Platforms.ActiveCfg = Release|x86
		{5800906F-18A5-454B-B393-DD76AED7CE8B}.Release|Mixed Platforms.Build.0 = Release|x86
		{5800906F-18A5-454B-B393-DD76AED7CE8B}.Release|x64.ActiveCfg = Release|x86
		{5800906F-18A5-454B-B393-DD76AED7CE8B}.Release|x64.Build.0 = Release|x86
		{5800906F-18A5-454B-B393-DD76AED7CE8B}.Release|x86.ActiveCfg = Release|x86
		{5800906F-18A5-454B-B393-DD76AED7CE8B}.Release|x86.Build.0 = Release|x86
		{2AA334BB-68D9-430F-A357-4E4EE916E75E}.Debug|Any CPU.ActiveCfg = Debug|x86
		{2AA334BB-68D9-430F-A357-4E4EE916E75E}.Debug|Mixed Platforms.ActiveCfg = Debug|x64
		{2AA334BB-68D9-430F-A357-4E4EE916E75E}.Debug|x64.ActiveCfg = Debug|x64
		{2AA334BB-68D9-430F-A357-4E4EE916E75E}.Debug|x86.ActiveCfg = Debug|x86
		{2AA334BB-68D9-430F-A357-4E4EE916E75E}.Profile|Any CPU.ActiveCfg = Release|x86
		{2AA334BB-68D9-430F-A357-4E4EE916E75E}.Profile|Mixed Platforms.ActiveCfg = Release|x86
		{2AA334BB-68D9-430F-A357-4E4EE916E75E}.Profile|Mixed Platforms.Build.0 = Release|x86
		{2AA334BB-68D9-430F-A357-4E4EE916E75E}.Profile|x64.ActiveCfg = Release|x86
		{2AA334BB-68D9-430F-A357-4E4EE916E75E}.Profile|x86.ActiveCfg = Release|x86
		{2AA334BB-68D9-430F-A357-4E4EE916E75E}.Profile|x86.Build.0 = Release|x86
		{2AA334BB-68D9-430F-A357-4E4EE916E75E}.Release|Any CPU.ActiveCfg = Release|x86
		{2AA334BB-68D9-430F-A357-4E4EE916E75E}.Release|Mixed Platforms.ActiveCfg = Release|x86
		{2AA334BB-68D9-430F-A357-4E4EE916E75E}.Release|Mixed Platforms.Build.0 = Release|x86
		{2AA334BB-68D9-430F-A357-4E4EE916E75E}.Release|x64.ActiveCfg = Release|x86
		{2AA334BB-68D9-430F-A357-4E4EE916E75E}.Release|x86.ActiveCfg = Release|x86
		{2AA334BB-68D9-430F-A357-4E4EE916E75E}.Release|x86.Build.0 = Release|x86
		{4609B718-96F6-4755-997C-AE7AF5BCBD0F}.Debug|Any CPU.ActiveCfg = Debug|x86
		{4609B718-96F6-4755-997C-AE7AF5BCBD0F}.Debug|Any CPU.Build.0 = Debug|x86
		{4609B718-96F6-4755-997C-AE7AF5BCBD0F}.Debug|Mixed Platforms.ActiveCfg = Debug|x64
		{4609B718-96F6-4755-997C-AE7AF5BCBD0F}.Debug|Mixed Platforms.Build.0 = Debug|x64
		{4609B718-96F6-4755-997C-AE7AF5BCBD0F}.Debug|x64.ActiveCfg = Debug|x64
		{4609B718-96F6-4755-997C-AE7AF5BCBD0F}.Debug|x64.Build.0 = Debug|x64
		{4609B718-96F6-4755-997C-AE7AF5BCBD0F}.Debug|x86.ActiveCfg = Debug|x86
		{4609B718-96F6-4755-997C-AE7AF5BCBD0F}.Profile|Any CPU.ActiveCfg = Release|x86
		{4609B718-96F6-4755-997C-AE7AF5BCBD0F}.Profile|Mixed Platforms.ActiveCfg = Release|x86
		{4609B718-96F6-4755-997C-AE7AF5BCBD0F}.Profile|Mixed Platforms.Build.0 = Release|x86
		{4609B718-96F6-4755-997C-AE7AF5BCBD0F}.Profile|x64.ActiveCfg = Release|x86
		{4609B718-96F6-4755-997C-AE7AF5BCBD0F}.Profile|x86.ActiveCfg = Release|x86
		{4609B718-96F6-4755-997C-AE7AF5BCBD0F}.Profile|x86.Build.0 = Release|x86
		{4609B718-96F6-4755-997C-AE7AF5BCBD0F}.Release|Any CPU.ActiveCfg = Release|x86
		{4609B718-96F6-4755-997C-AE7AF5BCBD0F}.Release|Any CPU.Build.0 = Release|x86
		{4609B718-96F6-4755-997C-AE7AF5BCBD0F}.Release|Mixed Platforms.ActiveCfg = Release|x86
		{4609B718-96F6-4755-997C-AE7AF5BCBD0F}.Release|Mixed Platforms.Build.0 = Release|x86
		{4609B718-96F6-4755-997C-AE7AF5BCBD0F}.Release|x64.ActiveCfg = Release|x64
		{4609B718-96F6-4755-997C-AE7AF5BCBD0F}.Release|x64.Build.0 = Release|x64
		{4609B718-96F6-4755-997C-AE7AF5BCBD0F}.Release|x86.ActiveCfg = Release|x86
		{4609B718-96F6-4755-997C-AE7AF5BCBD0F}.Release|x86.Build.0 = Release|x86
		{C053A954-6E1B-49CA-92EC-607D5BA88103}.Debug|Any CPU.ActiveCfg = Debug|x86
		{C053A954-6E1B-49CA-92EC-607D5BA88103}.Debug|Any CPU.Build.0 = Debug|x86
		{C053A954-6E1B-49CA-92EC-607D5BA88103}.Debug|Mixed Platforms.ActiveCfg = Debug|x86
		{C053A954-6E1B-49CA-92EC-607D5BA88103}.Debug|Mixed Platforms.Build.0 = Debug|x86
		{C053A954-6E1B-49CA-92EC-607D5BA88103}.Debug|x64.ActiveCfg = Debug|x64
		{C053A954-6E1B-49CA-92EC-607D5BA88103}.Debug|x64.Build.0 = Debug|x64
		{C053A954-6E1B-49CA-92EC-607D5BA88103}.Debug|x86.ActiveCfg = Debug|x86
		{C053A954-6E1B-49CA-92EC-607D5BA88103}.Profile|Any CPU.ActiveCfg = Release|x86
		{C053A954-6E1B-49CA-92EC-607D5BA88103}.Profile|Mixed Platforms.ActiveCfg = Release|x86
		{C053A954-6E1B-49CA-92EC-607D5BA88103}.Profile|Mixed Platforms.Build.0 = Release|x86
		{C053A954-6E1B-49CA-92EC-607D5BA88103}.Profile|x64.ActiveCfg = Release|x86
		{C053A954-6E1B-49CA-92EC-607D5BA88103}.Profile|x86.ActiveCfg = Release|x86
		{C053A954-6E1B-49CA-92EC-607D5BA88103}.Profile|x86.Build.0 = Release|x86
		{C053A954-6E1B-49CA-92EC-607D5BA88103}.Release|Any CPU.ActiveCfg = Release|x86
		{C053A954-6E1B-49CA-92EC-607D5BA88103}.Release|Any CPU.Build.0 = Release|x86
		{C053A954-6E1B-49CA-92EC-607D5BA88103}.Release|Mixed Platforms.ActiveCfg = Release|x86
		{C053A954-6E1B-49CA-92EC-607D5BA88103}.Release|Mixed Platforms.Build.0 = Release|x86
		{C053A954-6E1B-49CA-92EC-607D5BA88103}.Release|x64.ActiveCfg = Release|x64
		{C053A954-6E1B-49CA-92EC-607D5BA88103}.Release|x86.ActiveCfg = Release|x86
		{C053A954-6E1B-49CA-92EC-607D5BA88103}.Release|x86.Build.0 = Release|x86
		{544CA9EF-FD80-4514-922F-86BB596A95F4}.Debug|Any CPU.ActiveCfg = Debug|x86
		{544CA9EF-FD80-4514-922F-86BB596A95F4}.Debug|Any CPU.Build.0 = Debug|x86
		{544CA9EF-FD80-4514-922F-86BB596A95F4}.Debug|Mixed Platforms.ActiveCfg = Debug|x86
		{544CA9EF-FD80-4514-922F-86BB596A95F4}.Debug|Mixed Platforms.Build.0 = Debug|x86
		{544CA9EF-FD80-4514-922F-86BB596A95F4}.Debug|x64.ActiveCfg = Debug|x64
		{544CA9EF-FD80-4514-922F-86BB596A95F4}.Debug|x64.Build.0 = Debug|x64
		{544CA9EF-FD80-4514-922F-86BB596A95F4}.Debug|x86.ActiveCfg = Debug|x86
		{544CA9EF-FD80-4514-922F-86BB596A95F4}.Debug|x86.Build.0 = Debug|x86
		{544CA9EF-FD80-4514-922F-86BB596A95F4}.Profile|Any CPU.ActiveCfg = Release|x86
		{544CA9EF-FD80-4514-922F-86BB596A95F4}.Profile|Mixed Platforms.ActiveCfg = Release|x86
		{544CA9EF-FD80-4514-922F-86BB596A95F4}.Profile|Mixed Platforms.Build.0 = Release|x86
		{544CA9EF-FD80-4514-922F-86BB596A95F4}.Profile|x64.ActiveCfg = Release|x86
		{544CA9EF-FD80-4514-922F-86BB596A95F4}.Profile|x86.ActiveCfg = Release|x86
		{544CA9EF-FD80-4514-922F-86BB596A95F4}.Profile|x86.Build.0 = Release|x86
		{544CA9EF-FD80-4514-922F-86BB596A95F4}.Release|Any CPU.ActiveCfg = Release|x86
		{544CA9EF-FD80-4514-922F-86BB596A95F4}.Release|Mixed Platforms.ActiveCfg = Release|x86
		{544CA9EF-FD80-4514-922F-86BB596A95F4}.Release|Mixed Platforms.Build.0 = Release|x86
		{544CA9EF-FD80-4514-922F-86BB596A95F4}.Release|x64.ActiveCfg = Release|x64
		{544CA9EF-FD80-4514-922F-86BB596A95F4}.Release|x64.Build.0 = Release|x64
		{544CA9EF-FD80-4514-922F-86BB596A95F4}.Release|x86.ActiveCfg = Release|x86
		{544CA9EF-FD80-4514-922F-86BB596A95F4}.Release|x86.Build.0 = Release|x86
		{18FCEB17-3BCF-4A06-BCC0-30BD6553692A}.Debug|Any CPU.ActiveCfg = Debug|x86
		{18FCEB17-3BCF-4A06-BCC0-30BD6553692A}.Debug|Any CPU.Build.0 = Debug|x86
		{18FCEB17-3BCF-4A06-BCC0-30BD6553692A}.Debug|Mixed Platforms.ActiveCfg = Debug|x86
		{18FCEB17-3BCF-4A06-BCC0-30BD6553692A}.Debug|Mixed Platforms.Build.0 = Debug|x86
		{18FCEB17-3BCF-4A06-BCC0-30BD6553692A}.Debug|x64.ActiveCfg = Debug|x64
		{18FCEB17-3BCF-4A06-BCC0-30BD6553692A}.Debug|x64.Build.0 = Debug|x64
		{18FCEB17-3BCF-4A06-BCC0-30BD6553692A}.Debug|x86.ActiveCfg = Debug|x86
		{18FCEB17-3BCF-4A06-BCC0-30BD6553692A}.Debug|x86.Build.0 = Debug|x86
		{18FCEB17-3BCF-4A06-BCC0-30BD6553692A}.Profile|Any CPU.ActiveCfg = Release|x86
		{18FCEB17-3BCF-4A06-BCC0-30BD6553692A}.Profile|Mixed Platforms.ActiveCfg = Release|x86
		{18FCEB17-3BCF-4A06-BCC0-30BD6553692A}.Profile|Mixed Platforms.Build.0 = Release|x86
		{18FCEB17-3BCF-4A06-BCC0-30BD6553692A}.Profile|x64.ActiveCfg = Release|x86
		{18FCEB17-3BCF-4A06-BCC0-30BD6553692A}.Profile|x86.ActiveCfg = Release|x86
		{18FCEB17-3BCF-4A06-BCC0-30BD6553692A}.Profile|x86.Build.0 = Release|x86
		{18FCEB17-3BCF-4A06-BCC0-30BD6553692A}.Release|Any CPU.ActiveCfg = Release|x86
		{18FCEB17-3BCF-4A06-BCC0-30BD6553692A}.Release|Mixed Platforms.ActiveCfg = Release|x86
		{18FCEB17-3BCF-4A06-BCC0-30BD6553692A}.Release|Mixed Platforms.Build.0 = Release|x86
		{18FCEB17-3BCF-4A06-BCC0-30BD6553692A}.Release|x64.ActiveCfg = Release|x64
		{18FCEB17-3BCF-4A06-BCC0-30BD6553692A}.Release|x64.Build.0 = Release|x64
		{18FCEB17-3BCF-4A06-BCC0-30BD6553692A}.Release|x86.ActiveCfg = Release|x86
		{18FCEB17-3BCF-4A06-BCC0-30BD6553692A}.Release|x86.Build.0 = Release|x86
		{92BF3886-D1E8-4832-AAD4-C5C6BC17816E}.Debug|Any CPU.ActiveCfg = Debug|x86
		{92BF3886-D1E8-4832-AAD4-C5C6BC17816E}.Debug|Any CPU.Build.0 = Debug|x86
		{92BF3886-D1E8-4832-AAD4-C5C6BC17816E}.Debug|Mixed Platforms.ActiveCfg = Debug|x86
		{92BF3886-D1E8-4832-AAD4-C5C6BC17816E}.Debug|Mixed Platforms.Build.0 = Debug|x86
		{92BF3886-D1E8-4832-AAD4-C5C6BC17816E}.Debug|x64.ActiveCfg = Debug|x64
		{92BF3886-D1E8-4832-AAD4-C5C6BC17816E}.Debug|x64.Build.0 = Debug|x64
		{92BF3886-D1E8-4832-AAD4-C5C6BC17816E}.Debug|x86.ActiveCfg = Debug|x86
		{92BF3886-D1E8-4832-AAD4-C5C6BC17816E}.Debug|x86.Build.0 = Debug|x86
		{92BF3886-D1E8-4832-AAD4-C5C6BC17816E}.Profile|Any CPU.ActiveCfg = Release|x86
		{92BF3886-D1E8-4832-AAD4-C5C6BC17816E}.Profile|Mixed Platforms.ActiveCfg = Release|x86
		{92BF3886-D1E8-4832-AAD4-C5C6BC17816E}.Profile|Mixed Platforms.Build.0 = Release|x86
		{92BF3886-D1E8-4832-AAD4-C5C6BC17816E}.Profile|x64.ActiveCfg = Release|x86
		{92BF3886-D1E8-4832-AAD4-C5C6BC17816E}.Profile|x86.ActiveCfg = Release|x86
		{92BF3886-D1E8-4832-AAD4-C5C6BC17816E}.Profile|x86.Build.0 = Release|x86
		{92BF3886-D1E8-4832-AAD4-C5C6BC17816E}.Release|Any CPU.ActiveCfg = Release|x86
		{92BF3886-D1E8-4832-AAD4-C5C6BC17816E}.Release|Mixed Platforms.ActiveCfg = Release|x86
		{92BF3886-D1E8-4832-AAD4-C5C6BC17816E}.Release|Mixed Platforms.Build.0 = Release|x86
		{92BF3886-D1E8-4832-AAD4-C5C6BC17816E}.Release|x64.ActiveCfg = Release|x86
		{92BF3886-D1E8-4832-AAD4-C5C6BC17816E}.Release|x64.Build.0 = Release|x86
		{92BF3886-D1E8-4832-AAD4-C5C6BC17816E}.Release|x86.ActiveCfg = Release|x86
		{92BF3886-D1E8-4832-AAD4-C5C6BC17816E}.Release|x86.Build.0 = Release|x86
		{658D3EA5-AB74-42D2-A08C-AAA3780FCCBE}.Debug|Any CPU.ActiveCfg = Debug|x86
		{658D3EA5-AB74-42D2-A08C-AAA3780FCCBE}.Debug|Any CPU.Build.0 = Debug|x86
		{658D3EA5-AB74-42D2-A08C-AAA3780FCCBE}.Debug|Mixed Platforms.ActiveCfg = Debug|x86
		{658D3EA5-AB74-42D2-A08C-AAA3780FCCBE}.Debug|Mixed Platforms.Build.0 = Debug|x86
		{658D3EA5-AB74-42D2-A08C-AAA3780FCCBE}.Debug|x64.ActiveCfg = Debug|x64
		{658D3EA5-AB74-42D2-A08C-AAA3780FCCBE}.Debug|x64.Build.0 = Debug|x64
		{658D3EA5-AB74-42D2-A08C-AAA3780FCCBE}.Debug|x86.ActiveCfg = Debug|x86
		{658D3EA5-AB74-42D2-A08C-AAA3780FCCBE}.Debug|x86.Build.0 = Debug|x86
		{658D3EA5-AB74-42D2-A08C-AAA3780FCCBE}.Profile|Any CPU.ActiveCfg = Release|x86
		{658D3EA5-AB74-42D2-A08C-AAA3780FCCBE}.Profile|Mixed Platforms.ActiveCfg = Release|x86
		{658D3EA5-AB74-42D2-A08C-AAA3780FCCBE}.Profile|Mixed Platforms.Build.0 = Release|x86
		{658D3EA5-AB74-42D2-A08C-AAA3780FCCBE}.Profile|x64.ActiveCfg = Release|x86
		{658D3EA5-AB74-42D2-A08C-AAA3780FCCBE}.Profile|x86.ActiveCfg = Release|x86
		{658D3EA5-AB74-42D2-A08C-AAA3780FCCBE}.Profile|x86.Build.0 = Release|x86
		{658D3EA5-AB74-42D2-A08C-AAA3780FCCBE}.Release|Any CPU.ActiveCfg = Release|x86
		{658D3EA5-AB74-42D2-A08C-AAA3780FCCBE}.Release|Mixed Platforms.ActiveCfg = Release|x86
		{658D3EA5-AB74-42D2-A08C-AAA3780FCCBE}.Release|Mixed Platforms.Build.0 = Release|x86
		{658D3EA5-AB74-42D2-A08C-AAA3780FCCBE}.Release|x64.ActiveCfg = Release|x64
		{658D3EA5-AB74-42D2-A08C-AAA3780FCCBE}.Release|x64.Build.0 = Release|x64
		{658D3EA5-AB74-42D2-A08C-AAA3780FCCBE}.Release|x86.ActiveCfg = Release|x86
		{658D3EA5-AB74-42D2-A08C-AAA3780FCCBE}.Release|x86.Build.0 = Release|x86
		{B565481B-96F6-4DBB-A6C7-001B3F9D2D14}.Debug|Any CPU.ActiveCfg = Debug|Win32
		{B565481B-96F6-4DBB-A6C7-001B3F9D2D14}.Debug|Any CPU.Build.0 = Debug|Win32
		{B565481B-96F6-4DBB-A6C7-001B3F9D2D14}.Debug|Mixed Platforms.ActiveCfg = Debug|x64
		{B565481B-96F6-4DBB-A6C7-001B3F9D2D14}.Debug|Mixed Platforms.Build.0 = Debug|x64
		{B565481B-96F6-4DBB-A6C7-001B3F9D2D14}.Debug|x64.ActiveCfg = Debug|x64
		{B565481B-96F6-4DBB-A6C7-001B3F9D2D14}.Debug|x64.Build.0 = Debug|x64
		{B565481B-96F6-4DBB-A6C7-001B3F9D2D14}.Debug|x86.ActiveCfg = Debug|Win32
		{B565481B-96F6-4DBB-A6C7-001B3F9D2D14}.Profile|Any CPU.ActiveCfg = Release|x64
		{B565481B-96F6-4DBB-A6C7-001B3F9D2D14}.Profile|Mixed Platforms.ActiveCfg = Release|x64
		{B565481B-96F6-4DBB-A6C7-001B3F9D2D14}.Profile|Mixed Platforms.Build.0 = Release|x64
		{B565481B-96F6-4DBB-A6C7-001B3F9D2D14}.Profile|x64.ActiveCfg = Release|x64
		{B565481B-96F6-4DBB-A6C7-001B3F9D2D14}.Profile|x64.Build.0 = Release|x64
		{B565481B-96F6-4DBB-A6C7-001B3F9D2D14}.Profile|x86.ActiveCfg = Release|x64
		{B565481B-96F6-4DBB-A6C7-001B3F9D2D14}.Release|Any CPU.ActiveCfg = Release|Win32
		{B565481B-96F6-4DBB-A6C7-001B3F9D2D14}.Release|Mixed Platforms.ActiveCfg = Release|Win32
		{B565481B-96F6-4DBB-A6C7-001B3F9D2D14}.Release|Mixed Platforms.Build.0 = Release|Win32
		{B565481B-96F6-4DBB-A6C7-001B3F9D2D14}.Release|x64.ActiveCfg = Release|x64
		{B565481B-96F6-4DBB-A6C7-001B3F9D2D14}.Release|x86.ActiveCfg = Release|Win32
		{D0CC5DC0-D81A-4976-9042-8A3B5427148B}.Debug|Any CPU.ActiveCfg = Debug|x86
		{D0CC5DC0-D81A-4976-9042-8A3B5427148B}.Debug|Any CPU.Build.0 = Debug|x86
		{D0CC5DC0-D81A-4976-9042-8A3B5427148B}.Debug|Mixed Platforms.ActiveCfg = Debug|x64
		{D0CC5DC0-D81A-4976-9042-8A3B5427148B}.Debug|Mixed Platforms.Build.0 = Debug|x64
		{D0CC5DC0-D81A-4976-9042-8A3B5427148B}.Debug|x64.ActiveCfg = Debug|x64
		{D0CC5DC0-D81A-4976-9042-8A3B5427148B}.Debug|x64.Build.0 = Debug|x64
		{D0CC5DC0-D81A-4976-9042-8A3B5427148B}.Debug|x86.ActiveCfg = Debug|x86
		{D0CC5DC0-D81A-4976-9042-8A3B5427148B}.Profile|Any CPU.ActiveCfg = Release|x64
		{D0CC5DC0-D81A-4976-9042-8A3B5427148B}.Profile|Mixed Platforms.ActiveCfg = Release|x64
		{D0CC5DC0-D81A-4976-9042-8A3B5427148B}.Profile|Mixed Platforms.Build.0 = Release|x64
		{D0CC5DC0-D81A-4976-9042-8A3B5427148B}.Profile|x64.ActiveCfg = Release|x64
		{D0CC5DC0-D81A-4976-9042-8A3B5427148B}.Profile|x64.Build.0 = Release|x64
		{D0CC5DC0-D81A-4976-9042-8A3B5427148B}.Profile|x86.ActiveCfg = Release|x64
		{D0CC5DC0-D81A-4976-9042-8A3B5427148B}.Release|Any CPU.ActiveCfg = Release|Any CPU
		{D0CC5DC0-D81A-4976-9042-8A3B5427148B}.Release|Any CPU.Build.0 = Release|Any CPU
		{D0CC5DC0-D81A-4976-9042-8A3B5427148B}.Release|Mixed Platforms.ActiveCfg = Release|x64
		{D0CC5DC0-D81A-4976-9042-8A3B5427148B}.Release|Mixed Platforms.Build.0 = Release|x64
		{D0CC5DC0-D81A-4976-9042-8A3B5427148B}.Release|x64.ActiveCfg = Release|x64
		{D0CC5DC0-D81A-4976-9042-8A3B5427148B}.Release|x86.ActiveCfg = Release|x86
		{D0CC5DC0-D81A-4976-9042-8A3B5427148B}.Release|x86.Build.0 = Release|x86
		{DE53DB89-696C-4979-8BEA-6DCD30171684}.Debug|Any CPU.ActiveCfg = Debug|x86
		{DE53DB89-696C-4979-8BEA-6DCD30171684}.Debug|Any CPU.Build.0 = Debug|x86
		{DE53DB89-696C-4979-8BEA-6DCD30171684}.Debug|Mixed Platforms.ActiveCfg = Debug|x86
		{DE53DB89-696C-4979-8BEA-6DCD30171684}.Debug|Mixed Platforms.Build.0 = Debug|x86
		{DE53DB89-696C-4979-8BEA-6DCD30171684}.Debug|x64.ActiveCfg = Debug|x64
		{DE53DB89-696C-4979-8BEA-6DCD30171684}.Debug|x64.Build.0 = Debug|x64
		{DE53DB89-696C-4979-8BEA-6DCD30171684}.Debug|x86.ActiveCfg = Debug|x86
		{DE53DB89-696C-4979-8BEA-6DCD30171684}.Profile|Any CPU.ActiveCfg = Release|x86
		{DE53DB89-696C-4979-8BEA-6DCD30171684}.Profile|Mixed Platforms.ActiveCfg = Release|x86
		{DE53DB89-696C-4979-8BEA-6DCD30171684}.Profile|Mixed Platforms.Build.0 = Release|x86
		{DE53DB89-696C-4979-8BEA-6DCD30171684}.Profile|x64.ActiveCfg = Release|x86
		{DE53DB89-696C-4979-8BEA-6DCD30171684}.Profile|x86.ActiveCfg = Release|x86
		{DE53DB89-696C-4979-8BEA-6DCD30171684}.Profile|x86.Build.0 = Release|x86
		{DE53DB89-696C-4979-8BEA-6DCD30171684}.Release|Any CPU.ActiveCfg = Release|x86
		{DE53DB89-696C-4979-8BEA-6DCD30171684}.Release|Mixed Platforms.ActiveCfg = Release|x86
		{DE53DB89-696C-4979-8BEA-6DCD30171684}.Release|Mixed Platforms.Build.0 = Release|x86
		{DE53DB89-696C-4979-8BEA-6DCD30171684}.Release|x64.ActiveCfg = Release|x64
		{DE53DB89-696C-4979-8BEA-6DCD30171684}.Release|x64.Build.0 = Release|x64
		{DE53DB89-696C-4979-8BEA-6DCD30171684}.Release|x86.ActiveCfg = Release|x86
		{DE53DB89-696C-4979-8BEA-6DCD30171684}.Release|x86.Build.0 = Release|x86
		{371B9FA9-4C90-4AC6-A123-ACED756D6C77}.Debug|Any CPU.ActiveCfg = Debug|Win32
		{371B9FA9-4C90-4AC6-A123-ACED756D6C77}.Debug|Any CPU.Build.0 = Debug|Win32
		{371B9FA9-4C90-4AC6-A123-ACED756D6C77}.Debug|Mixed Platforms.ActiveCfg = Debug|x64
		{371B9FA9-4C90-4AC6-A123-ACED756D6C77}.Debug|Mixed Platforms.Build.0 = Debug|x64
		{371B9FA9-4C90-4AC6-A123-ACED756D6C77}.Debug|x64.ActiveCfg = Debug|x64
		{371B9FA9-4C90-4AC6-A123-ACED756D6C77}.Debug|x64.Build.0 = Debug|x64
		{371B9FA9-4C90-4AC6-A123-ACED756D6C77}.Debug|x86.ActiveCfg = Debug|Win32
		{371B9FA9-4C90-4AC6-A123-ACED756D6C77}.Profile|Any CPU.ActiveCfg = Profile|x64
		{371B9FA9-4C90-4AC6-A123-ACED756D6C77}.Profile|Mixed Platforms.ActiveCfg = Profile|x64
		{371B9FA9-4C90-4AC6-A123-ACED756D6C77}.Profile|Mixed Platforms.Build.0 = Profile|x64
		{371B9FA9-4C90-4AC6-A123-ACED756D6C77}.Profile|x64.ActiveCfg = Profile|x64
		{371B9FA9-4C90-4AC6-A123-ACED756D6C77}.Profile|x64.Build.0 = Profile|x64
		{371B9FA9-4C90-4AC6-A123-ACED756D6C77}.Profile|x86.ActiveCfg = Profile|x64
		{371B9FA9-4C90-4AC6-A123-ACED756D6C77}.Release|Any CPU.ActiveCfg = Release|x64
		{371B9FA9-4C90-4AC6-A123-ACED756D6C77}.Release|Mixed Platforms.ActiveCfg = Release|x64
		{371B9FA9-4C90-4AC6-A123-ACED756D6C77}.Release|Mixed Platforms.Build.0 = Release|x64
		{371B9FA9-4C90-4AC6-A123-ACED756D6C77}.Release|x64.ActiveCfg = Release|x64
		{371B9FA9-4C90-4AC6-A123-ACED756D6C77}.Release|x64.Build.0 = Release|x64
		{371B9FA9-4C90-4AC6-A123-ACED756D6C77}.Release|x86.ActiveCfg = Release|x64
		{882F79F3-62E7-4523-B0BA-8FA1144D565B}.Debug|Any CPU.ActiveCfg = Debug|x86
		{882F79F3-62E7-4523-B0BA-8FA1144D565B}.Debug|Any CPU.Build.0 = Debug|x86
		{882F79F3-62E7-4523-B0BA-8FA1144D565B}.Debug|Mixed Platforms.ActiveCfg = Debug|x86
		{882F79F3-62E7-4523-B0BA-8FA1144D565B}.Debug|Mixed Platforms.Build.0 = Debug|x86
		{882F79F3-62E7-4523-B0BA-8FA1144D565B}.Debug|x64.ActiveCfg = Debug|x86
		{882F79F3-62E7-4523-B0BA-8FA1144D565B}.Debug|x64.Build.0 = Debug|x86
		{882F79F3-62E7-4523-B0BA-8FA1144D565B}.Debug|x86.ActiveCfg = Debug|x86
		{882F79F3-62E7-4523-B0BA-8FA1144D565B}.Debug|x86.Build.0 = Debug|x86
		{882F79F3-62E7-4523-B0BA-8FA1144D565B}.Profile|Any CPU.ActiveCfg = Release|x86
		{882F79F3-62E7-4523-B0BA-8FA1144D565B}.Profile|Mixed Platforms.ActiveCfg = Release|x86
		{882F79F3-62E7-4523-B0BA-8FA1144D565B}.Profile|Mixed Platforms.Build.0 = Release|x86
		{882F79F3-62E7-4523-B0BA-8FA1144D565B}.Profile|x64.ActiveCfg = Release|x86
		{882F79F3-62E7-4523-B0BA-8FA1144D565B}.Profile|x86.ActiveCfg = Release|x86
		{882F79F3-62E7-4523-B0BA-8FA1144D565B}.Profile|x86.Build.0 = Release|x86
		{882F79F3-62E7-4523-B0BA-8FA1144D565B}.Release|Any CPU.ActiveCfg = Release|x86
		{882F79F3-62E7-4523-B0BA-8FA1144D565B}.Release|Mixed Platforms.ActiveCfg = Release|x86
		{882F79F3-62E7-4523-B0BA-8FA1144D565B}.Release|Mixed Platforms.Build.0 = Release|x86
		{882F79F3-62E7-4523-B0BA-8FA1144D565B}.Release|x64.ActiveCfg = Release|x86
		{882F79F3-62E7-4523-B0BA-8FA1144D565B}.Release|x64.Build.0 = Release|x86
		{882F79F3-62E7-4523-B0BA-8FA1144D565B}.Release|x86.ActiveCfg = Release|x86
		{882F79F3-62E7-4523-B0BA-8FA1144D565B}.Release|x86.Build.0 = Release|x86
		{04040D82-8A53-498E-86A6-305724AB523E}.Debug|Any CPU.ActiveCfg = Debug|x86
		{04040D82-8A53-498E-86A6-305724AB523E}.Debug|Any CPU.Build.0 = Debug|x86
		{04040D82-8A53-498E-86A6-305724AB523E}.Debug|Mixed Platforms.ActiveCfg = Debug|x86
		{04040D82-8A53-498E-86A6-305724AB523E}.Debug|Mixed Platforms.Build.0 = Debug|x86
		{04040D82-8A53-498E-86A6-305724AB523E}.Debug|x64.ActiveCfg = Debug|x64
		{04040D82-8A53-498E-86A6-305724AB523E}.Debug|x64.Build.0 = Debug|x64
		{04040D82-8A53-498E-86A6-305724AB523E}.Debug|x86.ActiveCfg = Debug|x86
		{04040D82-8A53-498E-86A6-305724AB523E}.Debug|x86.Build.0 = Debug|x86
		{04040D82-8A53-498E-86A6-305724AB523E}.Profile|Any CPU.ActiveCfg = Release|x86
		{04040D82-8A53-498E-86A6-305724AB523E}.Profile|Mixed Platforms.ActiveCfg = Release|x86
		{04040D82-8A53-498E-86A6-305724AB523E}.Profile|Mixed Platforms.Build.0 = Release|x86
		{04040D82-8A53-498E-86A6-305724AB523E}.Profile|x64.ActiveCfg = Release|x86
		{04040D82-8A53-498E-86A6-305724AB523E}.Profile|x86.ActiveCfg = Release|x86
		{04040D82-8A53-498E-86A6-305724AB523E}.Profile|x86.Build.0 = Release|x86
		{04040D82-8A53-498E-86A6-305724AB523E}.Release|Any CPU.ActiveCfg = Release|x86
		{04040D82-8A53-498E-86A6-305724AB523E}.Release|Mixed Platforms.ActiveCfg = Release|x86
		{04040D82-8A53-498E-86A6-305724AB523E}.Release|Mixed Platforms.Build.0 = Release|x86
		{04040D82-8A53-498E-86A6-305724AB523E}.Release|x64.ActiveCfg = Release|x64
		{04040D82-8A53-498E-86A6-305724AB523E}.Release|x64.Build.0 = Release|x64
		{04040D82-8A53-498E-86A6-305724AB523E}.Release|x86.ActiveCfg = Release|x86
		{04040D82-8A53-498E-86A6-305724AB523E}.Release|x86.Build.0 = Release|x86
		{17C01446-DAC5-4F86-9ACE-E535C5B37679}.Debug|Any CPU.ActiveCfg = Debug|Win32
		{17C01446-DAC5-4F86-9ACE-E535C5B37679}.Debug|Any CPU.Build.0 = Debug|Win32
		{17C01446-DAC5-4F86-9ACE-E535C5B37679}.Debug|Mixed Platforms.ActiveCfg = Debug|x64
		{17C01446-DAC5-4F86-9ACE-E535C5B37679}.Debug|Mixed Platforms.Build.0 = Debug|x64
		{17C01446-DAC5-4F86-9ACE-E535C5B37679}.Debug|x64.ActiveCfg = Debug|x64
		{17C01446-DAC5-4F86-9ACE-E535C5B37679}.Debug|x64.Build.0 = Debug|x64
		{17C01446-DAC5-4F86-9ACE-E535C5B37679}.Debug|x86.ActiveCfg = Debug|Win32
		{17C01446-DAC5-4F86-9ACE-E535C5B37679}.Profile|Any CPU.ActiveCfg = Release|Win32
		{17C01446-DAC5-4F86-9ACE-E535C5B37679}.Profile|Mixed Platforms.ActiveCfg = Release|Win32
		{17C01446-DAC5-4F86-9ACE-E535C5B37679}.Profile|Mixed Platforms.Build.0 = Release|Win32
		{17C01446-DAC5-4F86-9ACE-E535C5B37679}.Profile|x64.ActiveCfg = Release|Win32
		{17C01446-DAC5-4F86-9ACE-E535C5B37679}.Profile|x86.ActiveCfg = Release|Win32
		{17C01446-DAC5-4F86-9ACE-E535C5B37679}.Release|Any CPU.ActiveCfg = Release|Win32
		{17C01446-DAC5-4F86-9ACE-E535C5B37679}.Release|Mixed Platforms.ActiveCfg = Release|Win32
		{17C01446-DAC5-4F86-9ACE-E535C5B37679}.Release|Mixed Platforms.Build.0 = Release|Win32
		{17C01446-DAC5-4F86-9ACE-E535C5B37679}.Release|x64.ActiveCfg = Release|x64
		{17C01446-DAC5-4F86-9ACE-E535C5B37679}.Release|x64.Build.0 = Release|x64
		{17C01446-DAC5-4F86-9ACE-E535C5B37679}.Release|x86.ActiveCfg = Release|Win32
		{1495E781-2449-49A1-A54B-61FB1081ACF3}.Debug|Any CPU.ActiveCfg = Debug|x86
		{1495E781-2449-49A1-A54B-61FB1081ACF3}.Debug|Any CPU.Build.0 = Debug|x86
		{1495E781-2449-49A1-A54B-61FB1081ACF3}.Debug|Mixed Platforms.ActiveCfg = Debug|x86
		{1495E781-2449-49A1-A54B-61FB1081ACF3}.Debug|Mixed Platforms.Build.0 = Debug|x86
		{1495E781-2449-49A1-A54B-61FB1081ACF3}.Debug|x64.ActiveCfg = Debug|x64
		{1495E781-2449-49A1-A54B-61FB1081ACF3}.Debug|x64.Build.0 = Debug|x64
		{1495E781-2449-49A1-A54B-61FB1081ACF3}.Debug|x86.ActiveCfg = Debug|x86
		{1495E781-2449-49A1-A54B-61FB1081ACF3}.Profile|Any CPU.ActiveCfg = Release|Any CPU
		{1495E781-2449-49A1-A54B-61FB1081ACF3}.Profile|Any CPU.Build.0 = Release|Any CPU
		{1495E781-2449-49A1-A54B-61FB1081ACF3}.Profile|Mixed Platforms.ActiveCfg = Release|x86
		{1495E781-2449-49A1-A54B-61FB1081ACF3}.Profile|Mixed Platforms.Build.0 = Release|x86
		{1495E781-2449-49A1-A54B-61FB1081ACF3}.Profile|x64.ActiveCfg = Release|x64
		{1495E781-2449-49A1-A54B-61FB1081ACF3}.Profile|x64.Build.0 = Release|x64
		{1495E781-2449-49A1-A54B-61FB1081ACF3}.Profile|x86.ActiveCfg = Release|x86
		{1495E781-2449-49A1-A54B-61FB1081ACF3}.Profile|x86.Build.0 = Release|x86
		{1495E781-2449-49A1-A54B-61FB1081ACF3}.Release|Any CPU.ActiveCfg = Release|Any CPU
		{1495E781-2449-49A1-A54B-61FB1081ACF3}.Release|Any CPU.Build.0 = Release|Any CPU
		{1495E781-2449-49A1-A54B-61FB1081ACF3}.Release|Mixed Platforms.ActiveCfg = Release|x86
		{1495E781-2449-49A1-A54B-61FB1081ACF3}.Release|Mixed Platforms.Build.0 = Release|x86
		{1495E781-2449-49A1-A54B-61FB1081ACF3}.Release|x64.ActiveCfg = Release|x64
		{1495E781-2449-49A1-A54B-61FB1081ACF3}.Release|x64.Build.0 = Release|x64
		{1495E781-2449-49A1-A54B-61FB1081ACF3}.Release|x86.ActiveCfg = Release|x86
		{1495E781-2449-49A1-A54B-61FB1081ACF3}.Release|x86.Build.0 = Release|x86
		{BEA875B8-E28A-49C5-8E7E-6512DA65F7E1}.Debug|Any CPU.ActiveCfg = Debug|x86
		{BEA875B8-E28A-49C5-8E7E-6512DA65F7E1}.Debug|Any CPU.Build.0 = Debug|x86
		{BEA875B8-E28A-49C5-8E7E-6512DA65F7E1}.Debug|Mixed Platforms.ActiveCfg = Debug|x86
		{BEA875B8-E28A-49C5-8E7E-6512DA65F7E1}.Debug|Mixed Platforms.Build.0 = Debug|x86
		{BEA875B8-E28A-49C5-8E7E-6512DA65F7E1}.Debug|x64.ActiveCfg = Debug|Any CPU
		{BEA875B8-E28A-49C5-8E7E-6512DA65F7E1}.Debug|x64.Build.0 = Debug|Any CPU
		{BEA875B8-E28A-49C5-8E7E-6512DA65F7E1}.Debug|x86.ActiveCfg = Debug|x86
		{BEA875B8-E28A-49C5-8E7E-6512DA65F7E1}.Profile|Any CPU.ActiveCfg = Release|Any CPU
		{BEA875B8-E28A-49C5-8E7E-6512DA65F7E1}.Profile|Any CPU.Build.0 = Release|Any CPU
		{BEA875B8-E28A-49C5-8E7E-6512DA65F7E1}.Profile|Mixed Platforms.ActiveCfg = Release|x86
		{BEA875B8-E28A-49C5-8E7E-6512DA65F7E1}.Profile|Mixed Platforms.Build.0 = Release|x86
		{BEA875B8-E28A-49C5-8E7E-6512DA65F7E1}.Profile|x64.ActiveCfg = Release|x64
		{BEA875B8-E28A-49C5-8E7E-6512DA65F7E1}.Profile|x64.Build.0 = Release|x64
		{BEA875B8-E28A-49C5-8E7E-6512DA65F7E1}.Profile|x86.ActiveCfg = Release|x86
		{BEA875B8-E28A-49C5-8E7E-6512DA65F7E1}.Profile|x86.Build.0 = Release|x86
		{BEA875B8-E28A-49C5-8E7E-6512DA65F7E1}.Release|Any CPU.ActiveCfg = Release|Any CPU
		{BEA875B8-E28A-49C5-8E7E-6512DA65F7E1}.Release|Any CPU.Build.0 = Release|Any CPU
		{BEA875B8-E28A-49C5-8E7E-6512DA65F7E1}.Release|Mixed Platforms.ActiveCfg = Release|x86
		{BEA875B8-E28A-49C5-8E7E-6512DA65F7E1}.Release|Mixed Platforms.Build.0 = Release|x86
		{BEA875B8-E28A-49C5-8E7E-6512DA65F7E1}.Release|x64.ActiveCfg = Release|x64
		{BEA875B8-E28A-49C5-8E7E-6512DA65F7E1}.Release|x64.Build.0 = Release|x64
		{BEA875B8-E28A-49C5-8E7E-6512DA65F7E1}.Release|x86.ActiveCfg = Release|x86
		{BEA875B8-E28A-49C5-8E7E-6512DA65F7E1}.Release|x86.Build.0 = Release|x86
		{90664263-E456-4E2E-A22F-DA2349B42C28}.Debug|Any CPU.ActiveCfg = Debug|x86
		{90664263-E456-4E2E-A22F-DA2349B42C28}.Debug|Any CPU.Build.0 = Debug|x86
		{90664263-E456-4E2E-A22F-DA2349B42C28}.Debug|Mixed Platforms.ActiveCfg = Debug|x86
		{90664263-E456-4E2E-A22F-DA2349B42C28}.Debug|Mixed Platforms.Build.0 = Debug|x86
		{90664263-E456-4E2E-A22F-DA2349B42C28}.Debug|x64.ActiveCfg = Debug|x64
		{90664263-E456-4E2E-A22F-DA2349B42C28}.Debug|x64.Build.0 = Debug|x64
		{90664263-E456-4E2E-A22F-DA2349B42C28}.Debug|x86.ActiveCfg = Debug|x86
		{90664263-E456-4E2E-A22F-DA2349B42C28}.Profile|Any CPU.ActiveCfg = Release|x86
		{90664263-E456-4E2E-A22F-DA2349B42C28}.Profile|Mixed Platforms.ActiveCfg = Release|x86
		{90664263-E456-4E2E-A22F-DA2349B42C28}.Profile|Mixed Platforms.Build.0 = Release|x86
		{90664263-E456-4E2E-A22F-DA2349B42C28}.Profile|x64.ActiveCfg = Release|x86
		{90664263-E456-4E2E-A22F-DA2349B42C28}.Profile|x86.ActiveCfg = Release|x86
		{90664263-E456-4E2E-A22F-DA2349B42C28}.Profile|x86.Build.0 = Release|x86
		{90664263-E456-4E2E-A22F-DA2349B42C28}.Release|Any CPU.ActiveCfg = Release|x86
		{90664263-E456-4E2E-A22F-DA2349B42C28}.Release|Mixed Platforms.ActiveCfg = Release|x86
		{90664263-E456-4E2E-A22F-DA2349B42C28}.Release|Mixed Platforms.Build.0 = Release|x86
		{90664263-E456-4E2E-A22F-DA2349B42C28}.Release|x64.ActiveCfg = Release|x64
		{90664263-E456-4E2E-A22F-DA2349B42C28}.Release|x86.ActiveCfg = Release|x86
		{90664263-E456-4E2E-A22F-DA2349B42C28}.Release|x86.Build.0 = Release|x86
		{EB400C51-70B9-4809-AC8B-D8D3D6F7C5DE}.Debug|Any CPU.ActiveCfg = Debug|x86
		{EB400C51-70B9-4809-AC8B-D8D3D6F7C5DE}.Debug|Any CPU.Build.0 = Debug|x86
		{EB400C51-70B9-4809-AC8B-D8D3D6F7C5DE}.Debug|Mixed Platforms.ActiveCfg = Debug|x64
		{EB400C51-70B9-4809-AC8B-D8D3D6F7C5DE}.Debug|Mixed Platforms.Build.0 = Debug|x64
		{EB400C51-70B9-4809-AC8B-D8D3D6F7C5DE}.Debug|x64.ActiveCfg = Debug|x64
		{EB400C51-70B9-4809-AC8B-D8D3D6F7C5DE}.Debug|x64.Build.0 = Debug|x64
		{EB400C51-70B9-4809-AC8B-D8D3D6F7C5DE}.Debug|x86.ActiveCfg = Debug|x86
		{EB400C51-70B9-4809-AC8B-D8D3D6F7C5DE}.Profile|Any CPU.ActiveCfg = Release|x86
		{EB400C51-70B9-4809-AC8B-D8D3D6F7C5DE}.Profile|Mixed Platforms.ActiveCfg = Release|x86
		{EB400C51-70B9-4809-AC8B-D8D3D6F7C5DE}.Profile|Mixed Platforms.Build.0 = Release|x86
		{EB400C51-70B9-4809-AC8B-D8D3D6F7C5DE}.Profile|x64.ActiveCfg = Release|x86
		{EB400C51-70B9-4809-AC8B-D8D3D6F7C5DE}.Profile|x86.ActiveCfg = Release|x86
		{EB400C51-70B9-4809-AC8B-D8D3D6F7C5DE}.Profile|x86.Build.0 = Release|x86
		{EB400C51-70B9-4809-AC8B-D8D3D6F7C5DE}.Release|Any CPU.ActiveCfg = Release|x86
		{EB400C51-70B9-4809-AC8B-D8D3D6F7C5DE}.Release|Mixed Platforms.ActiveCfg = Release|x86
		{EB400C51-70B9-4809-AC8B-D8D3D6F7C5DE}.Release|Mixed Platforms.Build.0 = Release|x86
		{EB400C51-70B9-4809-AC8B-D8D3D6F7C5DE}.Release|x64.ActiveCfg = Release|x64
		{EB400C51-70B9-4809-AC8B-D8D3D6F7C5DE}.Release|x64.Build.0 = Release|x64
		{EB400C51-70B9-4809-AC8B-D8D3D6F7C5DE}.Release|x86.ActiveCfg = Release|x86
		{EB400C51-70B9-4809-AC8B-D8D3D6F7C5DE}.Release|x86.Build.0 = Release|x86
		{F69DD10A-13F1-46AB-84B7-EDA2402E8ACD}.Debug|Any CPU.ActiveCfg = Debug|x86
		{F69DD10A-13F1-46AB-84B7-EDA2402E8ACD}.Debug|Mixed Platforms.ActiveCfg = Debug|x86
		{F69DD10A-13F1-46AB-84B7-EDA2402E8ACD}.Debug|Mixed Platforms.Build.0 = Debug|x86
		{F69DD10A-13F1-46AB-84B7-EDA2402E8ACD}.Debug|x64.ActiveCfg = Debug|x64
		{F69DD10A-13F1-46AB-84B7-EDA2402E8ACD}.Debug|x86.ActiveCfg = Debug|x86
		{F69DD10A-13F1-46AB-84B7-EDA2402E8ACD}.Debug|x86.Build.0 = Debug|x86
		{F69DD10A-13F1-46AB-84B7-EDA2402E8ACD}.Profile|Any CPU.ActiveCfg = Release|x86
		{F69DD10A-13F1-46AB-84B7-EDA2402E8ACD}.Profile|Mixed Platforms.ActiveCfg = Release|x86
		{F69DD10A-13F1-46AB-84B7-EDA2402E8ACD}.Profile|Mixed Platforms.Build.0 = Release|x86
		{F69DD10A-13F1-46AB-84B7-EDA2402E8ACD}.Profile|x64.ActiveCfg = Release|x86
		{F69DD10A-13F1-46AB-84B7-EDA2402E8ACD}.Profile|x86.ActiveCfg = Release|x86
		{F69DD10A-13F1-46AB-84B7-EDA2402E8ACD}.Profile|x86.Build.0 = Release|x86
		{F69DD10A-13F1-46AB-84B7-EDA2402E8ACD}.Release|Any CPU.ActiveCfg = Release|x86
		{F69DD10A-13F1-46AB-84B7-EDA2402E8ACD}.Release|Mixed Platforms.ActiveCfg = Release|x86
		{F69DD10A-13F1-46AB-84B7-EDA2402E8ACD}.Release|Mixed Platforms.Build.0 = Release|x86
		{F69DD10A-13F1-46AB-84B7-EDA2402E8ACD}.Release|x64.ActiveCfg = Release|x86
		{F69DD10A-13F1-46AB-84B7-EDA2402E8ACD}.Release|x86.ActiveCfg = Release|x86
		{F69DD10A-13F1-46AB-84B7-EDA2402E8ACD}.Release|x86.Build.0 = Release|x86
		{FB223F49-DED7-4F62-844B-0CFC2AAEFCCB}.Debug|Any CPU.ActiveCfg = Debug|x86
		{FB223F49-DED7-4F62-844B-0CFC2AAEFCCB}.Debug|Any CPU.Build.0 = Debug|x86
		{FB223F49-DED7-4F62-844B-0CFC2AAEFCCB}.Debug|Mixed Platforms.ActiveCfg = Debug|x64
		{FB223F49-DED7-4F62-844B-0CFC2AAEFCCB}.Debug|Mixed Platforms.Build.0 = Debug|x64
		{FB223F49-DED7-4F62-844B-0CFC2AAEFCCB}.Debug|x64.ActiveCfg = Debug|x86
		{FB223F49-DED7-4F62-844B-0CFC2AAEFCCB}.Debug|x64.Build.0 = Debug|x86
		{FB223F49-DED7-4F62-844B-0CFC2AAEFCCB}.Debug|x86.ActiveCfg = Debug|x86
		{FB223F49-DED7-4F62-844B-0CFC2AAEFCCB}.Debug|x86.Build.0 = Debug|x86
		{FB223F49-DED7-4F62-844B-0CFC2AAEFCCB}.Profile|Any CPU.ActiveCfg = Release|x64
		{FB223F49-DED7-4F62-844B-0CFC2AAEFCCB}.Profile|Mixed Platforms.ActiveCfg = Release|x64
		{FB223F49-DED7-4F62-844B-0CFC2AAEFCCB}.Profile|Mixed Platforms.Build.0 = Release|x64
		{FB223F49-DED7-4F62-844B-0CFC2AAEFCCB}.Profile|x64.ActiveCfg = Release|x64
		{FB223F49-DED7-4F62-844B-0CFC2AAEFCCB}.Profile|x64.Build.0 = Release|x64
		{FB223F49-DED7-4F62-844B-0CFC2AAEFCCB}.Profile|x86.ActiveCfg = Release|x64
		{FB223F49-DED7-4F62-844B-0CFC2AAEFCCB}.Release|Any CPU.ActiveCfg = Release|x64
		{FB223F49-DED7-4F62-844B-0CFC2AAEFCCB}.Release|Mixed Platforms.ActiveCfg = Release|x64
		{FB223F49-DED7-4F62-844B-0CFC2AAEFCCB}.Release|Mixed Platforms.Build.0 = Release|x64
		{FB223F49-DED7-4F62-844B-0CFC2AAEFCCB}.Release|x64.ActiveCfg = Release|x86
		{FB223F49-DED7-4F62-844B-0CFC2AAEFCCB}.Release|x64.Build.0 = Release|x86
		{FB223F49-DED7-4F62-844B-0CFC2AAEFCCB}.Release|x86.ActiveCfg = Release|x86
		{FB223F49-DED7-4F62-844B-0CFC2AAEFCCB}.Release|x86.Build.0 = Release|x86
		{14B9C667-EB92-46CE-A8A6-08CC5D2B2028}.Debug|Any CPU.ActiveCfg = Debug|x86
		{14B9C667-EB92-46CE-A8A6-08CC5D2B2028}.Debug|Any CPU.Build.0 = Debug|x86
		{14B9C667-EB92-46CE-A8A6-08CC5D2B2028}.Debug|Mixed Platforms.ActiveCfg = Debug|x86
		{14B9C667-EB92-46CE-A8A6-08CC5D2B2028}.Debug|Mixed Platforms.Build.0 = Debug|x86
		{14B9C667-EB92-46CE-A8A6-08CC5D2B2028}.Debug|x64.ActiveCfg = Debug|x86
		{14B9C667-EB92-46CE-A8A6-08CC5D2B2028}.Debug|x64.Build.0 = Debug|x86
		{14B9C667-EB92-46CE-A8A6-08CC5D2B2028}.Debug|x86.ActiveCfg = Debug|x86
		{14B9C667-EB92-46CE-A8A6-08CC5D2B2028}.Debug|x86.Build.0 = Debug|x86
		{14B9C667-EB92-46CE-A8A6-08CC5D2B2028}.Profile|Any CPU.ActiveCfg = Release|x86
		{14B9C667-EB92-46CE-A8A6-08CC5D2B2028}.Profile|Mixed Platforms.ActiveCfg = Release|x86
		{14B9C667-EB92-46CE-A8A6-08CC5D2B2028}.Profile|Mixed Platforms.Build.0 = Release|x86
		{14B9C667-EB92-46CE-A8A6-08CC5D2B2028}.Profile|x64.ActiveCfg = Release|x86
		{14B9C667-EB92-46CE-A8A6-08CC5D2B2028}.Profile|x86.ActiveCfg = Release|x86
		{14B9C667-EB92-46CE-A8A6-08CC5D2B2028}.Profile|x86.Build.0 = Release|x86
		{14B9C667-EB92-46CE-A8A6-08CC5D2B2028}.Release|Any CPU.ActiveCfg = Release|x86
		{14B9C667-EB92-46CE-A8A6-08CC5D2B2028}.Release|Mixed Platforms.ActiveCfg = Release|x86
		{14B9C667-EB92-46CE-A8A6-08CC5D2B2028}.Release|Mixed Platforms.Build.0 = Release|x86
		{14B9C667-EB92-46CE-A8A6-08CC5D2B2028}.Release|x64.ActiveCfg = Release|x86
		{14B9C667-EB92-46CE-A8A6-08CC5D2B2028}.Release|x64.Build.0 = Release|x86
		{14B9C667-EB92-46CE-A8A6-08CC5D2B2028}.Release|x86.ActiveCfg = Release|x86
		{14B9C667-EB92-46CE-A8A6-08CC5D2B2028}.Release|x86.Build.0 = Release|x86
		{E56BAA99-8C8C-4087-9BD8-A7FCFD0FA2B5}.Debug|Any CPU.ActiveCfg = Debug|x86
		{E56BAA99-8C8C-4087-9BD8-A7FCFD0FA2B5}.Debug|Any CPU.Build.0 = Debug|x86
		{E56BAA99-8C8C-4087-9BD8-A7FCFD0FA2B5}.Debug|Mixed Platforms.ActiveCfg = Debug|x86
		{E56BAA99-8C8C-4087-9BD8-A7FCFD0FA2B5}.Debug|Mixed Platforms.Build.0 = Debug|x86
		{E56BAA99-8C8C-4087-9BD8-A7FCFD0FA2B5}.Debug|x64.ActiveCfg = Debug|x86
		{E56BAA99-8C8C-4087-9BD8-A7FCFD0FA2B5}.Debug|x64.Build.0 = Debug|x86
		{E56BAA99-8C8C-4087-9BD8-A7FCFD0FA2B5}.Debug|x86.ActiveCfg = Debug|x86
		{E56BAA99-8C8C-4087-9BD8-A7FCFD0FA2B5}.Debug|x86.Build.0 = Debug|x86
		{E56BAA99-8C8C-4087-9BD8-A7FCFD0FA2B5}.Profile|Any CPU.ActiveCfg = Release|x86
		{E56BAA99-8C8C-4087-9BD8-A7FCFD0FA2B5}.Profile|Mixed Platforms.ActiveCfg = Release|x86
		{E56BAA99-8C8C-4087-9BD8-A7FCFD0FA2B5}.Profile|Mixed Platforms.Build.0 = Release|x86
		{E56BAA99-8C8C-4087-9BD8-A7FCFD0FA2B5}.Profile|x64.ActiveCfg = Release|x86
		{E56BAA99-8C8C-4087-9BD8-A7FCFD0FA2B5}.Profile|x86.ActiveCfg = Release|x86
		{E56BAA99-8C8C-4087-9BD8-A7FCFD0FA2B5}.Profile|x86.Build.0 = Release|x86
		{E56BAA99-8C8C-4087-9BD8-A7FCFD0FA2B5}.Release|Any CPU.ActiveCfg = Release|x86
		{E56BAA99-8C8C-4087-9BD8-A7FCFD0FA2B5}.Release|Mixed Platforms.ActiveCfg = Release|x86
		{E56BAA99-8C8C-4087-9BD8-A7FCFD0FA2B5}.Release|Mixed Platforms.Build.0 = Release|x86
		{E56BAA99-8C8C-4087-9BD8-A7FCFD0FA2B5}.Release|x64.ActiveCfg = Release|x86
		{E56BAA99-8C8C-4087-9BD8-A7FCFD0FA2B5}.Release|x86.ActiveCfg = Release|x86
		{E56BAA99-8C8C-4087-9BD8-A7FCFD0FA2B5}.Release|x86.Build.0 = Release|x86
	EndGlobalSection
	GlobalSection(SolutionProperties) = preSolution
		HideSolutionNode = FALSE
	EndGlobalSection
EndGlobal
